{
  "version": 4,
  "terraform_version": "1.6.6",
  "serial": 6,
  "lineage": "d6091e6f-0145-d4d3-eba2-f4b1575cbd72",
  "outputs": {},
  "resources": [
    {
      "mode": "data",
      "type": "alicloud_instance_types",
      "name": "default",
      "provider": "provider[\"registry.terraform.io/aliyun/alicloud\"]",
      "instances": [
        {
          "schema_version": 0,
          "attributes": {
            "availability_zone": null,
            "cpu_core_count": null,
            "eni_amount": null,
            "gpu_amount": null,
            "gpu_spec": null,
            "id": "169862598",
            "ids": [
              "ecs.g6.26xlarge",
              "ecs.g6.13xlarge",
              "ecs.g6.2xlarge",
              "ecs.g6.large",
              "ecs.g6.xlarge",
              "ecs.g6.3xlarge",
              "ecs.g6.4xlarge",
              "ecs.g6.6xlarge",
              "ecs.g6.8xlarge"
            ],
            "image_id": null,
            "instance_charge_type": "PostPaid",
            "instance_type_family": "ecs.g6",
            "instance_types": [
              {
                "availability_zones": [
                  "eu-central-1a",
                  "eu-central-1b",
                  "eu-central-1c"
                ],
                "burstable_instance": {
                  "baseline_credit": "0",
                  "initial_credit": "0"
                },
                "cpu_core_count": 104,
                "eni_amount": 15,
                "family": "ecs.g6",
                "gpu": {
                  "amount": "0",
                  "category": ""
                },
                "id": "ecs.g6.26xlarge",
                "local_storage": {
                  "amount": "0",
                  "capacity": "0",
                  "category": ""
                },
                "memory_size": 384,
                "nvme_support": "unsupported",
                "price": ""
              },
              {
                "availability_zones": [
                  "eu-central-1a",
                  "eu-central-1b",
                  "eu-central-1c"
                ],
                "burstable_instance": {
                  "baseline_credit": "0",
                  "initial_credit": "0"
                },
                "cpu_core_count": 52,
                "eni_amount": 7,
                "family": "ecs.g6",
                "gpu": {
                  "amount": "0",
                  "category": ""
                },
                "id": "ecs.g6.13xlarge",
                "local_storage": {
                  "amount": "0",
                  "capacity": "0",
                  "category": ""
                },
                "memory_size": 192,
                "nvme_support": "unsupported",
                "price": ""
              },
              {
                "availability_zones": [
                  "eu-central-1a",
                  "eu-central-1b",
                  "eu-central-1c"
                ],
                "burstable_instance": {
                  "baseline_credit": "0",
                  "initial_credit": "0"
                },
                "cpu_core_count": 8,
                "eni_amount": 4,
                "family": "ecs.g6",
                "gpu": {
                  "amount": "0",
                  "category": ""
                },
                "id": "ecs.g6.2xlarge",
                "local_storage": {
                  "amount": "0",
                  "capacity": "0",
                  "category": ""
                },
                "memory_size": 32,
                "nvme_support": "unsupported",
                "price": ""
              },
              {
                "availability_zones": [
                  "eu-central-1a",
                  "eu-central-1b",
                  "eu-central-1c"
                ],
                "burstable_instance": {
                  "baseline_credit": "0",
                  "initial_credit": "0"
                },
                "cpu_core_count": 2,
                "eni_amount": 2,
                "family": "ecs.g6",
                "gpu": {
                  "amount": "0",
                  "category": ""
                },
                "id": "ecs.g6.large",
                "local_storage": {
                  "amount": "0",
                  "capacity": "0",
                  "category": ""
                },
                "memory_size": 8,
                "nvme_support": "unsupported",
                "price": ""
              },
              {
                "availability_zones": [
                  "eu-central-1a",
                  "eu-central-1b",
                  "eu-central-1c"
                ],
                "burstable_instance": {
                  "baseline_credit": "0",
                  "initial_credit": "0"
                },
                "cpu_core_count": 4,
                "eni_amount": 3,
                "family": "ecs.g6",
                "gpu": {
                  "amount": "0",
                  "category": ""
                },
                "id": "ecs.g6.xlarge",
                "local_storage": {
                  "amount": "0",
                  "capacity": "0",
                  "category": ""
                },
                "memory_size": 16,
                "nvme_support": "unsupported",
                "price": ""
              },
              {
                "availability_zones": [
                  "eu-central-1a",
                  "eu-central-1b",
                  "eu-central-1c"
                ],
                "burstable_instance": {
                  "baseline_credit": "0",
                  "initial_credit": "0"
                },
                "cpu_core_count": 12,
                "eni_amount": 6,
                "family": "ecs.g6",
                "gpu": {
                  "amount": "0",
                  "category": ""
                },
                "id": "ecs.g6.3xlarge",
                "local_storage": {
                  "amount": "0",
                  "capacity": "0",
                  "category": ""
                },
                "memory_size": 48,
                "nvme_support": "unsupported",
                "price": ""
              },
              {
                "availability_zones": [
                  "eu-central-1a",
                  "eu-central-1b",
                  "eu-central-1c"
                ],
                "burstable_instance": {
                  "baseline_credit": "0",
                  "initial_credit": "0"
                },
                "cpu_core_count": 16,
                "eni_amount": 8,
                "family": "ecs.g6",
                "gpu": {
                  "amount": "0",
                  "category": ""
                },
                "id": "ecs.g6.4xlarge",
                "local_storage": {
                  "amount": "0",
                  "capacity": "0",
                  "category": ""
                },
                "memory_size": 64,
                "nvme_support": "unsupported",
                "price": ""
              },
              {
                "availability_zones": [
                  "eu-central-1a",
                  "eu-central-1b",
                  "eu-central-1c"
                ],
                "burstable_instance": {
                  "baseline_credit": "0",
                  "initial_credit": "0"
                },
                "cpu_core_count": 24,
                "eni_amount": 8,
                "family": "ecs.g6",
                "gpu": {
                  "amount": "0",
                  "category": ""
                },
                "id": "ecs.g6.6xlarge",
                "local_storage": {
                  "amount": "0",
                  "capacity": "0",
                  "category": ""
                },
                "memory_size": 96,
                "nvme_support": "unsupported",
                "price": ""
              },
              {
                "availability_zones": [
                  "eu-central-1a",
                  "eu-central-1b",
                  "eu-central-1c"
                ],
                "burstable_instance": {
                  "baseline_credit": "0",
                  "initial_credit": "0"
                },
                "cpu_core_count": 32,
                "eni_amount": 8,
                "family": "ecs.g6",
                "gpu": {
                  "amount": "0",
                  "category": ""
                },
                "id": "ecs.g6.8xlarge",
                "local_storage": {
                  "amount": "0",
                  "capacity": "0",
                  "category": ""
                },
                "memory_size": 128,
                "nvme_support": "unsupported",
                "price": ""
              }
            ],
            "is_outdated": null,
            "kubernetes_node_role": null,
            "memory_size": null,
            "minimum_eni_ipv6_address_quantity": null,
            "network_type": null,
            "output_file": null,
            "sorted_by": null,
            "spot_strategy": "NoSpot",
            "system_disk_category": null
          },
          "sensitive_attributes": []
        }
      ]
    },
    {
      "mode": "managed",
      "type": "alicloud_reserved_instance",
      "name": "default",
      "provider": "provider[\"registry.terraform.io/aliyun/alicloud\"]",
      "instances": [
        {
          "schema_version": 0,
          "attributes": {
            "allocation_status": "",
            "auto_renew_period": null,
            "create_time": "2024-04-12T02:02Z",
            "description": "ReservedInstance",
            "expired_time": "2024-05-12T16:00Z",
            "id": "ecsri-gw8dyu06n5ro9slj7vu1",
            "instance_amount": 1,
            "instance_type": "ecs.g6.26xlarge",
            "name": "terraform-example",
            "offering_type": "All Upfront",
            "operation_locks": [],
            "period": null,
            "period_unit": "Month",
            "platform": "Linux",
            "renewal_status": "Normal",
            "reserved_instance_name": "terraform-example",
            "resource_group_id": "ecsri-gw8dyu06n5ro9slj7vu1",
            "scope": "Zone",
            "start_time": "2024-04-12T02:00Z",
            "status": "Active",
            "tags": null,
            "timeouts": null,
            "zone_id": "eu-central-1a"
          },
          "sensitive_attributes": [],
          "private": "eyJlMmJmYjczMC1lY2FhLTExZTYtOGY4OC0zNDM2M2JjN2M0YzAiOnsiY3JlYXRlIjo2MDAwMDAwMDAwMCwidXBkYXRlIjo2MDAwMDAwMDAwMH19",
          "dependencies": [
            "data.alicloud_instance_types.default"
          ]
        }
      ]
    }
  ],
  "check_results": null
}
