{
  "version": 4,
  "terraform_version": "1.7.5",
  "serial": 23,
  "lineage": "5434e4c8-f6b3-2cb8-4e16-eb94be65781c",
  "outputs": {},
  "resources": [
    {
      "mode": "managed",
      "type": "alicloud_resource_manager_account",
      "name": "default",
      "provider": "provider[\"registry.terraform.io/aliyun/alicloud\"]",
      "instances": [
        {
          "schema_version": 0,
          "attributes": {
            "abandon_able_check_id": null,
            "account_name_prefix": null,
            "display_name": "AliyunTerraform-39912",
            "folder_id": "r-ZhOyps",
            "id": "1287813438303702",
            "join_method": "created",
            "join_time": "2024-04-18T11:05:04.623Z",
            "modify_time": "2024-04-18T11:05:04.623Z",
            "payer_account_id": "",
            "resource_directory_id": "rd-5EeXTn",
            "status": "CreateSuccess",
            "tags": null,
            "timeouts": {
              "create": null,
              "delete": "5m",
              "update": null
            },
            "type": "ResourceAccount"
          },
          "sensitive_attributes": [],
          "private": "eyJlMmJmYjczMC1lY2FhLTExZTYtOGY4OC0zNDM2M2JjN2M0YzAiOnsiY3JlYXRlIjoxODAwMDAwMDAwMDAsImRlbGV0ZSI6MzAwMDAwMDAwMDAwLCJ1cGRhdGUiOjE4MDAwMDAwMDAwMH19",
          "dependencies": [
            "random_integer.default"
          ]
        }
      ]
    },
    {
      "mode": "managed",
      "type": "random_integer",
      "name": "default",
      "provider": "provider[\"registry.terraform.io/hashicorp/random\"]",
      "instances": [
        {
          "schema_version": 0,
          "attributes": {
            "id": "39912",
            "keepers": null,
            "max": 99999,
            "min": 10000,
            "result": 39912,
            "seed": null
          },
          "sensitive_attributes": []
        }
      ]
    }
  ],
  "check_results": null
}
