{
  "version": 4,
  "terraform_version": "1.7.5",
  "serial": 3,
  "lineage": "edbaf70a-4465-d1b2-4c17-467f02028d1b",
  "outputs": {},
  "resources": [
    {
      "mode": "data",
      "type": "alicloud_db_instance_classes",
      "name": "default",
      "provider": "provider[\"registry.terraform.io/aliyun/alicloud\"]",
      "instances": [
        {
          "schema_version": 0,
          "attributes": {
            "category": "HighAvailability",
            "commodity_code": null,
            "db_instance_class": null,
            "db_instance_id": null,
            "db_instance_storage_type": "cloud_essd",
            "engine": "MySQL",
            "engine_version": "8.0",
            "id": "3749561546",
            "ids": [
              "mysql.n2m.small.2c",
              "mysql.n2m.medium.2c",
              "mysql.n4m.medium.2c",
              "mysql.n8m.medium.2c",
              "mysql.n2m.large.2c",
              "mysql.n4m.large.2c",
              "mysql.n8m.large.2c",
              "mysql.n2m.xlarge.2c",
              "mysql.n4m.xlarge.2c",
              "mysql.n8m.xlarge.2c",
              "mysql.x4m.medium.2c",
              "mysql.x8m.medium.2c",
              "mysql.x2m.large.2c",
              "mysql.x4m.large.2c",
              "mysql.x8m.large.2c",
              "mysql.x2m.xlarge.2c",
              "mysql.x4m.xlarge.2c",
              "mysql.x8m.xlarge.2c",
              "mysql.x2m.2xlarge.2c",
              "mysql.x4m.2xlarge.2c",
              "mysql.x8m.2xlarge.2c",
              "mysql.x2m.4xlarge.2c",
              "mysql.x4m.4xlarge.2c",
              "mysql.n4.medium.2c",
              "mysql.n8.medium.2c",
              "mysql.n2.large.2c",
              "mysql.n4.large.2c",
              "mysql.n8.large.2c",
              "mysql.n2.xlarge.2c",
              "mysql.n4.xlarge.2c",
              "mysql.n8.xlarge.2c",
              "mysql.x2.xlarge.2c",
              "mysql.x4.xlarge.2c",
              "mysql.x8.xlarge.2c",
              "mysql.x2.large.2c",
              "mysql.x4.large.2c",
              "mysql.x8.large.2c",
              "mysql.x2.medium.2c",
              "mysql.x4.medium.2c",
              "mysql.x8.medium.2c",
              "mysql.n2.small.2c",
              "mysql.n2.medium.2c",
              "mysql.x2.3large.2c",
              "mysql.x4.3large.2c",
              "mysql.x8.3large.2c",
              "mysql.x2.2xlarge.2c",
              "mysql.x4.2xlarge.2c",
              "mysql.x8.2xlarge.2c",
              "mysql.x2.3xlarge.2c",
              "mysql.x4.3xlarge.2c",
              "mysql.x8.3xlarge.2c",
              "mysql.x2.4xlarge.2c",
              "mysql.x4.4xlarge.2c",
              "mysql.x8.4xlarge.2c",
              "mysql.x2.13large.2c",
              "mysql.x2.8xlarge.2c",
              "mysql.x4.8xlarge.2c",
              "mysql.x8.8xlarge.2c"
            ],
            "instance_charge_type": "PostPaid",
            "instance_classes": [
              {
                "instance_class": "mysql.n2m.small.2c",
                "price": "",
                "storage_range": {
                  "max": "64000",
                  "min": "20",
                  "step": "5"
                },
                "zone_ids": [
                  {
                    "id": "cn-hangzhou-b",
                    "sub_zone_ids": []
                  }
                ]
              },
              {
                "instance_class": "mysql.n2m.medium.2c",
                "price": "",
                "storage_range": {
                  "max": "64000",
                  "min": "20",
                  "step": "5"
                },
                "zone_ids": [
                  {
                    "id": "cn-hangzhou-b",
                    "sub_zone_ids": []
                  }
                ]
              },
              {
                "instance_class": "mysql.n4m.medium.2c",
                "price": "",
                "storage_range": {
                  "max": "64000",
                  "min": "20",
                  "step": "5"
                },
                "zone_ids": [
                  {
                    "id": "cn-hangzhou-b",
                    "sub_zone_ids": []
                  }
                ]
              },
              {
                "instance_class": "mysql.n8m.medium.2c",
                "price": "",
                "storage_range": {
                  "max": "64000",
                  "min": "20",
                  "step": "5"
                },
                "zone_ids": [
                  {
                    "id": "cn-hangzhou-b",
                    "sub_zone_ids": []
                  }
                ]
              },
              {
                "instance_class": "mysql.n2m.large.2c",
                "price": "",
                "storage_range": {
                  "max": "64000",
                  "min": "20",
                  "step": "5"
                },
                "zone_ids": [
                  {
                    "id": "cn-hangzhou-b",
                    "sub_zone_ids": []
                  }
                ]
              },
              {
                "instance_class": "mysql.n4m.large.2c",
                "price": "",
                "storage_range": {
                  "max": "64000",
                  "min": "20",
                  "step": "5"
                },
                "zone_ids": [
                  {
                    "id": "cn-hangzhou-b",
                    "sub_zone_ids": []
                  }
                ]
              },
              {
                "instance_class": "mysql.n8m.large.2c",
                "price": "",
                "storage_range": {
                  "max": "64000",
                  "min": "20",
                  "step": "5"
                },
                "zone_ids": [
                  {
                    "id": "cn-hangzhou-b",
                    "sub_zone_ids": []
                  }
                ]
              },
              {
                "instance_class": "mysql.n2m.xlarge.2c",
                "price": "",
                "storage_range": {
                  "max": "64000",
                  "min": "20",
                  "step": "5"
                },
                "zone_ids": [
                  {
                    "id": "cn-hangzhou-b",
                    "sub_zone_ids": []
                  }
                ]
              },
              {
                "instance_class": "mysql.n4m.xlarge.2c",
                "price": "",
                "storage_range": {
                  "max": "64000",
                  "min": "20",
                  "step": "5"
                },
                "zone_ids": [
                  {
                    "id": "cn-hangzhou-b",
                    "sub_zone_ids": []
                  }
                ]
              },
              {
                "instance_class": "mysql.n8m.xlarge.2c",
                "price": "",
                "storage_range": {
                  "max": "64000",
                  "min": "20",
                  "step": "5"
                },
                "zone_ids": [
                  {
                    "id": "cn-hangzhou-b",
                    "sub_zone_ids": []
                  }
                ]
              },
              {
                "instance_class": "mysql.x4m.medium.2c",
                "price": "",
                "storage_range": {
                  "max": "64000",
                  "min": "20",
                  "step": "5"
                },
                "zone_ids": [
                  {
                    "id": "cn-hangzhou-b",
                    "sub_zone_ids": []
                  }
                ]
              },
              {
                "instance_class": "mysql.x8m.medium.2c",
                "price": "",
                "storage_range": {
                  "max": "64000",
                  "min": "20",
                  "step": "5"
                },
                "zone_ids": [
                  {
                    "id": "cn-hangzhou-b",
                    "sub_zone_ids": []
                  }
                ]
              },
              {
                "instance_class": "mysql.x2m.large.2c",
                "price": "",
                "storage_range": {
                  "max": "64000",
                  "min": "20",
                  "step": "5"
                },
                "zone_ids": [
                  {
                    "id": "cn-hangzhou-b",
                    "sub_zone_ids": []
                  }
                ]
              },
              {
                "instance_class": "mysql.x4m.large.2c",
                "price": "",
                "storage_range": {
                  "max": "64000",
                  "min": "20",
                  "step": "5"
                },
                "zone_ids": [
                  {
                    "id": "cn-hangzhou-b",
                    "sub_zone_ids": []
                  }
                ]
              },
              {
                "instance_class": "mysql.x8m.large.2c",
                "price": "",
                "storage_range": {
                  "max": "64000",
                  "min": "20",
                  "step": "5"
                },
                "zone_ids": [
                  {
                    "id": "cn-hangzhou-b",
                    "sub_zone_ids": []
                  }
                ]
              },
              {
                "instance_class": "mysql.x2m.xlarge.2c",
                "price": "",
                "storage_range": {
                  "max": "64000",
                  "min": "20",
                  "step": "5"
                },
                "zone_ids": [
                  {
                    "id": "cn-hangzhou-b",
                    "sub_zone_ids": []
                  }
                ]
              },
              {
                "instance_class": "mysql.x4m.xlarge.2c",
                "price": "",
                "storage_range": {
                  "max": "64000",
                  "min": "20",
                  "step": "5"
                },
                "zone_ids": [
                  {
                    "id": "cn-hangzhou-b",
                    "sub_zone_ids": []
                  }
                ]
              },
              {
                "instance_class": "mysql.x8m.xlarge.2c",
                "price": "",
                "storage_range": {
                  "max": "64000",
                  "min": "20",
                  "step": "5"
                },
                "zone_ids": [
                  {
                    "id": "cn-hangzhou-b",
                    "sub_zone_ids": []
                  }
                ]
              },
              {
                "instance_class": "mysql.x2m.2xlarge.2c",
                "price": "",
                "storage_range": {
                  "max": "64000",
                  "min": "20",
                  "step": "5"
                },
                "zone_ids": [
                  {
                    "id": "cn-hangzhou-b",
                    "sub_zone_ids": []
                  }
                ]
              },
              {
                "instance_class": "mysql.x4m.2xlarge.2c",
                "price": "",
                "storage_range": {
                  "max": "64000",
                  "min": "20",
                  "step": "5"
                },
                "zone_ids": [
                  {
                    "id": "cn-hangzhou-b",
                    "sub_zone_ids": []
                  }
                ]
              },
              {
                "instance_class": "mysql.x8m.2xlarge.2c",
                "price": "",
                "storage_range": {
                  "max": "64000",
                  "min": "20",
                  "step": "5"
                },
                "zone_ids": [
                  {
                    "id": "cn-hangzhou-b",
                    "sub_zone_ids": []
                  }
                ]
              },
              {
                "instance_class": "mysql.x2m.4xlarge.2c",
                "price": "",
                "storage_range": {
                  "max": "64000",
                  "min": "20",
                  "step": "5"
                },
                "zone_ids": [
                  {
                    "id": "cn-hangzhou-b",
                    "sub_zone_ids": []
                  }
                ]
              },
              {
                "instance_class": "mysql.x4m.4xlarge.2c",
                "price": "",
                "storage_range": {
                  "max": "64000",
                  "min": "20",
                  "step": "5"
                },
                "zone_ids": [
                  {
                    "id": "cn-hangzhou-b",
                    "sub_zone_ids": []
                  }
                ]
              },
              {
                "instance_class": "mysql.n4.medium.2c",
                "price": "",
                "storage_range": {
                  "max": "64000",
                  "min": "20",
                  "step": "5"
                },
                "zone_ids": [
                  {
                    "id": "cn-hangzhou-b",
                    "sub_zone_ids": []
                  }
                ]
              },
              {
                "instance_class": "mysql.n8.medium.2c",
                "price": "",
                "storage_range": {
                  "max": "64000",
                  "min": "20",
                  "step": "5"
                },
                "zone_ids": [
                  {
                    "id": "cn-hangzhou-b",
                    "sub_zone_ids": []
                  }
                ]
              },
              {
                "instance_class": "mysql.n2.large.2c",
                "price": "",
                "storage_range": {
                  "max": "64000",
                  "min": "20",
                  "step": "5"
                },
                "zone_ids": [
                  {
                    "id": "cn-hangzhou-b",
                    "sub_zone_ids": []
                  }
                ]
              },
              {
                "instance_class": "mysql.n4.large.2c",
                "price": "",
                "storage_range": {
                  "max": "64000",
                  "min": "20",
                  "step": "5"
                },
                "zone_ids": [
                  {
                    "id": "cn-hangzhou-b",
                    "sub_zone_ids": []
                  }
                ]
              },
              {
                "instance_class": "mysql.n8.large.2c",
                "price": "",
                "storage_range": {
                  "max": "64000",
                  "min": "20",
                  "step": "5"
                },
                "zone_ids": [
                  {
                    "id": "cn-hangzhou-b",
                    "sub_zone_ids": []
                  }
                ]
              },
              {
                "instance_class": "mysql.n2.xlarge.2c",
                "price": "",
                "storage_range": {
                  "max": "64000",
                  "min": "20",
                  "step": "5"
                },
                "zone_ids": [
                  {
                    "id": "cn-hangzhou-b",
                    "sub_zone_ids": []
                  }
                ]
              },
              {
                "instance_class": "mysql.n4.xlarge.2c",
                "price": "",
                "storage_range": {
                  "max": "64000",
                  "min": "20",
                  "step": "5"
                },
                "zone_ids": [
                  {
                    "id": "cn-hangzhou-b",
                    "sub_zone_ids": []
                  }
                ]
              },
              {
                "instance_class": "mysql.n8.xlarge.2c",
                "price": "",
                "storage_range": {
                  "max": "64000",
                  "min": "20",
                  "step": "5"
                },
                "zone_ids": [
                  {
                    "id": "cn-hangzhou-b",
                    "sub_zone_ids": []
                  }
                ]
              },
              {
                "instance_class": "mysql.x2.xlarge.2c",
                "price": "",
                "storage_range": {
                  "max": "64000",
                  "min": "20",
                  "step": "5"
                },
                "zone_ids": [
                  {
                    "id": "cn-hangzhou-b",
                    "sub_zone_ids": []
                  }
                ]
              },
              {
                "instance_class": "mysql.x4.xlarge.2c",
                "price": "",
                "storage_range": {
                  "max": "64000",
                  "min": "20",
                  "step": "5"
                },
                "zone_ids": [
                  {
                    "id": "cn-hangzhou-b",
                    "sub_zone_ids": []
                  }
                ]
              },
              {
                "instance_class": "mysql.x8.xlarge.2c",
                "price": "",
                "storage_range": {
                  "max": "64000",
                  "min": "20",
                  "step": "5"
                },
                "zone_ids": [
                  {
                    "id": "cn-hangzhou-b",
                    "sub_zone_ids": []
                  }
                ]
              },
              {
                "instance_class": "mysql.x2.large.2c",
                "price": "",
                "storage_range": {
                  "max": "64000",
                  "min": "20",
                  "step": "5"
                },
                "zone_ids": [
                  {
                    "id": "cn-hangzhou-b",
                    "sub_zone_ids": []
                  }
                ]
              },
              {
                "instance_class": "mysql.x4.large.2c",
                "price": "",
                "storage_range": {
                  "max": "64000",
                  "min": "20",
                  "step": "5"
                },
                "zone_ids": [
                  {
                    "id": "cn-hangzhou-b",
                    "sub_zone_ids": []
                  }
                ]
              },
              {
                "instance_class": "mysql.x8.large.2c",
                "price": "",
                "storage_range": {
                  "max": "64000",
                  "min": "20",
                  "step": "5"
                },
                "zone_ids": [
                  {
                    "id": "cn-hangzhou-b",
                    "sub_zone_ids": []
                  }
                ]
              },
              {
                "instance_class": "mysql.x2.medium.2c",
                "price": "",
                "storage_range": {
                  "max": "64000",
                  "min": "20",
                  "step": "5"
                },
                "zone_ids": [
                  {
                    "id": "cn-hangzhou-b",
                    "sub_zone_ids": []
                  }
                ]
              },
              {
                "instance_class": "mysql.x4.medium.2c",
                "price": "",
                "storage_range": {
                  "max": "64000",
                  "min": "20",
                  "step": "5"
                },
                "zone_ids": [
                  {
                    "id": "cn-hangzhou-b",
                    "sub_zone_ids": []
                  }
                ]
              },
              {
                "instance_class": "mysql.x8.medium.2c",
                "price": "",
                "storage_range": {
                  "max": "64000",
                  "min": "20",
                  "step": "5"
                },
                "zone_ids": [
                  {
                    "id": "cn-hangzhou-b",
                    "sub_zone_ids": []
                  }
                ]
              },
              {
                "instance_class": "mysql.n2.small.2c",
                "price": "",
                "storage_range": {
                  "max": "64000",
                  "min": "20",
                  "step": "5"
                },
                "zone_ids": [
                  {
                    "id": "cn-hangzhou-b",
                    "sub_zone_ids": []
                  }
                ]
              },
              {
                "instance_class": "mysql.n2.medium.2c",
                "price": "",
                "storage_range": {
                  "max": "64000",
                  "min": "20",
                  "step": "5"
                },
                "zone_ids": [
                  {
                    "id": "cn-hangzhou-b",
                    "sub_zone_ids": []
                  }
                ]
              },
              {
                "instance_class": "mysql.x2.3large.2c",
                "price": "",
                "storage_range": {
                  "max": "64000",
                  "min": "20",
                  "step": "5"
                },
                "zone_ids": [
                  {
                    "id": "cn-hangzhou-b",
                    "sub_zone_ids": []
                  }
                ]
              },
              {
                "instance_class": "mysql.x4.3large.2c",
                "price": "",
                "storage_range": {
                  "max": "64000",
                  "min": "20",
                  "step": "5"
                },
                "zone_ids": [
                  {
                    "id": "cn-hangzhou-b",
                    "sub_zone_ids": []
                  }
                ]
              },
              {
                "instance_class": "mysql.x8.3large.2c",
                "price": "",
                "storage_range": {
                  "max": "64000",
                  "min": "20",
                  "step": "5"
                },
                "zone_ids": [
                  {
                    "id": "cn-hangzhou-b",
                    "sub_zone_ids": []
                  }
                ]
              },
              {
                "instance_class": "mysql.x2.2xlarge.2c",
                "price": "",
                "storage_range": {
                  "max": "64000",
                  "min": "20",
                  "step": "5"
                },
                "zone_ids": [
                  {
                    "id": "cn-hangzhou-b",
                    "sub_zone_ids": []
                  }
                ]
              },
              {
                "instance_class": "mysql.x4.2xlarge.2c",
                "price": "",
                "storage_range": {
                  "max": "64000",
                  "min": "20",
                  "step": "5"
                },
                "zone_ids": [
                  {
                    "id": "cn-hangzhou-b",
                    "sub_zone_ids": []
                  }
                ]
              },
              {
                "instance_class": "mysql.x8.2xlarge.2c",
                "price": "",
                "storage_range": {
                  "max": "64000",
                  "min": "20",
                  "step": "5"
                },
                "zone_ids": [
                  {
                    "id": "cn-hangzhou-b",
                    "sub_zone_ids": []
                  }
                ]
              },
              {
                "instance_class": "mysql.x2.3xlarge.2c",
                "price": "",
                "storage_range": {
                  "max": "64000",
                  "min": "20",
                  "step": "5"
                },
                "zone_ids": [
                  {
                    "id": "cn-hangzhou-b",
                    "sub_zone_ids": []
                  }
                ]
              },
              {
                "instance_class": "mysql.x4.3xlarge.2c",
                "price": "",
                "storage_range": {
                  "max": "64000",
                  "min": "20",
                  "step": "5"
                },
                "zone_ids": [
                  {
                    "id": "cn-hangzhou-b",
                    "sub_zone_ids": []
                  }
                ]
              },
              {
                "instance_class": "mysql.x8.3xlarge.2c",
                "price": "",
                "storage_range": {
                  "max": "64000",
                  "min": "20",
                  "step": "5"
                },
                "zone_ids": [
                  {
                    "id": "cn-hangzhou-b",
                    "sub_zone_ids": []
                  }
                ]
              },
              {
                "instance_class": "mysql.x2.4xlarge.2c",
                "price": "",
                "storage_range": {
                  "max": "64000",
                  "min": "20",
                  "step": "5"
                },
                "zone_ids": [
                  {
                    "id": "cn-hangzhou-b",
                    "sub_zone_ids": []
                  }
                ]
              },
              {
                "instance_class": "mysql.x4.4xlarge.2c",
                "price": "",
                "storage_range": {
                  "max": "64000",
                  "min": "20",
                  "step": "5"
                },
                "zone_ids": [
                  {
                    "id": "cn-hangzhou-b",
                    "sub_zone_ids": []
                  }
                ]
              },
              {
                "instance_class": "mysql.x8.4xlarge.2c",
                "price": "",
                "storage_range": {
                  "max": "64000",
                  "min": "20",
                  "step": "5"
                },
                "zone_ids": [
                  {
                    "id": "cn-hangzhou-b",
                    "sub_zone_ids": []
                  }
                ]
              },
              {
                "instance_class": "mysql.x2.13large.2c",
                "price": "",
                "storage_range": {
                  "max": "64000",
                  "min": "20",
                  "step": "5"
                },
                "zone_ids": [
                  {
                    "id": "cn-hangzhou-b",
                    "sub_zone_ids": []
                  }
                ]
              },
              {
                "instance_class": "mysql.x2.8xlarge.2c",
                "price": "",
                "storage_range": {
                  "max": "64000",
                  "min": "20",
                  "step": "5"
                },
                "zone_ids": [
                  {
                    "id": "cn-hangzhou-b",
                    "sub_zone_ids": []
                  }
                ]
              },
              {
                "instance_class": "mysql.x4.8xlarge.2c",
                "price": "",
                "storage_range": {
                  "max": "64000",
                  "min": "20",
                  "step": "5"
                },
                "zone_ids": [
                  {
                    "id": "cn-hangzhou-b",
                    "sub_zone_ids": []
                  }
                ]
              },
              {
                "instance_class": "mysql.x8.8xlarge.2c",
                "price": "",
                "storage_range": {
                  "max": "64000",
                  "min": "20",
                  "step": "5"
                },
                "zone_ids": [
                  {
                    "id": "cn-hangzhou-b",
                    "sub_zone_ids": []
                  }
                ]
              }
            ],
            "multi_zone": false,
            "output_file": null,
            "sorted_by": null,
            "storage_type": null,
            "zone_id": "cn-hangzhou-b"
          },
          "sensitive_attributes": []
        }
      ]
    },
    {
      "mode": "data",
      "type": "alicloud_db_zones",
      "name": "default",
      "provider": "provider[\"registry.terraform.io/aliyun/alicloud\"]",
      "instances": [
        {
          "schema_version": 0,
          "attributes": {
            "category": "HighAvailability",
            "db_instance_class": null,
            "db_instance_storage_type": "cloud_essd",
            "engine": "MySQL",
            "engine_version": "8.0",
            "id": "4211443401",
            "ids": [
              "cn-hangzhou-b",
              "cn-hangzhou-g",
              "cn-hangzhou-i",
              "cn-hangzhou-j",
              "cn-hangzhou-k"
            ],
            "instance_charge_type": "PostPaid",
            "multi": false,
            "multi_zone": false,
            "output_file": null,
            "zones": [
              {
                "id": "cn-hangzhou-b",
                "multi_zone_ids": []
              },
              {
                "id": "cn-hangzhou-g",
                "multi_zone_ids": []
              },
              {
                "id": "cn-hangzhou-i",
                "multi_zone_ids": []
              },
              {
                "id": "cn-hangzhou-j",
                "multi_zone_ids": []
              },
              {
                "id": "cn-hangzhou-k",
                "multi_zone_ids": []
              }
            ]
          },
          "sensitive_attributes": []
        }
      ]
    },
    {
      "mode": "data",
      "type": "alicloud_resource_manager_resource_groups",
      "name": "default",
      "provider": "provider[\"registry.terraform.io/aliyun/alicloud\"]",
      "instances": [
        {
          "schema_version": 0,
          "attributes": {
            "enable_details": false,
            "groups": [
              {
                "account_id": "1511928242963727",
                "display_name": "default resource group",
                "id": "rg-acfmzaq3ypaqkdy",
                "name": "default",
                "region_statuses": [],
                "resource_group_name": "default",
                "status": "OK"
              },
              {
                "account_id": "1511928242963727",
                "display_name": "tf-test-sli",
                "id": "rg-aek2xl5qajpkquq",
                "name": "tf-test-sli",
                "region_statuses": [],
                "resource_group_name": "tf-test-sli",
                "status": "OK"
              },
              {
                "account_id": "1511928242963727",
                "display_name": "tf-testacc-rg1743447",
                "id": "rg-aek2htjlyow5ryq",
                "name": "tf-testacc-rg1743447",
                "region_statuses": [],
                "resource_group_name": "tf-testacc-rg1743447",
                "status": "OK"
              }
            ],
            "id": "2951559302",
            "ids": [
              "rg-acfmzaq3ypaqkdy",
              "rg-aek2xl5qajpkquq",
              "rg-aek2htjlyow5ryq"
            ],
            "name_regex": null,
            "names": [
              "default",
              "tf-test-sli",
              "tf-testacc-rg1743447"
            ],
            "output_file": null,
            "status": "OK"
          },
          "sensitive_attributes": []
        }
      ]
    },
    {
      "mode": "data",
      "type": "alicloud_vpcs",
      "name": "default",
      "provider": "provider[\"registry.terraform.io/aliyun/alicloud\"]",
      "instances": [
        {
          "schema_version": 0,
          "attributes": {
            "cidr_block": null,
            "dhcp_options_set_id": null,
            "dry_run": null,
            "enable_details": true,
            "id": "102865170",
            "ids": [
              "vpc-bp1sd1a2jnhg2nav0wu91",
              "vpc-bp1iacalj81yxcp88kgbj",
              "vpc-bp1762zxzl19am771d2ww",
              "vpc-bp1fac8tvr16w1uojlm5c",
              "vpc-bp19fieg2osu2yc369nmg"
            ],
            "is_default": null,
            "name_regex": "^default-NODELETING",
            "names": [
              "default-NODELETING-ACK",
              "default-NODELETING",
              "default-NODELETING-172",
              "default-NODELETING-Ipv6",
              "default-NODELETING-ACK"
            ],
            "output_file": null,
            "page_number": null,
            "page_size": 50,
            "resource_group_id": null,
            "status": null,
            "tags": null,
            "total_count": 86,
            "vpc_name": null,
            "vpc_owner_id": null,
            "vpcs": [
              {
                "cidr_block": "192.168.0.0/16",
                "creation_time": "2024-03-08T03:07:09Z",
                "description": "",
                "id": "vpc-bp1sd1a2jnhg2nav0wu91",
                "ipv6_cidr_block": "",
                "is_default": false,
                "region_id": "cn-hangzhou",
                "resource_group_id": "rg-acfmzaq3ypaqkdy",
                "route_table_id": "vtb-bp1voqeb475o4fiyxo5yf",
                "router_id": "vrt-bp18phd2i2ro1lqxya4va",
                "secondary_cidr_blocks": [],
                "status": "Available",
                "tags": {},
                "user_cidrs": [],
                "vpc_id": "vpc-bp1sd1a2jnhg2nav0wu91",
                "vpc_name": "default-NODELETING-ACK",
                "vrouter_id": "vrt-bp18phd2i2ro1lqxya4va",
                "vswitch_ids": [
                  "vsw-bp1dc5zwx8uon1bg28gjy",
                  "vsw-bp1vmcigfgevihs1nosrm"
                ]
              },
              {
                "cidr_block": "172.16.0.0/16",
                "creation_time": "2024-01-04T04:43:07Z",
                "description": "",
                "id": "vpc-bp1iacalj81yxcp88kgbj",
                "ipv6_cidr_block": "",
                "is_default": false,
                "region_id": "cn-hangzhou",
                "resource_group_id": "rg-acfmzaq3ypaqkdy",
                "route_table_id": "vtb-bp11txfxr6g148lom59y9",
                "router_id": "vrt-bp1ay6pev2tyvz2f0um5c",
                "secondary_cidr_blocks": [],
                "status": "Available",
                "tags": {},
                "user_cidrs": [],
                "vpc_id": "vpc-bp1iacalj81yxcp88kgbj",
                "vpc_name": "default-NODELETING",
                "vrouter_id": "vrt-bp1ay6pev2tyvz2f0um5c",
                "vswitch_ids": [
                  "vsw-bp12cx5qx1mwu99ahluna",
                  "vsw-bp1jfiefx1yihxlsdzu0k",
                  "vsw-bp12ddkc5bebb5t92lgrd",
                  "vsw-bp1hwdd38lwvs9h5bfydb",
                  "vsw-bp1hd8cbbwvjx1sxeorlb",
                  "vsw-bp1cjeowaagzajfbaioiu"
                ]
              },
              {
                "cidr_block": "172.16.0.0/12",
                "creation_time": "2023-08-23T07:52:23Z",
                "description": "",
                "id": "vpc-bp1762zxzl19am771d2ww",
                "ipv6_cidr_block": "2408:4005:3af:2a00::/56",
                "is_default": false,
                "region_id": "cn-hangzhou",
                "resource_group_id": "rg-acfmzaq3ypaqkdy",
                "route_table_id": "vtb-bp1avat0eescrrpj4d5he",
                "router_id": "vrt-bp1505p3k0jw0i16v69kx",
                "secondary_cidr_blocks": [],
                "status": "Available",
                "tags": {},
                "user_cidrs": [],
                "vpc_id": "vpc-bp1762zxzl19am771d2ww",
                "vpc_name": "default-NODELETING-172",
                "vrouter_id": "vrt-bp1505p3k0jw0i16v69kx",
                "vswitch_ids": [
                  "vsw-bp1keao4qtxeidys3wpf6"
                ]
              },
              {
                "cidr_block": "192.168.0.0/16",
                "creation_time": "2023-06-30T07:15:19Z",
                "description": "",
                "id": "vpc-bp1fac8tvr16w1uojlm5c",
                "ipv6_cidr_block": "2408:4005:328:8900::/56",
                "is_default": false,
                "region_id": "cn-hangzhou",
                "resource_group_id": "rg-acfmzaq3ypaqkdy",
                "route_table_id": "vtb-bp1dz3kcz5k9xcvblj61u",
                "router_id": "vrt-bp1vanfzih1i8h8a8j68x",
                "secondary_cidr_blocks": [],
                "status": "Available",
                "tags": {},
                "user_cidrs": [],
                "vpc_id": "vpc-bp1fac8tvr16w1uojlm5c",
                "vpc_name": "default-NODELETING-Ipv6",
                "vrouter_id": "vrt-bp1vanfzih1i8h8a8j68x",
                "vswitch_ids": [
                  "vsw-bp16759eb4p1t6ts8gqq0",
                  "vsw-bp1b8z4lvi1yevvndigog"
                ]
              },
              {
                "cidr_block": "192.168.0.0/16",
                "creation_time": "2021-12-14T10:01:29Z",
                "description": "TerraformCI-holography",
                "id": "vpc-bp19fieg2osu2yc369nmg",
                "ipv6_cidr_block": "2408:4005:3ed:1500::/56",
                "is_default": false,
                "region_id": "cn-hangzhou",
                "resource_group_id": "rg-acfmzaq3ypaqkdy",
                "route_table_id": "vtb-bp1t5y7uku9x9pdkj47h7",
                "router_id": "vrt-bp11aht8srzqghtpw9al6",
                "secondary_cidr_blocks": [
                  "192.163.0.0/16"
                ],
                "status": "Available",
                "tags": {
                  "For": "Terraform-CI-Test",
                  "default": "default-NODELETING"
                },
                "user_cidrs": [],
                "vpc_id": "vpc-bp19fieg2osu2yc369nmg",
                "vpc_name": "default-NODELETING-ACK",
                "vrouter_id": "vrt-bp11aht8srzqghtpw9al6",
                "vswitch_ids": [
                  "vsw-bp1ictisj6ywto766d00t",
                  "vsw-bp14ft984wk0n9tv184p7",
                  "vsw-bp1gewn48oq09qizjscu4",
                  "vsw-bp1kc599rsciuuj2xn73a",
                  "vsw-bp1qdkztnbhxp6uphjr16",
                  "vsw-bp1cvniar2pwmvqmozxjo",
                  "vsw-bp1v33r7fi5tqzh2otfnt",
                  "vsw-bp1eoml6q76954ci40bmi",
                  "vsw-bp1f3jwd6nw18e0kdofmb",
                  "vsw-bp161oq4dq8rb28oybspi"
                ]
              }
            ],
            "vswitch_id": null
          },
          "sensitive_attributes": []
        }
      ]
    },
    {
      "mode": "data",
      "type": "alicloud_vswitches",
      "name": "default",
      "provider": "provider[\"registry.terraform.io/aliyun/alicloud\"]",
      "instances": [
        {
          "schema_version": 0,
          "attributes": {
            "cidr_block": null,
            "dry_run": null,
            "id": "1722958067",
            "ids": [
              "vsw-bp1dc5zwx8uon1bg28gjy"
            ],
            "is_default": null,
            "name_regex": null,
            "names": [
              ""
            ],
            "output_file": null,
            "resource_group_id": null,
            "route_table_id": null,
            "status": null,
            "tags": null,
            "vpc_id": "vpc-bp1sd1a2jnhg2nav0wu91",
            "vswitch_name": null,
            "vswitch_owner_id": null,
            "vswitches": [
              {
                "available_ip_address_count": 245,
                "cidr_block": "192.168.8.0/24",
                "creation_time": "2024-03-11T01:43:13Z",
                "description": "",
                "id": "vsw-bp1dc5zwx8uon1bg28gjy",
                "ipv6_cidr_block": "",
                "is_default": false,
                "name": "",
                "resource_group_id": "rg-acfmzaq3ypaqkdy",
                "route_table_id": "vtb-bp1voqeb475o4fiyxo5yf",
                "status": "Available",
                "tags": {},
                "vpc_id": "vpc-bp1sd1a2jnhg2nav0wu91",
                "vswitch_id": "vsw-bp1dc5zwx8uon1bg28gjy",
                "vswitch_name": "",
                "zone_id": "cn-hangzhou-b"
              }
            ],
            "zone_id": "cn-hangzhou-b"
          },
          "sensitive_attributes": []
        }
      ]
    },
    {
      "mode": "managed",
      "type": "alicloud_security_group",
      "name": "default",
      "provider": "provider[\"registry.terraform.io/aliyun/alicloud\"]",
      "instances": [
        {
          "schema_version": 0,
          "attributes": {
            "description": "",
            "id": "sg-bp1g2bu3676lz1qf52i7",
            "inner_access": true,
            "inner_access_policy": "Accept",
            "name": "terraform-example",
            "resource_group_id": "",
            "security_group_type": "normal",
            "tags": null,
            "timeouts": null,
            "vpc_id": "vpc-bp1sd1a2jnhg2nav0wu91"
          },
          "sensitive_attributes": [],
          "private": "eyJlMmJmYjczMC1lY2FhLTExZTYtOGY4OC0zNDM2M2JjN2M0YzAiOnsiZGVsZXRlIjozNjAwMDAwMDAwMDB9fQ==",
          "dependencies": [
            "data.alicloud_vpcs.default"
          ]
        }
      ]
    }
  ],
  "check_results": null
}
