{
  "version": 4,
  "terraform_version": "1.7.5",
  "serial": 11,
  "lineage": "9846c029-245f-44c5-3cc2-3a72696e44a5",
  "outputs": {},
  "resources": [
    {
      "mode": "data",
      "type": "alicloud_enhanced_nat_available_zones",
      "name": "enhanced",
      "provider": "provider[\"registry.terraform.io/aliyun/alicloud\"]",
      "instances": [
        {
          "schema_version": 0,
          "attributes": {
            "id": "661cca29",
            "ids": [
              "华东 1 可用区 G",
              "华东 1 可用区 H",
              "华东 1 可用区 I",
              "华东 1 可用区 J",
              "华东 1 可用区 K"
            ],
            "output_file": null,
            "zones": [
              {
                "local_name": "华东 1 可用区 G",
                "zone_id": "cn-hangzhou-g"
              },
              {
                "local_name": "华东 1 可用区 H",
                "zone_id": "cn-hangzhou-h"
              },
              {
                "local_name": "华东 1 可用区 I",
                "zone_id": "cn-hangzhou-i"
              },
              {
                "local_name": "华东 1 可用区 J",
                "zone_id": "cn-hangzhou-j"
              },
              {
                "local_name": "华东 1 可用区 K",
                "zone_id": "cn-hangzhou-k"
              }
            ]
          },
          "sensitive_attributes": []
        }
      ]
    },
    {
      "mode": "data",
      "type": "alicloud_instance_types",
      "name": "default",
      "provider": "provider[\"registry.terraform.io/aliyun/alicloud\"]",
      "instances": [
        {
          "schema_version": 0,
          "attributes": {
            "availability_zone": "cn-hangzhou-g",
            "cpu_core_count": 2,
            "eni_amount": null,
            "gpu_amount": null,
            "gpu_spec": null,
            "id": "1820767080",
            "ids": [
              "ecs.sn1ne.large"
            ],
            "image_id": null,
            "instance_charge_type": "PostPaid",
            "instance_type_family": "ecs.sn1ne",
            "instance_types": [
              {
                "availability_zones": [
                  "cn-hangzhou-g"
                ],
                "burstable_instance": {
                  "baseline_credit": "0",
                  "initial_credit": "0"
                },
                "cpu_core_count": 2,
                "eni_amount": 2,
                "family": "ecs.sn1ne",
                "gpu": {
                  "amount": "0",
                  "category": ""
                },
                "id": "ecs.sn1ne.large",
                "local_storage": {
                  "amount": "0",
                  "capacity": "0",
                  "category": ""
                },
                "memory_size": 4,
                "nvme_support": "unsupported",
                "price": ""
              }
            ],
            "is_outdated": null,
            "kubernetes_node_role": "Worker",
            "memory_size": 4,
            "minimum_eni_ipv6_address_quantity": null,
            "network_type": null,
            "output_file": null,
            "sorted_by": null,
            "spot_strategy": "NoSpot",
            "system_disk_category": null
          },
          "sensitive_attributes": []
        }
      ]
    },
    {
      "mode": "managed",
      "type": "alicloud_arms_env_feature",
      "name": "default",
      "provider": "provider[\"registry.terraform.io/aliyun/alicloud\"]",
      "instances": [
        {
          "schema_version": 0,
          "attributes": {
            "env_feature_name": "metric-agent",
            "environment_id": "env-37838bd344a3a4032d68ebb9d9f9",
            "feature_version": "1.1.17",
            "id": "env-37838bd344a3a4032d68ebb9d9f9:metric-agent",
            "namespace": "arms-prom",
            "status": "Success",
            "timeouts": null
          },
          "sensitive_attributes": [],
          "private": "eyJlMmJmYjczMC1lY2FhLTExZTYtOGY4OC0zNDM2M2JjN2M0YzAiOnsiY3JlYXRlIjozMDAwMDAwMDAwMDAsImRlbGV0ZSI6MzAwMDAwMDAwMDAwLCJ1cGRhdGUiOjMwMDAwMDAwMDAwMH19",
          "dependencies": [
            "alicloud_arms_environment.default",
            "alicloud_cs_kubernetes_node_pool.default",
            "alicloud_cs_managed_kubernetes.default",
            "alicloud_key_pair.default",
            "alicloud_vpc.vpc",
            "alicloud_vswitch.vswitch",
            "data.alicloud_enhanced_nat_available_zones.enhanced",
            "data.alicloud_instance_types.default",
            "random_integer.default"
          ]
        }
      ]
    },
    {
      "mode": "managed",
      "type": "alicloud_arms_environment",
      "name": "default",
      "provider": "provider[\"registry.terraform.io/aliyun/alicloud\"]",
      "instances": [
        {
          "schema_version": 0,
          "attributes": {
            "aliyun_lang": null,
            "bind_resource_id": "c8a371e911ab1418caaa504047a30f140",
            "drop_metrics": null,
            "environment_id": "env-37838bd344a3a4032d68ebb9d9f9",
            "environment_name": "terraform-example-32538",
            "environment_sub_type": "ACK",
            "environment_type": "CS",
            "id": "env-37838bd344a3a4032d68ebb9d9f9",
            "managed_type": "none",
            "resource_group_id": "rg-acfmzaq3ypaqkdy",
            "tags": null,
            "timeouts": null
          },
          "sensitive_attributes": [],
          "private": "eyJlMmJmYjczMC1lY2FhLTExZTYtOGY4OC0zNDM2M2JjN2M0YzAiOnsiY3JlYXRlIjozMDAwMDAwMDAwMDAsImRlbGV0ZSI6MzAwMDAwMDAwMDAwLCJ1cGRhdGUiOjMwMDAwMDAwMDAwMH19",
          "dependencies": [
            "alicloud_cs_kubernetes_node_pool.default",
            "alicloud_cs_managed_kubernetes.default",
            "alicloud_key_pair.default",
            "alicloud_vpc.vpc",
            "alicloud_vswitch.vswitch",
            "data.alicloud_enhanced_nat_available_zones.enhanced",
            "data.alicloud_instance_types.default",
            "random_integer.default"
          ]
        }
      ]
    },
    {
      "mode": "managed",
      "type": "alicloud_cs_kubernetes_node_pool",
      "name": "default",
      "provider": "provider[\"registry.terraform.io/aliyun/alicloud\"]",
      "instances": [
        {
          "schema_version": 0,
          "attributes": {
            "auto_renew": false,
            "auto_renew_period": 0,
            "cis_enabled": false,
            "cluster_id": "c8a371e911ab1418caaa504047a30f140",
            "compensate_with_on_demand": false,
            "cpu_policy": "none",
            "data_disks": [],
            "deployment_set_id": "",
            "desired_size": 2,
            "force_delete": null,
            "format_disk": null,
            "id": "c8a371e911ab1418caaa504047a30f140:np639a8d9520004c1e9b9834bd45248a06",
            "image_id": "aliyun_2_1903_x64_20G_alibase_20231221.vhd",
            "image_type": "AliyunLinux",
            "install_cloud_monitor": true,
            "instance_charge_type": "PostPaid",
            "instance_types": [
              "ecs.sn1ne.large"
            ],
            "instances": null,
            "internet_charge_type": "",
            "internet_max_bandwidth_out": 0,
            "keep_instance_name": null,
            "key_name": "terraform-example-32538",
            "kms_encrypted_password": null,
            "kms_encryption_context": null,
            "kubelet_configuration": [],
            "labels": [],
            "login_as_non_root": false,
            "management": [
              {
                "auto_repair": false,
                "auto_repair_policy": [],
                "auto_upgrade": false,
                "auto_upgrade_policy": [],
                "auto_vul_fix": false,
                "auto_vul_fix_policy": [],
                "enable": false,
                "max_unavailable": 0,
                "surge": 0,
                "surge_percentage": 0
              }
            ],
            "multi_az_policy": "BALANCE",
            "name": "desired_size",
            "node_count": 2,
            "node_name_mode": "nodeip",
            "node_pool_id": "np639a8d9520004c1e9b9834bd45248a06",
            "node_pool_name": "desired_size",
            "on_demand_base_capacity": 0,
            "on_demand_percentage_above_base_capacity": 0,
            "password": null,
            "period": 0,
            "period_unit": "",
            "platform": "AliyunLinux",
            "private_pool_options": [],
            "rds_instances": null,
            "resource_group_id": "",
            "rolling_policy": [],
            "rollout_policy": [],
            "runtime_name": "containerd",
            "runtime_version": "1.6.28",
            "scaling_config": [
              {
                "eip_bandwidth": 0,
                "eip_internet_charge_type": "",
                "enable": false,
                "is_bond_eip": false,
                "max_size": 0,
                "min_size": 0,
                "type": ""
              }
            ],
            "scaling_group_id": "asg-bp1jagvtjjwvzb5di02y",
            "scaling_policy": "release",
            "security_group_id": "sg-bp1iflo6y5t1s4j9nyxj",
            "security_group_ids": [
              "sg-bp1iflo6y5t1s4j9nyxj"
            ],
            "soc_enabled": false,
            "spot_instance_pools": 0,
            "spot_instance_remedy": false,
            "spot_price_limit": [],
            "spot_strategy": "NoSpot",
            "system_disk_bursting_enabled": false,
            "system_disk_categories": [
              "cloud_efficiency"
            ],
            "system_disk_category": "cloud_efficiency",
            "system_disk_encrypt_algorithm": "",
            "system_disk_encrypted": false,
            "system_disk_kms_key": "",
            "system_disk_performance_level": "",
            "system_disk_provisioned_iops": 0,
            "system_disk_size": 40,
            "system_disk_snapshot_policy_id": "",
            "tags": null,
            "taints": [],
            "tee_config": [
              {
                "tee_enable": false
              }
            ],
            "timeouts": null,
            "unschedulable": false,
            "user_data": "",
            "vpc_id": null,
            "vswitch_ids": [
              "vsw-bp1pftfpllxr811r4p4mx"
            ]
          },
          "sensitive_attributes": [],
          "private": "eyJlMmJmYjczMC1lY2FhLTExZTYtOGY4OC0zNDM2M2JjN2M0YzAiOnsiY3JlYXRlIjo1NDAwMDAwMDAwMDAwLCJkZWxldGUiOjM2MDAwMDAwMDAwMDAsInVwZGF0ZSI6MzYwMDAwMDAwMDAwMH19",
          "dependencies": [
            "alicloud_cs_managed_kubernetes.default",
            "alicloud_key_pair.default",
            "alicloud_vpc.vpc",
            "alicloud_vswitch.vswitch",
            "data.alicloud_enhanced_nat_available_zones.enhanced",
            "data.alicloud_instance_types.default",
            "random_integer.default"
          ]
        }
      ]
    },
    {
      "mode": "managed",
      "type": "alicloud_cs_managed_kubernetes",
      "name": "default",
      "provider": "provider[\"registry.terraform.io/aliyun/alicloud\"]",
      "instances": [
        {
          "schema_version": 0,
          "attributes": {
            "addons": [],
            "api_audiences": null,
            "availability_zone": null,
            "certificate_authority": {
              "client_cert": "LS0tLS1CRUdJTiBDRVJUSUZJQ0FURS0tLS0tCk1JSUQvekNDQXVlZ0F3SUJBZ0lFQVdYZFNUQU5CZ2txaGtpRzl3MEJBUXNGQURCcU1Tb3dLQVlEVlFRS0V5RmoKT0dFek56RmxPVEV4WVdJeE5ERTRZMkZoWVRVd05EQTBOMkV6TUdZeE5EQXhFREFPQmdOVkJBc1RCMlJsWm1GMQpiSFF4S2pBb0JnTlZCQU1USVdNNFlUTTNNV1U1TVRGaFlqRTBNVGhqWVdGaE5UQTBNRFEzWVRNd1pqRTBNREFlCkZ3MHlOREEwTVRVd05qSTRNREJhRncweU56QTBNVFV3TmpNek1qZGFNRW94RlRBVEJnTlZCQW9UREhONWMzUmwKYlRwMWMyVnljekVKTUFjR0ExVUVDeE1BTVNZd0pBWURWUVFERXgweU1ESXdNREkzT1Rjd01EZzROVFF3TmpJdApNVGN4TXpFMk1qZ3dOekNDQVNJd0RRWUpLb1pJaHZjTkFRRUJCUUFEZ2dFUEFEQ0NBUW9DZ2dFQkFMVmJHUW41CklyMlAwRXZsQ1ZxSFdOdlZWeXZSbmhsVXVjREtVaTdtbWNXTVB3ZHdNWG4rcGNxcGZRNFlzU3hucGVFTXpMZDcKOU5oMWh3M0lrZS9jYzZIYmhBSHFUMm5HYnNzWGJMdW8yQ2JmRjRqRnNCbUhaUUt0anFMNG9VYzdTSEp5L0RsTwoxY0VLNUZ1TGhNNWV4ZHorZUZmZmZacm5oMXFidGQ5d0EySHVsak52elZDam5mSUE1Nk9WTVlOUXpTTDFXU2lwCjZjT00yeU9vcGZEbW5UU29hSHB0NjlOZWh1bTgwNFlGSkswZTFnNTN1aUtwL3lSdDdQZFpWWGFwWk1RNXl0WGEKRTJWazR3OFY4ZjJsT2VxMEwrVmZGWDJCVXYwN3ZGVlJMaDc5MlhkRnRobEViQmcwWFBSMXZtOWhmNHpzdVhsMAovRWpDeDRjL3pRWlFFSE1DQXdFQUFhT0J6RENCeVRBT0JnTlZIUThCQWY4RUJBTUNCNEF3RXdZRFZSMGxCQXd3CkNnWUlLd1lCQlFVSEF3SXdEQVlEVlIwVEFRSC9CQUl3QURBZkJnTlZIU01FR0RBV2dCUUxkUjFwb1dpZ045SmUKVllyVnRaVENZejI4a0RBOEJnZ3JCZ0VGQlFjQkFRUXdNQzR3TEFZSUt3WUJCUVVITUFHR0lHaDBkSEE2THk5agpaWEowY3k1aFkzTXVZV3hwZVhWdUxtTnZiUzl2WTNOd01EVUdBMVVkSHdRdU1Dd3dLcUFvb0NhR0pHaDBkSEE2Ckx5OWpaWEowY3k1aFkzTXVZV3hwZVhWdUxtTnZiUzl5YjI5MExtTnliREFOQmdrcWhraUc5dzBCQVFzRkFBT0MKQVFFQUhiV0xacTBKR081cUJvMUlDakdnQ21kaFk2cmZJQ1JiZHNEYTZRQXp3Um9JVE9hekJUazRubjYzakhYTQpaTitsVGpOMHdtOUVaZVQyNGJZVGg3OTFlWHdQaHlJM2p1OE8ySDFNTVZrNGxyUnBSQTJHKzd4bEROWlF4eXpsCkpzQWI0ZWxUZTNNQjJ4SS9ESDVhcmlMM1M5QU5HRytUQXlmdDVUdXVOYlJvZEUyVTJtUW9PeFoxUS9GbGd2M3QKZEJ4bUhCVzBhdFMram85endqWERmUlhWb1R6NE9uQVdORGE1M08vS1MvSEhsVG1mckt6cWsyVGNkNWRrd0s4VwpoTHdSWXFiV1MvN2k4dnBybXpEQVRML2lVNUs2enZGYUgzaHkyOWdDNzUwMmFURkY0d0t3Wm8wWEN2bVdRM2tiCjRpSTNrVmx0cHJQejBHM1ZIeCt6MDk2OEhRPT0KLS0tLS1FTkQgQ0VSVElGSUNBVEUtLS0tLQotLS0tLUJFR0lOIENFUlRJRklDQVRFLS0tLS0KTUlJRG96Q0NBd3lnQXdJQkFnSUVBV1hkUkRBTkJna3Foa2lHOXcwQkFRc0ZBREJpTVFzd0NRWURWUVFHRXdKRApUakVSTUE4R0ExVUVDQXdJV21obFNtbGhibWN4RVRBUEJnTlZCQWNNQ0VoaGJtZGFhRzkxTVJBd0RnWURWUVFLCkRBZEJiR2xpWVdKaE1Rd3dDZ1lEVlFRTERBTkJRMU14RFRBTEJnTlZCQU1NQkhKdmIzUXdIaGNOTWpRd05ERTEKTURZeU9EQXdXaGNOTkRRd05ERXdNRFl6TXpJeldqQnFNU293S0FZRFZRUUtFeUZqT0dFek56RmxPVEV4WVdJeApOREU0WTJGaFlUVXdOREEwTjJFek1HWXhOREF4RURBT0JnTlZCQXNUQjJSbFptRjFiSFF4S2pBb0JnTlZCQU1UCklXTTRZVE0zTVdVNU1URmhZakUwTVRoallXRmhOVEEwTURRM1lUTXdaakUwTURDQ0FTSXdEUVlKS29aSWh2Y04KQVFFQkJRQURnZ0VQQURDQ0FRb0NnZ0VCQUx6aTN1N1kxYUthTmF1cVI2dDV1VEhaWUNEdnVYVVg3RjNWYXEzdApLcFFLMlIxaFJqRmcwWnFRNHR2Qis3VDBXcm9UdDRtUXNaa0ZMMTNPMExnM284a3NTZjZCNUxXN0Q2UVFzbWJ2Cm8yZ2NsZkpkNHBpRVJRcVRNVCtCcURMRVAvQUVsOGc0M0pkT29rTXhySDVFYWZoQnNyTVNjRFp5R25oVitqMCsKK044TXQ4RHk5Z2FQdzJRTDZCekZ2ZWt3S1FaUkxOcVd1bXRHM0NFTTUzR0d1d28ySUJuS2lranZqbXVlVW9IKwpPSDdHL3c0WnRIVnR5dVd6U0xMdTZuQXZiMkM0SVkvbDNIOFdKNkRxMXJjM2JQaFZpT0ZnQnh0K2V0ajdEd0htCjY2SURyZjJ1Y1BHOEJUZUJtUTdhVzk0RjhyV0ZtNXpkamRORjJsRVRVdkhlaURFQ0F3RUFBYU9CMlRDQjFqQU8KQmdOVkhROEJBZjhFQkFNQ0Fxd3dEd1lEVlIwVEFRSC9CQVV3QXdFQi96QWRCZ05WSFE0RUZnUVVDM1VkYWFGbwpvRGZTWGxXSzFiV1V3bU05dkpBd0h3WURWUjBqQkJnd0ZvQVVoVnIvM1NQTkpXOVlRVytlYlVVNW0xaDlkZjh3ClBBWUlLd1lCQlFVSEFRRUVNREF1TUN3R0NDc0dBUVVGQnpBQmhpQm9kSFJ3T2k4dlkyVnlkSE11WVdOekxtRnMKYVhsMWJpNWpiMjB2YjJOemNEQTFCZ05WSFI4RUxqQXNNQ3FnS0tBbWhpUm9kSFJ3T2k4dlkyVnlkSE11WVdOegpMbUZzYVhsMWJpNWpiMjB2Y205dmRDNWpjbXd3RFFZSktvWklodmNOQVFFTEJRQURnWUVBYWJOaEdXTGVwMXR4CllQTjdoR1pIbDFVQ1RWdzYveVhVQUhaSjFaMnVXWjVvc0F3OGplajhjVVNZTm5nbHBPZERyY05iK0Z3TGxhUG0KUlNBcGJJcFZZRVVOTGFvUVFYaVhvSDEzdUl5cVlYTkxKTFQzRWRoeU11a2cyNUdHWFdXc1VaN3RUMmVWTzJwSQorOFlqckNzOE9oUzJuZnltdzY3T0xsODhnQU9wZ080PQotLS0tLUVORCBDRVJUSUZJQ0FURS0tLS0tCg==",
              "client_key": "LS0tLS1CRUdJTiBSU0EgUFJJVkFURSBLRVktLS0tLQpNSUlFcFFJQkFBS0NBUUVBdFZzWkNma2l2WS9RUytVSldvZFkyOVZYSzlHZUdWUzV3TXBTTHVhWnhZdy9CM0F4CmVmNmx5cWw5RGhpeExHZWw0UXpNdDN2MDJIV0hEY2lSNzl4em9kdUVBZXBQYWNadXl4ZHN1NmpZSnQ4WGlNV3cKR1lkbEFxMk9vdmloUnp0SWNuTDhPVTdWd1Fya1c0dUV6bDdGM1A1NFY5OTltdWVIV3B1MTMzQURZZTZXTTIvTgpVS09kOGdEbm81VXhnMUROSXZWWktLbnB3NHpiSTZpbDhPYWROS2hvZW0zcjAxNkc2YnpUaGdVa3JSN1dEbmU2Cklxbi9KRzNzOTFsVmRxbGt4RG5LMWRvVFpXVGpEeFh4L2FVNTZyUXY1VjhWZllGUy9UdThWVkV1SHYzWmQwVzIKR1VSc0dEUmM5SFcrYjJGL2pPeTVlWFQ4U01MSGh6L05CbEFRY3dJREFRQUJBb0lCQVFDWWQwcllxSnY5VS8raApIcCs3ZlJoR1VOaGxYV2dXRWJYTWtBdUJwSnJZaXV5ZVcwTXROZG02UkwxKzhXRmFYSlVIVzlScjJZbGh4WVRTCklMSVlQblQwT1hHRWpyRk8wdVZvVm53eVZHUE1ZamdONDIwR09WN0JYcG9SQndmSHM5NVhZYllNayt0K3pLSnAKR0NXQnZnbUlubU1jTlNjSzZPVlJWcUVUaEw5RFAzOGlZdG1PUzlPTk1kUGMya25Sd1liS0ZEVnB6NExkUHRnOQpZaG1uQmJBRHFhSmRMUWlvMlg1Vzl3SlJUcGk4MU02QzNzbytUelBBbktVc3ZQeE0vdnJjYzZxTUhRZlU5VVFUCktNNG9zYy94VnZRc3lzeGhpcHcyNDIvTlZzcG1aTjRnUkp6QXE0OGJEUTB1blA4b3NWaGMzbU1seDNndUg3eUkKdzZIcFpLLzVBb0dCQU1RMWFZaXNCS2xwenlqa0R3RXh0amdWZ0hQRG1rWUk2UlBCKzhEVXcwUjkxUmRxVmVveAp1aXJPdVBHbXhlN05yZ0JMOHp0ZUg3a1hIZCsrK3BBMUNwb2JkbHNlcFVHenFNL1d0TStoOHlBa2ZwMHhxZ081CnVUSGsvUXdzQ2NHaFlrSkpxcXhBMG1vQXR0K1V6cWFTU3RDWmJiUnRVQUxpVDl2dktadWduUHhIQW9HQkFPeWUKL2lSV0YxYVZkNWtjQ3FjdzJHL0RSZUw3dEpkWDBDKzRES2tsNzRhTzNsUVF0dXZ3S2lhTXI3L2d2U0dJbzhhbgo4c1ZxUUFzU2RGRkJRemV0YmFKSHlxZ2xoLytUdVRMbTExY3VJMndXbXdZVG90QWx2YVh6UFFIeFZZekcvSUdnCnM1dTNZOGNHUmxUeWdsUGtLdFJvdHlsWURidTloLzBKNzNuMnZ4eDFBb0dBRTVPc3V2bEc0Y3h2NGdtWFFhdy8KSFN0d0RKem9xTEk4NXo3RXFzSFAxZWFrTzFqZHg2Yzhod2JuUngwM3hKTDdHSVo3ZDJIMTBsYnZJU01DQng5egp0bHFsSFlSYVFzcjFQZitUUE9CUXpOVTNXT0hhcjlKNUd2UlpGenpSb0dORTFZNWFIQ08vbXRvRlpSdUkzdS9iCnpTSng0cjNCYlBnOXRaa1FVcm5jMEFNQ2dZRUFpWG9TMUkvRWZZVFgrUGhHNUQ3SDhaOTE4bHdsMzZ5Z2c2a2UKaWdSRmQxdDRwMFVTMG1BMlRURitSekJQRXJXdDJoVG9RM1RwQXNYVkdRU2ZCakZZT21vVnY3NFdseEtBRHFmNgpRMmZHSXQyN2NqdGtaQ1VaVzlySC9tSDJQNVc1VGFOTjExSWt3WlRPdGpvMEtJT3ZzcnVvZDNmMmVyYXkxUHk1Cnk1WG1FYVVDZ1lFQW5RK1kxOFBCcTZ4czdORmc0Vld3QWdhdEQxMkFhSjhnK1BJMUkxbThMM0wzU2Q1WExxMU8KSzVNV1BuVzVqaFJ3Wll5RklCczdiSlNoODQ2YUlkUWU1anRudXpURHZlRFZBRmsySllLSXpiSEVEb3ZYajF2MApJdTZnNUZoZml2RE1BTjIyNHM4RjhFREFkdjZiWmVlSHFVVkhvdkI1V3Vhd3BSOVhoV216QXRnPQotLS0tLUVORCBSU0EgUFJJVkFURSBLRVktLS0tLQo=",
              "cluster_cert": "LS0tLS1CRUdJTiBDRVJUSUZJQ0FURS0tLS0tCk1JSURUakNDQWphZ0F3SUJBZ0lVY0FGMmY4R1VmRWNPWk4yWG1PK0oxYkRraXJvd0RRWUpLb1pJaHZjTkFRRUwKQlFBd1BqRW5NQThHQTFVRUNoTUlhR0Z1WjNwb2IzVXdGQVlEVlFRS0V3MWhiR2xpWVdKaElHTnNiM1ZrTVJNdwpFUVlEVlFRREV3cHJkV0psY201bGRHVnpNQ0FYRFRJME1EUXhOVEEyTXpFd01Gb1lEekl3TlRRd05EQTRNRFl6Ck1UQXdXakErTVNjd0R3WURWUVFLRXdob1lXNW5lbWh2ZFRBVUJnTlZCQW9URFdGc2FXSmhZbUVnWTJ4dmRXUXgKRXpBUkJnTlZCQU1UQ210MVltVnlibVYwWlhNd2dnRWlNQTBHQ1NxR1NJYjNEUUVCQVFVQUE0SUJEd0F3Z2dFSwpBb0lCQVFDN29lMFdrVE1FV3JoN2pVQXFRb1loTGh2NnNyMVg3cHNycDl5N0tmYTNNOUczek93ZTF1VTkyOGs2CjhJZG1OWS93ekR3TCtkcTF4ZnlRNVdTdTk0aVpGdE9CVXFDdXJlZGdFK3lkdFJTcWdsQkdPU05uVXpHY3MxMTUKOW1hUGFIWm9xN29WY05nZmM2cUxPa3FXTytvV2FFWjY1ZHp6SXF5TTRJaXdRRUovQ3FRVDJXMW5jYmRyb05iOQowMktuVXNYWjYwS040V2RZTGNXd09Rd1pHWjNIaHpvSnBxZSt3Rkg3cGRlUldVVXJnT2x1S3kvQkVDTHMxVkZBCjVMR3hYem1nS3Z4aTFXODM0MjZnUFNxYnByUUtoNlI5S0draFlRSnFIVUI3OTE2NTJUZjZhb201UTNIa1cxc0UKaEJrbGtsV2grVjFiV0tzMlZBOGR1WWsxenNqeEFnTUJBQUdqUWpCQU1BNEdBMVVkRHdFQi93UUVBd0lDckRBUApCZ05WSFJNQkFmOEVCVEFEQVFIL01CMEdBMVVkRGdRV0JCVFFuMGlobjJSRXRtOTRRWGlaWUVWV29NRlVTekFOCkJna3Foa2lHOXcwQkFRc0ZBQU9DQVFFQU1PYkNQZjRCbllFTmxGTkFieGlmNHJiNTJuUi9FM3ZZWnlia0xDVUQKSVVqSG9XbU5ScnY4U245OWFhSUN3Vm40VlluVkFTUXIrMDQzOXpZT09VRmNEaFN4RTJHRnR0T3FLOHYwc1JSZApPMC82Yjh5dE1mc1NvWldRbDRKWURoTVlCRWlrUzVSTytOZ1prMFZqczJwZWhuSUI0dnFDcUFRTmpHbHJzZUFPCmJxeG8vV2ZIdlpWQWNvcjJJMEJjcVg1dTZ1WUpyTHY3enJ0VFlJSnFtWWFEVVV5MDgxdTducE9mVHlkanM2NkEKYTV5TVlkbkNQOXpKdUlRUzY3S1NXT0xlZ3djYWVqeTB4bFR3MGZRZnJMdXEyejg3WENaRHRDK0pGYW1jMHNjSApTVUlnMGZPVk43RkszUGlsOGF3ZTA0aUhacDRYaTJKbHJzRVQ3aGo1N2RmMkZ3PT0KLS0tLS1FTkQgQ0VSVElGSUNBVEUtLS0tLQo="
            },
            "client_cert": null,
            "client_key": null,
            "cluster_ca_cert": null,
            "cluster_domain": "cluster.local",
            "cluster_network_type": null,
            "cluster_spec": "ack.pro.small",
            "connections": {
              "api_server_internet": "https://116.62.203.0:6443",
              "api_server_intranet": "https://192.168.8.12:6443",
              "master_public_ip": "116.62.203.0",
              "service_domain": "*.c8a371e911ab1418caaa504047a30f140.cn-hangzhou.alicontainer.com"
            },
            "control_plane_log_components": null,
            "control_plane_log_project": null,
            "control_plane_log_ttl": null,
            "cpu_policy": null,
            "custom_san": null,
            "deletion_protection": false,
            "enable_rrsa": false,
            "enable_ssh": null,
            "encryption_provider_key": null,
            "exclude_autoscaler_nodes": null,
            "force_update": null,
            "id": "c8a371e911ab1418caaa504047a30f140",
            "image_id": null,
            "install_cloud_monitor": null,
            "is_enterprise_security_group": null,
            "key_name": null,
            "kms_encrypted_password": null,
            "kms_encryption_context": null,
            "kube_config": null,
            "load_balancer_spec": "slb.s1.small",
            "log_config": [],
            "maintenance_window": [
              {
                "duration": "",
                "enable": false,
                "maintenance_time": "",
                "weekly_period": ""
              }
            ],
            "name": "terraform-example-32538",
            "name_prefix": "Terraform-Creation",
            "nat_gateway_id": "ngw-bp1eznufyf9tdskqz8vzh",
            "new_nat_gateway": true,
            "node_cidr_mask": 26,
            "node_name_mode": null,
            "node_port_range": null,
            "os_type": "Linux",
            "password": null,
            "platform": "CentOS",
            "pod_cidr": "10.95.0.0/16",
            "pod_vswitch_ids": null,
            "proxy_mode": "ipvs",
            "rds_instances": null,
            "resource_group_id": "rg-acfmzaq3ypaqkdy",
            "retain_resources": null,
            "rrsa_metadata": [
              {
                "enabled": false,
                "ram_oidc_provider_arn": "",
                "ram_oidc_provider_name": "",
                "rrsa_oidc_issuer_url": ""
              }
            ],
            "runtime": null,
            "security_group_id": "sg-bp1iflo6y5t1s4j9nyxj",
            "service_account_issuer": null,
            "service_cidr": "172.23.0.0/16",
            "slb_id": "lb-bp1ew27om7efjvuvts5gx",
            "slb_internet": "116.62.203.0",
            "slb_internet_enabled": true,
            "slb_intranet": "192.168.8.12",
            "tags": null,
            "taints": [],
            "timeouts": null,
            "timezone": null,
            "user_ca": null,
            "user_data": null,
            "version": "1.24.6-aliyun.1",
            "vpc_id": "vpc-bp1nos1gh5y8puf4asfpo",
            "vswitch_ids": null,
            "worker_auto_renew": null,
            "worker_auto_renew_period": null,
            "worker_data_disk_category": null,
            "worker_data_disk_size": null,
            "worker_data_disks": [],
            "worker_disk_category": null,
            "worker_disk_performance_level": null,
            "worker_disk_size": null,
            "worker_disk_snapshot_policy_id": null,
            "worker_instance_charge_type": null,
            "worker_instance_type": null,
            "worker_instance_types": null,
            "worker_nodes": null,
            "worker_number": null,
            "worker_numbers": null,
            "worker_period": null,
            "worker_period_unit": null,
            "worker_ram_role_name": "KubernetesWorkerRole-9e7a7d11-6bad-4222-8a89-009b4502a645",
            "worker_vswitch_ids": [
              "vsw-bp1pftfpllxr811r4p4mx"
            ]
          },
          "sensitive_attributes": [],
          "private": "eyJlMmJmYjczMC1lY2FhLTExZTYtOGY4OC0zNDM2M2JjN2M0YzAiOnsiY3JlYXRlIjo1NDAwMDAwMDAwMDAwLCJkZWxldGUiOjM2MDAwMDAwMDAwMDAsInVwZGF0ZSI6MzYwMDAwMDAwMDAwMH19",
          "dependencies": [
            "alicloud_vpc.vpc",
            "alicloud_vswitch.vswitch",
            "data.alicloud_enhanced_nat_available_zones.enhanced",
            "random_integer.default"
          ]
        }
      ]
    },
    {
      "mode": "managed",
      "type": "alicloud_key_pair",
      "name": "default",
      "provider": "provider[\"registry.terraform.io/aliyun/alicloud\"]",
      "instances": [
        {
          "schema_version": 0,
          "attributes": {
            "finger_print": "287b39a15c8b251d512aae10048d9532",
            "id": "terraform-example-32538",
            "key_file": null,
            "key_name": "terraform-example-32538",
            "key_name_prefix": null,
            "key_pair_name": "terraform-example-32538",
            "public_key": null,
            "resource_group_id": "",
            "tags": null,
            "timeouts": null
          },
          "sensitive_attributes": [],
          "private": "eyJlMmJmYjczMC1lY2FhLTExZTYtOGY4OC0zNDM2M2JjN2M0YzAiOnsiZGVsZXRlIjozMDAwMDAwMDAwMDB9fQ==",
          "dependencies": [
            "random_integer.default"
          ]
        }
      ]
    },
    {
      "mode": "managed",
      "type": "alicloud_snapshot_policy",
      "name": "default",
      "provider": "provider[\"registry.terraform.io/aliyun/alicloud\"]",
      "instances": [
        {
          "schema_version": 0,
          "attributes": {
            "copied_snapshots_retention_days": -1,
            "enable_cross_region_copy": false,
            "id": "sp-bp18mi6nojlwlw301g76",
            "name": "terraform-example",
            "repeat_weekdays": [
              "1",
              "2",
              "3"
            ],
            "retention_days": -1,
            "status": "Normal",
            "tags": null,
            "target_copy_regions": null,
            "time_points": [
              "1",
              "22",
              "23"
            ],
            "timeouts": null
          },
          "sensitive_attributes": [],
          "private": "eyJlMmJmYjczMC1lY2FhLTExZTYtOGY4OC0zNDM2M2JjN2M0YzAiOnsiY3JlYXRlIjoxMjAwMDAwMDAwMDAsImRlbGV0ZSI6MTgwMDAwMDAwMDAwfX0="
        }
      ]
    },
    {
      "mode": "managed",
      "type": "alicloud_vpc",
      "name": "vpc",
      "provider": "provider[\"registry.terraform.io/aliyun/alicloud\"]",
      "instances": [
        {
          "schema_version": 0,
          "attributes": {
            "cidr_block": "192.168.0.0/16",
            "classic_link_enabled": false,
            "create_time": "2024-04-15T06:33:14Z",
            "description": "terraform-example",
            "dry_run": null,
            "enable_ipv6": null,
            "id": "vpc-bp1nos1gh5y8puf4asfpo",
            "ipv6_cidr_block": "",
            "ipv6_cidr_blocks": [],
            "ipv6_isp": null,
            "name": "terraform-example",
            "resource_group_id": "rg-acfmzaq3ypaqkdy",
            "route_table_id": "vtb-bp16vlua8octsc5yjkcr2",
            "router_id": "vrt-bp141oj1nw3avdxyqmljh",
            "router_table_id": "vtb-bp16vlua8octsc5yjkcr2",
            "secondary_cidr_blocks": [],
            "status": "Available",
            "tags": null,
            "timeouts": null,
            "user_cidrs": [],
            "vpc_name": "terraform-example"
          },
          "sensitive_attributes": [],
          "private": "eyJlMmJmYjczMC1lY2FhLTExZTYtOGY4OC0zNDM2M2JjN2M0YzAiOnsiY3JlYXRlIjozMDAwMDAwMDAwMDAsImRlbGV0ZSI6MzAwMDAwMDAwMDAwLCJ1cGRhdGUiOjMwMDAwMDAwMDAwMH19"
        }
      ]
    },
    {
      "mode": "managed",
      "type": "alicloud_vswitch",
      "name": "vswitch",
      "provider": "provider[\"registry.terraform.io/aliyun/alicloud\"]",
      "instances": [
        {
          "schema_version": 0,
          "attributes": {
            "availability_zone": "cn-hangzhou-g",
            "cidr_block": "192.168.8.0/24",
            "create_time": "2024-04-15T06:33:19Z",
            "description": "terraform-example",
            "enable_ipv6": null,
            "id": "vsw-bp1pftfpllxr811r4p4mx",
            "ipv6_cidr_block": "",
            "ipv6_cidr_block_mask": null,
            "name": "terraform-example",
            "status": "Available",
            "tags": null,
            "timeouts": null,
            "vpc_id": "vpc-bp1nos1gh5y8puf4asfpo",
            "vswitch_name": "terraform-example",
            "zone_id": "cn-hangzhou-g"
          },
          "sensitive_attributes": [],
          "private": "eyJlMmJmYjczMC1lY2FhLTExZTYtOGY4OC0zNDM2M2JjN2M0YzAiOnsiY3JlYXRlIjozMDAwMDAwMDAwMDAsImRlbGV0ZSI6NjAwMDAwMDAwMDAwLCJ1cGRhdGUiOjMwMDAwMDAwMDAwMH19",
          "dependencies": [
            "alicloud_vpc.vpc",
            "data.alicloud_enhanced_nat_available_zones.enhanced"
          ]
        }
      ]
    },
    {
      "mode": "managed",
      "type": "random_integer",
      "name": "default",
      "provider": "provider[\"registry.terraform.io/hashicorp/random\"]",
      "instances": [
        {
          "schema_version": 0,
          "attributes": {
            "id": "32538",
            "keepers": null,
            "max": 99999,
            "min": 10000,
            "result": 32538,
            "seed": null
          },
          "sensitive_attributes": []
        }
      ]
    }
  ],
  "check_results": null
}
