{
  "version": 4,
  "terraform_version": "1.7.5",
  "serial": 3,
  "lineage": "28b35349-640f-8584-1190-592bd90e5682",
  "outputs": {},
  "resources": [
    {
      "mode": "data",
      "type": "alicloud_resource_manager_folders",
      "name": "example",
      "provider": "provider[\"registry.terraform.io/aliyun/alicloud\"]",
      "instances": [
        {
          "schema_version": 0,
          "attributes": {
            "enable_details": false,
            "folders": [
              {
                "folder_id": "fd-BhDo45sm44",
                "folder_name": "tf-example-57739",
                "id": "fd-BhDo45sm44",
                "parent_folder_id": ""
              },
              {
                "folder_id": "fd-B47d3WHJpe",
                "folder_name": "tf-example-24957",
                "id": "fd-B47d3WHJpe",
                "parent_folder_id": ""
              },
              {
                "folder_id": "fd-bIeb7TWQj4",
                "folder_name": "tf-example-51950",
                "id": "fd-bIeb7TWQj4",
                "parent_folder_id": ""
              },
              {
                "folder_id": "fd-BInMaGR3vU",
                "folder_name": "tf-testAcc8673377",
                "id": "fd-BInMaGR3vU",
                "parent_folder_id": ""
              },
              {
                "folder_id": "fd-bPyRcpv22e",
                "folder_name": "tf-example-20423",
                "id": "fd-bPyRcpv22e",
                "parent_folder_id": ""
              },
              {
                "folder_id": "fd-bMx5coUhAI",
                "folder_name": "tf-example-92254",
                "id": "fd-bMx5coUhAI",
                "parent_folder_id": ""
              },
              {
                "folder_id": "fd-CDufFY4cgQ",
                "folder_name": "tf-example-27779",
                "id": "fd-CDufFY4cgQ",
                "parent_folder_id": ""
              },
              {
                "folder_id": "fd-bzGbs2GbW4",
                "folder_name": "tf-testAcc2546441update",
                "id": "fd-bzGbs2GbW4",
                "parent_folder_id": ""
              },
              {
                "folder_id": "fd-cb4JAMk5fu",
                "folder_name": "tf-example-70500",
                "id": "fd-cb4JAMk5fu",
                "parent_folder_id": ""
              },
              {
                "folder_id": "fd-CCyhC254Au",
                "folder_name": "tf-example-23909",
                "id": "fd-CCyhC254Au",
                "parent_folder_id": ""
              },
              {
                "folder_id": "fd-bNbhDnZsEU",
                "folder_name": "tf-example-21675",
                "id": "fd-bNbhDnZsEU",
                "parent_folder_id": ""
              },
              {
                "folder_id": "fd-BPxL27LoIA",
                "folder_name": "tf-example-51403",
                "id": "fd-BPxL27LoIA",
                "parent_folder_id": ""
              },
              {
                "folder_id": "fd-be2D6TS24y",
                "folder_name": "tf-example",
                "id": "fd-be2D6TS24y",
                "parent_folder_id": ""
              },
              {
                "folder_id": "fd-1LAvudqlmC",
                "folder_name": "tfaccxinmuyha0812",
                "id": "fd-1LAvudqlmC",
                "parent_folder_id": ""
              },
              {
                "folder_id": "fd-7p8hhRb976",
                "folder_name": "test1",
                "id": "fd-7p8hhRb976",
                "parent_folder_id": ""
              }
            ],
            "id": "4074529474",
            "ids": [
              "fd-BhDo45sm44",
              "fd-B47d3WHJpe",
              "fd-bIeb7TWQj4",
              "fd-BInMaGR3vU",
              "fd-bPyRcpv22e",
              "fd-bMx5coUhAI",
              "fd-CDufFY4cgQ",
              "fd-bzGbs2GbW4",
              "fd-cb4JAMk5fu",
              "fd-CCyhC254Au",
              "fd-bNbhDnZsEU",
              "fd-BPxL27LoIA",
              "fd-be2D6TS24y",
              "fd-1LAvudqlmC",
              "fd-7p8hhRb976"
            ],
            "name_regex": null,
            "names": [
              "tf-example-57739",
              "tf-example-24957",
              "tf-example-51950",
              "tf-testAcc8673377",
              "tf-example-20423",
              "tf-example-92254",
              "tf-example-27779",
              "tf-testAcc2546441update",
              "tf-example-70500",
              "tf-example-23909",
              "tf-example-21675",
              "tf-example-51403",
              "tf-example",
              "tfaccxinmuyha0812",
              "test1"
            ],
            "output_file": null,
            "parent_folder_id": null,
            "query_keyword": null
          },
          "sensitive_attributes": []
        }
      ]
    },
    {
      "mode": "managed",
      "type": "alicloud_resource_manager_account",
      "name": "example",
      "provider": "provider[\"registry.terraform.io/aliyun/alicloud\"]",
      "instances": [
        {
          "schema_version": 0,
          "attributes": {
            "abandon_able_check_id": null,
            "account_name_prefix": null,
            "display_name": "EAccount-37048",
            "folder_id": "fd-BhDo45sm44",
            "id": "1472813439152052",
            "join_method": "created",
            "join_time": "2024-04-18T11:19:12.953Z",
            "modify_time": "2024-04-18T11:19:12.953Z",
            "payer_account_id": "",
            "resource_directory_id": "rd-5EeXTn",
            "status": "CreateSuccess",
            "tags": null,
            "timeouts": null,
            "type": "ResourceAccount"
          },
          "sensitive_attributes": [],
          "private": "eyJlMmJmYjczMC1lY2FhLTExZTYtOGY4OC0zNDM2M2JjN2M0YzAiOnsiY3JlYXRlIjoxODAwMDAwMDAwMDAsImRlbGV0ZSI6MzAwMDAwMDAwMDAwLCJ1cGRhdGUiOjE4MDAwMDAwMDAwMH19",
          "dependencies": [
            "data.alicloud_resource_manager_folders.example",
            "random_integer.default"
          ]
        }
      ]
    },
    {
      "mode": "managed",
      "type": "random_integer",
      "name": "default",
      "provider": "provider[\"registry.terraform.io/hashicorp/random\"]",
      "instances": [
        {
          "schema_version": 0,
          "attributes": {
            "id": "37048",
            "keepers": null,
            "max": 99999,
            "min": 10000,
            "result": 37048,
            "seed": null
          },
          "sensitive_attributes": []
        }
      ]
    }
  ],
  "check_results": null
}
