{
  "version": 4,
  "terraform_version": "1.7.5",
  "serial": 45,
  "lineage": "38d8e545-fb0b-ce32-c9c9-062b4b928cbc",
  "outputs": {},
  "resources": [
    {
      "mode": "data",
      "type": "alicloud_db_instance_classes",
      "name": "example",
      "provider": "provider[\"registry.terraform.io/aliyun/alicloud\"]",
      "instances": [
        {
          "schema_version": 0,
          "attributes": {
            "category": "Basic",
            "commodity_code": null,
            "db_instance_class": null,
            "db_instance_id": null,
            "db_instance_storage_type": "cloud_essd",
            "engine": "MySQL",
            "engine_version": "8.0",
            "id": "3588696447",
            "ids": [
              "mysql.n1e.small.1",
              "mysql.n2e.small.1",
              "mysql.n1e.medium.1",
              "mysql.n2e.medium.1",
              "mysql.n2.medium.1",
              "mysql.n1.micro.1",
              "mysql.n2.small.1",
              "mysql.n4.medium.1",
              "mysql.n2.large.1",
              "mysql.n4.large.1",
              "mysql.n2.xlarge.1",
              "mysql.n4.xlarge.1"
            ],
            "instance_charge_type": "PostPaid",
            "instance_classes": [
              {
                "instance_class": "mysql.n1e.small.1",
                "price": "",
                "storage_range": {
                  "max": "64000",
                  "min": "20",
                  "step": "5"
                },
                "zone_ids": [
                  {
                    "id": "eu-central-1a",
                    "sub_zone_ids": []
                  }
                ]
              },
              {
                "instance_class": "mysql.n2e.small.1",
                "price": "",
                "storage_range": {
                  "max": "64000",
                  "min": "20",
                  "step": "5"
                },
                "zone_ids": [
                  {
                    "id": "eu-central-1a",
                    "sub_zone_ids": []
                  }
                ]
              },
              {
                "instance_class": "mysql.n1e.medium.1",
                "price": "",
                "storage_range": {
                  "max": "64000",
                  "min": "20",
                  "step": "5"
                },
                "zone_ids": [
                  {
                    "id": "eu-central-1a",
                    "sub_zone_ids": []
                  }
                ]
              },
              {
                "instance_class": "mysql.n2e.medium.1",
                "price": "",
                "storage_range": {
                  "max": "64000",
                  "min": "20",
                  "step": "5"
                },
                "zone_ids": [
                  {
                    "id": "eu-central-1a",
                    "sub_zone_ids": []
                  }
                ]
              },
              {
                "instance_class": "mysql.n2.medium.1",
                "price": "",
                "storage_range": {
                  "max": "64000",
                  "min": "20",
                  "step": "5"
                },
                "zone_ids": [
                  {
                    "id": "eu-central-1a",
                    "sub_zone_ids": []
                  }
                ]
              },
              {
                "instance_class": "mysql.n1.micro.1",
                "price": "",
                "storage_range": {
                  "max": "64000",
                  "min": "20",
                  "step": "5"
                },
                "zone_ids": [
                  {
                    "id": "eu-central-1a",
                    "sub_zone_ids": []
                  }
                ]
              },
              {
                "instance_class": "mysql.n2.small.1",
                "price": "",
                "storage_range": {
                  "max": "64000",
                  "min": "20",
                  "step": "5"
                },
                "zone_ids": [
                  {
                    "id": "eu-central-1a",
                    "sub_zone_ids": []
                  }
                ]
              },
              {
                "instance_class": "mysql.n4.medium.1",
                "price": "",
                "storage_range": {
                  "max": "64000",
                  "min": "20",
                  "step": "5"
                },
                "zone_ids": [
                  {
                    "id": "eu-central-1a",
                    "sub_zone_ids": []
                  }
                ]
              },
              {
                "instance_class": "mysql.n2.large.1",
                "price": "",
                "storage_range": {
                  "max": "64000",
                  "min": "20",
                  "step": "5"
                },
                "zone_ids": [
                  {
                    "id": "eu-central-1a",
                    "sub_zone_ids": []
                  }
                ]
              },
              {
                "instance_class": "mysql.n4.large.1",
                "price": "",
                "storage_range": {
                  "max": "64000",
                  "min": "20",
                  "step": "5"
                },
                "zone_ids": [
                  {
                    "id": "eu-central-1a",
                    "sub_zone_ids": []
                  }
                ]
              },
              {
                "instance_class": "mysql.n2.xlarge.1",
                "price": "",
                "storage_range": {
                  "max": "64000",
                  "min": "20",
                  "step": "5"
                },
                "zone_ids": [
                  {
                    "id": "eu-central-1a",
                    "sub_zone_ids": []
                  }
                ]
              },
              {
                "instance_class": "mysql.n4.xlarge.1",
                "price": "",
                "storage_range": {
                  "max": "64000",
                  "min": "20",
                  "step": "5"
                },
                "zone_ids": [
                  {
                    "id": "eu-central-1a",
                    "sub_zone_ids": []
                  }
                ]
              }
            ],
            "multi_zone": false,
            "output_file": null,
            "sorted_by": null,
            "storage_type": null,
            "zone_id": "eu-central-1a"
          },
          "sensitive_attributes": []
        }
      ]
    },
    {
      "mode": "data",
      "type": "alicloud_db_zones",
      "name": "example",
      "provider": "provider[\"registry.terraform.io/aliyun/alicloud\"]",
      "instances": [
        {
          "schema_version": 0,
          "attributes": {
            "category": "Basic",
            "db_instance_class": null,
            "db_instance_storage_type": "cloud_essd",
            "engine": "MySQL",
            "engine_version": "8.0",
            "id": "3275528360",
            "ids": [
              "eu-central-1a",
              "eu-central-1b"
            ],
            "instance_charge_type": "PostPaid",
            "multi": false,
            "multi_zone": false,
            "output_file": null,
            "zones": [
              {
                "id": "eu-central-1a",
                "multi_zone_ids": []
              },
              {
                "id": "eu-central-1b",
                "multi_zone_ids": []
              }
            ]
          },
          "sensitive_attributes": []
        }
      ]
    },
    {
      "mode": "data",
      "type": "alicloud_regions",
      "name": "example",
      "provider": "provider[\"registry.terraform.io/aliyun/alicloud\"]",
      "instances": [
        {
          "schema_version": 0,
          "attributes": {
            "current": true,
            "id": "1014239786",
            "ids": [
              "eu-central-1"
            ],
            "name": null,
            "output_file": null,
            "regions": [
              {
                "id": "eu-central-1",
                "local_name": "德国（法兰克福）",
                "region_id": "eu-central-1"
              }
            ]
          },
          "sensitive_attributes": []
        }
      ]
    },
    {
      "mode": "managed",
      "type": "alicloud_db_account_privilege",
      "name": "example",
      "provider": "provider[\"registry.terraform.io/aliyun/alicloud\"]",
      "instances": [
        {
          "index_key": 0,
          "schema_version": 0,
          "attributes": {
            "account_name": "example_name_1",
            "db_names": [
              "terraform-example_1"
            ],
            "id": "rm-gw85dt80mbq7snu3f:example_name_1:ReadWrite",
            "instance_id": "rm-gw85dt80mbq7snu3f",
            "privilege": "ReadWrite"
          },
          "sensitive_attributes": [],
          "private": "bnVsbA==",
          "dependencies": [
            "alicloud_db_database.example",
            "alicloud_db_instance.example",
            "alicloud_rds_account.example",
            "alicloud_security_group.example",
            "alicloud_vpc.example",
            "alicloud_vswitch.example",
            "data.alicloud_db_instance_classes.example",
            "data.alicloud_db_zones.example"
          ]
        },
        {
          "index_key": 1,
          "schema_version": 0,
          "attributes": {
            "account_name": "example_name_2",
            "db_names": [
              "terraform-example_2"
            ],
            "id": "rm-gw80m1q6dkfo1th31:example_name_2:ReadWrite",
            "instance_id": "rm-gw80m1q6dkfo1th31",
            "privilege": "ReadWrite"
          },
          "sensitive_attributes": [],
          "private": "bnVsbA==",
          "dependencies": [
            "alicloud_db_database.example",
            "alicloud_db_instance.example",
            "alicloud_rds_account.example",
            "alicloud_security_group.example",
            "alicloud_vpc.example",
            "alicloud_vswitch.example",
            "data.alicloud_db_instance_classes.example",
            "data.alicloud_db_zones.example"
          ]
        }
      ]
    },
    {
      "mode": "managed",
      "type": "alicloud_db_database",
      "name": "example",
      "provider": "provider[\"registry.terraform.io/aliyun/alicloud\"]",
      "instances": [
        {
          "index_key": 0,
          "schema_version": 0,
          "attributes": {
            "character_set": "utf8",
            "description": "",
            "id": "rm-gw85dt80mbq7snu3f:terraform-example_1",
            "instance_id": "rm-gw85dt80mbq7snu3f",
            "name": "terraform-example_1"
          },
          "sensitive_attributes": [],
          "private": "bnVsbA==",
          "dependencies": [
            "alicloud_db_instance.example",
            "alicloud_security_group.example",
            "alicloud_vpc.example",
            "alicloud_vswitch.example",
            "data.alicloud_db_instance_classes.example",
            "data.alicloud_db_zones.example"
          ]
        },
        {
          "index_key": 1,
          "schema_version": 0,
          "attributes": {
            "character_set": "utf8",
            "description": "",
            "id": "rm-gw80m1q6dkfo1th31:terraform-example_2",
            "instance_id": "rm-gw80m1q6dkfo1th31",
            "name": "terraform-example_2"
          },
          "sensitive_attributes": [],
          "private": "bnVsbA==",
          "dependencies": [
            "alicloud_db_instance.example",
            "alicloud_security_group.example",
            "alicloud_vpc.example",
            "alicloud_vswitch.example",
            "data.alicloud_db_instance_classes.example",
            "data.alicloud_db_zones.example"
          ]
        }
      ]
    },
    {
      "mode": "managed",
      "type": "alicloud_db_instance",
      "name": "example",
      "provider": "provider[\"registry.terraform.io/aliyun/alicloud\"]",
      "instances": [
        {
          "index_key": 0,
          "schema_version": 0,
          "attributes": {
            "acl": "",
            "auto_renew": null,
            "auto_renew_period": null,
            "auto_upgrade_minor_version": "Auto",
            "babelfish_config": [],
            "babelfish_port": null,
            "ca_type": "",
            "category": "Basic",
            "client_ca_cert": "",
            "client_ca_enabled": 0,
            "client_cert_revocation_list": "",
            "client_crl_enabled": 0,
            "connection_string": "rm-gw85dt80mbq7snu3f.mysql.germany.rds.aliyuncs.com",
            "connection_string_prefix": "rm-gw85dt80mbq7snu3f",
            "create_time": "2024-04-15T07:33:31Z",
            "db_instance_ip_array_attribute": "",
            "db_instance_ip_array_name": "",
            "db_instance_storage_type": "cloud_essd",
            "db_instance_type": "Primary",
            "db_is_ignore_case": null,
            "db_time_zone": "Europe/Berlin",
            "deletion_protection": false,
            "direction": null,
            "effective_time": null,
            "encryption_key": null,
            "engine": "MySQL",
            "engine_version": "8.0",
            "force": null,
            "force_restart": false,
            "fresh_white_list_readins": null,
            "ha_config": "Auto",
            "id": "rm-gw85dt80mbq7snu3f",
            "instance_charge_type": "Postpaid",
            "instance_name": "terraform-example_1",
            "instance_storage": 20,
            "instance_type": "mysql.n1e.small.1",
            "maintain_time": "18:00Z-22:00Z",
            "manual_ha_time": "",
            "modify_mode": null,
            "monitoring_period": 60,
            "node_id": "100515884",
            "parameters": [],
            "period": 0,
            "pg_hba_conf": [],
            "port": "3306",
            "private_ip_address": "172.16.0.195",
            "released_keep_policy": null,
            "replication_acl": "",
            "resource_group_id": "rg-acfmzaq3ypaqkdy",
            "role_arn": null,
            "security_group_id": "sg-gw86laktylj68d645x9c",
            "security_group_ids": [
              "sg-gw86laktylj68d645x9c"
            ],
            "security_ip_mode": "normal",
            "security_ip_type": "",
            "security_ips": [
              "127.0.0.1"
            ],
            "server_cert": "",
            "server_key": "",
            "serverless_config": [],
            "sql_collector_config_value": 30,
            "sql_collector_status": "Disabled",
            "ssl_action": "Close",
            "ssl_connection_string": "",
            "ssl_status": "No",
            "status": "Running",
            "storage_auto_scale": "",
            "storage_threshold": 0,
            "storage_upper_bound": 0,
            "switch_time": null,
            "tags": null,
            "target_minor_version": "rds_20240131",
            "tcp_connection_type": "LONG",
            "tde_status": null,
            "timeouts": null,
            "upgrade_db_instance_kernel_version": null,
            "upgrade_time": null,
            "vpc_id": "vpc-gw8ngdna4dx3bzl91zhnv",
            "vswitch_id": "vsw-gw8urruy84ytij6v5hfj8",
            "whitelist_network_type": "",
            "zone_id": "eu-central-1a",
            "zone_id_slave_a": null,
            "zone_id_slave_b": null
          },
          "sensitive_attributes": [],
          "private": "eyJlMmJmYjczMC1lY2FhLTExZTYtOGY4OC0zNDM2M2JjN2M0YzAiOnsiY3JlYXRlIjozMDAwMDAwMDAwMDAwLCJkZWxldGUiOjEyMDAwMDAwMDAwMDAsInVwZGF0ZSI6MTgwMDAwMDAwMDAwMH19",
          "dependencies": [
            "alicloud_security_group.example",
            "alicloud_vpc.example",
            "alicloud_vswitch.example",
            "data.alicloud_db_instance_classes.example",
            "data.alicloud_db_zones.example"
          ]
        },
        {
          "index_key": 1,
          "schema_version": 0,
          "attributes": {
            "acl": "",
            "auto_renew": null,
            "auto_renew_period": null,
            "auto_upgrade_minor_version": "Auto",
            "babelfish_config": [],
            "babelfish_port": null,
            "ca_type": "",
            "category": "Basic",
            "client_ca_cert": "",
            "client_ca_enabled": 0,
            "client_cert_revocation_list": "",
            "client_crl_enabled": 0,
            "connection_string": "rm-gw80m1q6dkfo1th31.mysql.germany.rds.aliyuncs.com",
            "connection_string_prefix": "rm-gw80m1q6dkfo1th31",
            "create_time": "2024-04-15T07:33:31Z",
            "db_instance_ip_array_attribute": "",
            "db_instance_ip_array_name": "",
            "db_instance_storage_type": "cloud_essd",
            "db_instance_type": "Primary",
            "db_is_ignore_case": null,
            "db_time_zone": "Europe/Berlin",
            "deletion_protection": false,
            "direction": null,
            "effective_time": null,
            "encryption_key": null,
            "engine": "MySQL",
            "engine_version": "8.0",
            "force": null,
            "force_restart": false,
            "fresh_white_list_readins": null,
            "ha_config": "Auto",
            "id": "rm-gw80m1q6dkfo1th31",
            "instance_charge_type": "Postpaid",
            "instance_name": "terraform-example_2",
            "instance_storage": 20,
            "instance_type": "mysql.n1e.small.1",
            "maintain_time": "18:00Z-22:00Z",
            "manual_ha_time": "",
            "modify_mode": null,
            "monitoring_period": 60,
            "node_id": "100515883",
            "parameters": [],
            "period": 0,
            "pg_hba_conf": [],
            "port": "3306",
            "private_ip_address": "172.16.0.196",
            "released_keep_policy": null,
            "replication_acl": "",
            "resource_group_id": "rg-acfmzaq3ypaqkdy",
            "role_arn": null,
            "security_group_id": "sg-gw86laktylj68d645x9c",
            "security_group_ids": [
              "sg-gw86laktylj68d645x9c"
            ],
            "security_ip_mode": "normal",
            "security_ip_type": "",
            "security_ips": [
              "127.0.0.1"
            ],
            "server_cert": "",
            "server_key": "",
            "serverless_config": [],
            "sql_collector_config_value": 30,
            "sql_collector_status": "Disabled",
            "ssl_action": "Close",
            "ssl_connection_string": "",
            "ssl_status": "No",
            "status": "Running",
            "storage_auto_scale": "",
            "storage_threshold": 0,
            "storage_upper_bound": 0,
            "switch_time": null,
            "tags": null,
            "target_minor_version": "rds_20240131",
            "tcp_connection_type": "LONG",
            "tde_status": null,
            "timeouts": null,
            "upgrade_db_instance_kernel_version": null,
            "upgrade_time": null,
            "vpc_id": "vpc-gw8ngdna4dx3bzl91zhnv",
            "vswitch_id": "vsw-gw8urruy84ytij6v5hfj8",
            "whitelist_network_type": "",
            "zone_id": "eu-central-1a",
            "zone_id_slave_a": null,
            "zone_id_slave_b": null
          },
          "sensitive_attributes": [],
          "private": "eyJlMmJmYjczMC1lY2FhLTExZTYtOGY4OC0zNDM2M2JjN2M0YzAiOnsiY3JlYXRlIjozMDAwMDAwMDAwMDAwLCJkZWxldGUiOjEyMDAwMDAwMDAwMDAsInVwZGF0ZSI6MTgwMDAwMDAwMDAwMH19",
          "dependencies": [
            "alicloud_security_group.example",
            "alicloud_vpc.example",
            "alicloud_vswitch.example",
            "data.alicloud_db_instance_classes.example",
            "data.alicloud_db_zones.example"
          ]
        }
      ]
    },
    {
      "mode": "managed",
      "type": "alicloud_dts_migration_instance",
      "name": "example",
      "provider": "provider[\"registry.terraform.io/aliyun/alicloud\"]",
      "instances": [
        {
          "schema_version": 0,
          "attributes": {
            "compute_unit": null,
            "database_count": null,
            "destination_endpoint_engine_name": "MySQL",
            "destination_endpoint_region": "eu-central-1",
            "dts_instance_id": "dtsk59o4lak15sb130",
            "id": "dtsk59o4lak15sb130",
            "instance_class": "small",
            "payment_type": "PayAsYouGo",
            "source_endpoint_engine_name": "MySQL",
            "source_endpoint_region": "eu-central-1",
            "status": "NotConfigured",
            "sync_architecture": "oneway",
            "tags": null
          },
          "sensitive_attributes": [],
          "private": "bnVsbA==",
          "dependencies": [
            "data.alicloud_regions.example"
          ]
        }
      ]
    },
    {
      "mode": "managed",
      "type": "alicloud_dts_migration_job",
      "name": "example",
      "provider": "provider[\"registry.terraform.io/aliyun/alicloud\"]",
      "instances": [
        {
          "schema_version": 0,
          "attributes": {
            "checkpoint": "\u003cnil\u003e",
            "data_initialization": true,
            "data_synchronization": true,
            "db_list": "{\"terraform-example_1\":{\"all\":true,\"name\":\"terraform-example_2\"}}",
            "destination_endpoint_database_name": "",
            "destination_endpoint_engine_name": "MySQL",
            "destination_endpoint_instance_id": "rm-gw80m1q6dkfo1th31",
            "destination_endpoint_instance_type": "RDS",
            "destination_endpoint_ip": "",
            "destination_endpoint_oracle_sid": "",
            "destination_endpoint_password": "example_password_2",
            "destination_endpoint_port": "",
            "destination_endpoint_region": "eu-central-1",
            "destination_endpoint_user_name": "example_name_2",
            "dts_instance_id": "dtsk59o4lak15sb130",
            "dts_job_name": "terraform-example",
            "id": "k59o4lak15sb130",
            "instance_class": null,
            "source_endpoint_database_name": "",
            "source_endpoint_engine_name": "MySQL",
            "source_endpoint_instance_id": "rm-gw85dt80mbq7snu3f",
            "source_endpoint_instance_type": "RDS",
            "source_endpoint_ip": "",
            "source_endpoint_oracle_sid": "",
            "source_endpoint_owner_id": "",
            "source_endpoint_password": "example_password_1",
            "source_endpoint_port": "",
            "source_endpoint_region": "eu-central-1",
            "source_endpoint_role": "",
            "source_endpoint_user_name": "example_name_1",
            "status": "Migrating",
            "structure_initialization": true,
            "timeouts": null
          },
          "sensitive_attributes": [
            [
              {
                "type": "get_attr",
                "value": "source_endpoint_password"
              }
            ],
            [
              {
                "type": "get_attr",
                "value": "destination_endpoint_password"
              }
            ]
          ],
          "private": "eyJlMmJmYjczMC1lY2FhLTExZTYtOGY4OC0zNDM2M2JjN2M0YzAiOnsiY3JlYXRlIjo2MDAwMDAwMDAwMDAsInVwZGF0ZSI6NjAwMDAwMDAwMDAwfX0=",
          "dependencies": [
            "alicloud_db_account_privilege.example",
            "alicloud_db_database.example",
            "alicloud_db_instance.example",
            "alicloud_dts_migration_instance.example",
            "alicloud_rds_account.example",
            "alicloud_security_group.example",
            "alicloud_vpc.example",
            "alicloud_vswitch.example",
            "data.alicloud_db_instance_classes.example",
            "data.alicloud_db_zones.example",
            "data.alicloud_regions.example"
          ]
        }
      ]
    },
    {
      "mode": "managed",
      "type": "alicloud_rds_account",
      "name": "example",
      "provider": "provider[\"registry.terraform.io/aliyun/alicloud\"]",
      "instances": [
        {
          "index_key": 0,
          "schema_version": 0,
          "attributes": {
            "account_description": "",
            "account_name": "example_name_1",
            "account_password": "example_password_1",
            "account_type": "Normal",
            "db_instance_id": "rm-gw85dt80mbq7snu3f",
            "description": "",
            "id": "rm-gw85dt80mbq7snu3f:example_name_1",
            "instance_id": "rm-gw85dt80mbq7snu3f",
            "kms_encrypted_password": null,
            "kms_encryption_context": null,
            "name": "example_name_1",
            "password": null,
            "reset_permission_flag": false,
            "status": "Available",
            "timeouts": null,
            "type": "Normal"
          },
          "sensitive_attributes": [],
          "private": "eyJlMmJmYjczMC1lY2FhLTExZTYtOGY4OC0zNDM2M2JjN2M0YzAiOnsiY3JlYXRlIjoxODAwMDAwMDAwMDAwLCJkZWxldGUiOjMwMDAwMDAwMDAwMCwidXBkYXRlIjozNjAwMDAwMDAwMDB9fQ==",
          "dependencies": [
            "alicloud_db_instance.example",
            "alicloud_security_group.example",
            "alicloud_vpc.example",
            "alicloud_vswitch.example",
            "data.alicloud_db_instance_classes.example",
            "data.alicloud_db_zones.example"
          ]
        },
        {
          "index_key": 1,
          "schema_version": 0,
          "attributes": {
            "account_description": "",
            "account_name": "example_name_2",
            "account_password": "example_password_2",
            "account_type": "Normal",
            "db_instance_id": "rm-gw80m1q6dkfo1th31",
            "description": "",
            "id": "rm-gw80m1q6dkfo1th31:example_name_2",
            "instance_id": "rm-gw80m1q6dkfo1th31",
            "kms_encrypted_password": null,
            "kms_encryption_context": null,
            "name": "example_name_2",
            "password": null,
            "reset_permission_flag": false,
            "status": "Available",
            "timeouts": null,
            "type": "Normal"
          },
          "sensitive_attributes": [],
          "private": "eyJlMmJmYjczMC1lY2FhLTExZTYtOGY4OC0zNDM2M2JjN2M0YzAiOnsiY3JlYXRlIjoxODAwMDAwMDAwMDAwLCJkZWxldGUiOjMwMDAwMDAwMDAwMCwidXBkYXRlIjozNjAwMDAwMDAwMDB9fQ==",
          "dependencies": [
            "alicloud_db_instance.example",
            "alicloud_security_group.example",
            "alicloud_vpc.example",
            "alicloud_vswitch.example",
            "data.alicloud_db_instance_classes.example",
            "data.alicloud_db_zones.example"
          ]
        }
      ]
    },
    {
      "mode": "managed",
      "type": "alicloud_security_group",
      "name": "example",
      "provider": "provider[\"registry.terraform.io/aliyun/alicloud\"]",
      "instances": [
        {
          "schema_version": 0,
          "attributes": {
            "description": "",
            "id": "sg-gw86laktylj68d645x9c",
            "inner_access": true,
            "inner_access_policy": "Accept",
            "name": "terraform-example",
            "resource_group_id": "",
            "security_group_type": "normal",
            "tags": null,
            "timeouts": null,
            "vpc_id": "vpc-gw8ngdna4dx3bzl91zhnv"
          },
          "sensitive_attributes": [],
          "private": "eyJlMmJmYjczMC1lY2FhLTExZTYtOGY4OC0zNDM2M2JjN2M0YzAiOnsiZGVsZXRlIjozNjAwMDAwMDAwMDB9fQ==",
          "dependencies": [
            "alicloud_vpc.example"
          ]
        }
      ]
    },
    {
      "mode": "managed",
      "type": "alicloud_vpc",
      "name": "example",
      "provider": "provider[\"registry.terraform.io/aliyun/alicloud\"]",
      "instances": [
        {
          "schema_version": 0,
          "attributes": {
            "cidr_block": "172.16.0.0/16",
            "classic_link_enabled": false,
            "create_time": "2024-04-15T07:33:09Z",
            "description": "",
            "dry_run": null,
            "enable_ipv6": null,
            "id": "vpc-gw8ngdna4dx3bzl91zhnv",
            "ipv6_cidr_block": "",
            "ipv6_cidr_blocks": [],
            "ipv6_isp": null,
            "name": "terraform-example",
            "resource_group_id": "rg-acfmzaq3ypaqkdy",
            "route_table_id": "vtb-gw8wtalym0kykuinhdl4d",
            "router_id": "vrt-gw82ag18k5n9h2ujdguuk",
            "router_table_id": "vtb-gw8wtalym0kykuinhdl4d",
            "secondary_cidr_blocks": [],
            "status": "Available",
            "tags": null,
            "timeouts": null,
            "user_cidrs": [],
            "vpc_name": "terraform-example"
          },
          "sensitive_attributes": [],
          "private": "eyJlMmJmYjczMC1lY2FhLTExZTYtOGY4OC0zNDM2M2JjN2M0YzAiOnsiY3JlYXRlIjozMDAwMDAwMDAwMDAsImRlbGV0ZSI6MzAwMDAwMDAwMDAwLCJ1cGRhdGUiOjMwMDAwMDAwMDAwMH19"
        }
      ]
    },
    {
      "mode": "managed",
      "type": "alicloud_vswitch",
      "name": "example",
      "provider": "provider[\"registry.terraform.io/aliyun/alicloud\"]",
      "instances": [
        {
          "schema_version": 0,
          "attributes": {
            "availability_zone": "eu-central-1a",
            "cidr_block": "172.16.0.0/24",
            "create_time": "2024-04-15T07:33:14Z",
            "description": "",
            "enable_ipv6": null,
            "id": "vsw-gw8urruy84ytij6v5hfj8",
            "ipv6_cidr_block": "",
            "ipv6_cidr_block_mask": null,
            "name": "terraform-example",
            "status": "Available",
            "tags": null,
            "timeouts": null,
            "vpc_id": "vpc-gw8ngdna4dx3bzl91zhnv",
            "vswitch_name": "terraform-example",
            "zone_id": "eu-central-1a"
          },
          "sensitive_attributes": [],
          "private": "eyJlMmJmYjczMC1lY2FhLTExZTYtOGY4OC0zNDM2M2JjN2M0YzAiOnsiY3JlYXRlIjozMDAwMDAwMDAwMDAsImRlbGV0ZSI6NjAwMDAwMDAwMDAwLCJ1cGRhdGUiOjMwMDAwMDAwMDAwMH19",
          "dependencies": [
            "alicloud_vpc.example",
            "data.alicloud_db_zones.example"
          ]
        }
      ]
    }
  ],
  "check_results": null
}
