{
  "version": 4,
  "terraform_version": "1.7.5",
  "serial": 9,
  "lineage": "c1532664-3e39-d224-bdf3-c40219790236",
  "outputs": {},
  "resources": [
    {
      "mode": "data",
      "type": "alicloud_zones",
      "name": "default",
      "provider": "provider[\"registry.terraform.io/aliyun/alicloud\"]",
      "instances": [
        {
          "schema_version": 0,
          "attributes": {
            "available_disk_category": null,
            "available_instance_type": null,
            "available_resource_creation": "VSwitch",
            "available_slb_address_ip_version": null,
            "available_slb_address_type": null,
            "enable_details": false,
            "id": "954762479",
            "ids": [
              "eu-central-1a",
              "eu-central-1b",
              "eu-central-1c"
            ],
            "instance_charge_type": "PostPaid",
            "multi": false,
            "network_type": null,
            "output_file": null,
            "spot_strategy": "NoSpot",
            "zones": [
              {
                "available_disk_categories": [],
                "available_instance_types": [],
                "available_resource_creation": [],
                "id": "eu-central-1a",
                "local_name": "",
                "multi_zone_ids": [],
                "slb_slave_zone_ids": []
              },
              {
                "available_disk_categories": [],
                "available_instance_types": [],
                "available_resource_creation": [],
                "id": "eu-central-1b",
                "local_name": "",
                "multi_zone_ids": [],
                "slb_slave_zone_ids": []
              },
              {
                "available_disk_categories": [],
                "available_instance_types": [],
                "available_resource_creation": [],
                "id": "eu-central-1c",
                "local_name": "",
                "multi_zone_ids": [],
                "slb_slave_zone_ids": []
              }
            ]
          },
          "sensitive_attributes": []
        }
      ]
    },
    {
      "mode": "managed",
      "type": "alicloud_alikafka_instance",
      "name": "default",
      "provider": "provider[\"registry.terraform.io/aliyun/alicloud\"]",
      "instances": [
        {
          "schema_version": 0,
          "attributes": {
            "config": "{\"enable.vpc_sasl_ssl\":\"false\",\"kafka.log.retention.hours\":\"72\",\"kafka.offsets.retention.minutes\":\"10080\",\"enable.acl\":\"true\",\"kafka.ssl.bit\":\"1024\",\"enable.compact\":\"true\",\"kafka.message.max.bytes\":\"1048576\"}",
            "deploy_type": 5,
            "disk_size": 500,
            "disk_type": 1,
            "eip_max": 0,
            "end_point": "10.4.0.88:9092,10.4.0.87:9092,10.4.0.86:9092",
            "group_left": 2100,
            "group_used": 0,
            "id": "alikafka_post-cn-g4t3p5oa000p",
            "io_max": 20,
            "io_max_spec": "alikafka.hw.2xlarge",
            "is_partition_buy": 1,
            "kms_key_id": "",
            "name": "tf_example-52361",
            "paid_type": "PostPaid",
            "partition_left": 1050,
            "partition_num": 50,
            "partition_used": 0,
            "security_group": "sg-gw8fxd7jblra7dl9zh2a",
            "selected_zones": null,
            "service_version": "2.2.0",
            "spec_type": "professional",
            "status": 5,
            "tags": null,
            "timeouts": null,
            "topic_left": 1050,
            "topic_num_of_buy": 1050,
            "topic_quota": 1050,
            "topic_used": 0,
            "vpc_id": "vpc-gw8nztlrynbp62rqm924f",
            "vswitch_id": "vsw-gw8n42pcwazafaeo7nugy",
            "zone_id": "zonea"
          },
          "sensitive_attributes": [],
          "private": "eyJlMmJmYjczMC1lY2FhLTExZTYtOGY4OC0zNDM2M2JjN2M0YzAiOnsiY3JlYXRlIjozNjAwMDAwMDAwMDAwLCJkZWxldGUiOjE4MDAwMDAwMDAwMDAsInVwZGF0ZSI6NzIwMDAwMDAwMDAwMH19",
          "dependencies": [
            "alicloud_security_group.default",
            "alicloud_vpc.default",
            "alicloud_vswitch.default",
            "data.alicloud_zones.default",
            "random_integer.default"
          ]
        }
      ]
    },
    {
      "mode": "managed",
      "type": "alicloud_alikafka_sasl_acl",
      "name": "default",
      "provider": "provider[\"registry.terraform.io/aliyun/alicloud\"]",
      "instances": [
        {
          "schema_version": 0,
          "attributes": {
            "acl_operation_type": "Write",
            "acl_resource_name": "example-topic",
            "acl_resource_pattern_type": "LITERAL",
            "acl_resource_type": "Topic",
            "host": "*",
            "id": "alikafka_post-cn-g4t3p5oa000p:tf_example:Topic:example-topic:LITERAL:Write",
            "instance_id": "alikafka_post-cn-g4t3p5oa000p",
            "username": "tf_example"
          },
          "sensitive_attributes": [],
          "private": "bnVsbA==",
          "dependencies": [
            "alicloud_alikafka_instance.default",
            "alicloud_alikafka_sasl_user.default",
            "alicloud_alikafka_topic.default",
            "alicloud_security_group.default",
            "alicloud_vpc.default",
            "alicloud_vswitch.default",
            "data.alicloud_zones.default",
            "random_integer.default"
          ]
        }
      ]
    },
    {
      "mode": "managed",
      "type": "alicloud_alikafka_sasl_user",
      "name": "default",
      "provider": "provider[\"registry.terraform.io/aliyun/alicloud\"]",
      "instances": [
        {
          "schema_version": 0,
          "attributes": {
            "id": "alikafka_post-cn-g4t3p5oa000p:tf_example",
            "instance_id": "alikafka_post-cn-g4t3p5oa000p",
            "kms_encrypted_password": null,
            "kms_encryption_context": null,
            "password": "tf_example123",
            "type": "plain",
            "username": "tf_example"
          },
          "sensitive_attributes": [],
          "private": "bnVsbA==",
          "dependencies": [
            "alicloud_alikafka_instance.default",
            "alicloud_security_group.default",
            "alicloud_vpc.default",
            "alicloud_vswitch.default",
            "data.alicloud_zones.default",
            "random_integer.default"
          ]
        }
      ]
    },
    {
      "mode": "managed",
      "type": "alicloud_alikafka_topic",
      "name": "default",
      "provider": "provider[\"registry.terraform.io/aliyun/alicloud\"]",
      "instances": [
        {
          "schema_version": 0,
          "attributes": {
            "compact_topic": false,
            "id": "alikafka_post-cn-g4t3p5oa000p:example-topic",
            "instance_id": "alikafka_post-cn-g4t3p5oa000p",
            "local_topic": false,
            "partition_num": 12,
            "remark": "topic-remark",
            "tags": null,
            "timeouts": null,
            "topic": "example-topic"
          },
          "sensitive_attributes": [],
          "private": "eyJlMmJmYjczMC1lY2FhLTExZTYtOGY4OC0zNDM2M2JjN2M0YzAiOnsiY3JlYXRlIjo2MDAwMDAwMDAwMDB9fQ==",
          "dependencies": [
            "alicloud_alikafka_instance.default",
            "alicloud_security_group.default",
            "alicloud_vpc.default",
            "alicloud_vswitch.default",
            "data.alicloud_zones.default",
            "random_integer.default"
          ]
        }
      ]
    },
    {
      "mode": "managed",
      "type": "alicloud_security_group",
      "name": "default",
      "provider": "provider[\"registry.terraform.io/aliyun/alicloud\"]",
      "instances": [
        {
          "schema_version": 0,
          "attributes": {
            "description": "",
            "id": "sg-gw8fxd7jblra7dl9zh2a",
            "inner_access": true,
            "inner_access_policy": "Accept",
            "name": "",
            "resource_group_id": "",
            "security_group_type": "normal",
            "tags": null,
            "timeouts": null,
            "vpc_id": "vpc-gw8nztlrynbp62rqm924f"
          },
          "sensitive_attributes": [],
          "private": "eyJlMmJmYjczMC1lY2FhLTExZTYtOGY4OC0zNDM2M2JjN2M0YzAiOnsiZGVsZXRlIjozNjAwMDAwMDAwMDB9fQ==",
          "dependencies": [
            "alicloud_vpc.default"
          ]
        }
      ]
    },
    {
      "mode": "managed",
      "type": "alicloud_vpc",
      "name": "default",
      "provider": "provider[\"registry.terraform.io/aliyun/alicloud\"]",
      "instances": [
        {
          "schema_version": 0,
          "attributes": {
            "cidr_block": "10.4.0.0/16",
            "classic_link_enabled": false,
            "create_time": "2024-04-15T06:00:58Z",
            "description": "",
            "dry_run": null,
            "enable_ipv6": null,
            "id": "vpc-gw8nztlrynbp62rqm924f",
            "ipv6_cidr_block": "",
            "ipv6_cidr_blocks": [],
            "ipv6_isp": null,
            "name": "tf_example",
            "resource_group_id": "rg-acfmzaq3ypaqkdy",
            "route_table_id": "vtb-gw8we3rmxcvuifugyw4jl",
            "router_id": "vrt-gw8kwxnluljonm189nklc",
            "router_table_id": "vtb-gw8we3rmxcvuifugyw4jl",
            "secondary_cidr_blocks": [],
            "status": "Available",
            "tags": null,
            "timeouts": null,
            "user_cidrs": [],
            "vpc_name": "tf_example"
          },
          "sensitive_attributes": [],
          "private": "eyJlMmJmYjczMC1lY2FhLTExZTYtOGY4OC0zNDM2M2JjN2M0YzAiOnsiY3JlYXRlIjozMDAwMDAwMDAwMDAsImRlbGV0ZSI6MzAwMDAwMDAwMDAwLCJ1cGRhdGUiOjMwMDAwMDAwMDAwMH19"
        }
      ]
    },
    {
      "mode": "managed",
      "type": "alicloud_vswitch",
      "name": "default",
      "provider": "provider[\"registry.terraform.io/aliyun/alicloud\"]",
      "instances": [
        {
          "schema_version": 0,
          "attributes": {
            "availability_zone": "eu-central-1a",
            "cidr_block": "10.4.0.0/24",
            "create_time": "2024-04-15T06:01:04Z",
            "description": "",
            "enable_ipv6": null,
            "id": "vsw-gw8n42pcwazafaeo7nugy",
            "ipv6_cidr_block": "",
            "ipv6_cidr_block_mask": null,
            "name": "tf_example",
            "status": "Available",
            "tags": null,
            "timeouts": null,
            "vpc_id": "vpc-gw8nztlrynbp62rqm924f",
            "vswitch_name": "tf_example",
            "zone_id": "eu-central-1a"
          },
          "sensitive_attributes": [],
          "private": "eyJlMmJmYjczMC1lY2FhLTExZTYtOGY4OC0zNDM2M2JjN2M0YzAiOnsiY3JlYXRlIjozMDAwMDAwMDAwMDAsImRlbGV0ZSI6NjAwMDAwMDAwMDAwLCJ1cGRhdGUiOjMwMDAwMDAwMDAwMH19",
          "dependencies": [
            "alicloud_vpc.default",
            "data.alicloud_zones.default"
          ]
        }
      ]
    },
    {
      "mode": "managed",
      "type": "random_integer",
      "name": "default",
      "provider": "provider[\"registry.terraform.io/hashicorp/random\"]",
      "instances": [
        {
          "schema_version": 0,
          "attributes": {
            "id": "52361",
            "keepers": null,
            "max": 99999,
            "min": 10000,
            "result": 52361,
            "seed": null
          },
          "sensitive_attributes": []
        }
      ]
    }
  ],
  "check_results": null
}
