{
  "version": 4,
  "terraform_version": "1.7.5",
  "serial": 30,
  "lineage": "c9df09fa-6b01-6867-d78e-42b2f2378f7f",
  "outputs": {},
  "resources": [
    {
      "mode": "data",
      "type": "alicloud_resource_manager_resource_groups",
      "name": "default",
      "provider": "provider[\"registry.terraform.io/aliyun/alicloud\"]",
      "instances": [
        {
          "schema_version": 0,
          "attributes": {
            "enable_details": false,
            "groups": [
              {
                "account_id": "1511928242963727",
                "display_name": "default resource group",
                "id": "rg-acfmzaq3ypaqkdy",
                "name": "default",
                "region_statuses": [],
                "resource_group_name": "default",
                "status": "OK"
              },
              {
                "account_id": "1511928242963727",
                "display_name": "tf-test-sli",
                "id": "rg-aek2xl5qajpkquq",
                "name": "tf-test-sli",
                "region_statuses": [],
                "resource_group_name": "tf-test-sli",
                "status": "OK"
              },
              {
                "account_id": "1511928242963727",
                "display_name": "tf-testAcc-rg439",
                "id": "rg-aek2d5wgu2mjhtq",
                "name": "tf-testacceu-central-1vpcflowlog762812-rg-aek2d5wgu2mjhtq-20240412",
                "region_statuses": [],
                "resource_group_name": "tf-testacceu-central-1vpcflowlog762812-rg-aek2d5wgu2mjhtq-20240412",
                "status": "PendingDelete"
              },
              {
                "account_id": "1511928242963727",
                "display_name": "tf-testAcc-rg356",
                "id": "rg-aekzkmpwdh3bv2a",
                "name": "tf-testacceu-central-1vpcflowlog76281-rg-aekzkmpwdh3bv2a-20240412",
                "region_statuses": [],
                "resource_group_name": "tf-testacceu-central-1vpcflowlog76281-rg-aekzkmpwdh3bv2a-20240412",
                "status": "PendingDelete"
              },
              {
                "account_id": "1511928242963727",
                "display_name": "tf-testAcc-rg356",
                "id": "rg-aekzl2h43jgejia",
                "name": "tf-testacceu-central-1vpcflowlog47852-rg-aekzl2h43jgejia-20240412",
                "region_statuses": [],
                "resource_group_name": "tf-testacceu-central-1vpcflowlog47852-rg-aekzl2h43jgejia-20240412",
                "status": "PendingDelete"
              },
              {
                "account_id": "1511928242963727",
                "display_name": "tf-testAcc-rg439",
                "id": "rg-aek2ynni5x2gagq",
                "name": "tf-testacceu-central-1vpcflowlog478522-rg-aek2ynni5x2gagq-20240412",
                "region_statuses": [],
                "resource_group_name": "tf-testacceu-central-1vpcflowlog478522-rg-aek2ynni5x2gagq-20240412",
                "status": "PendingDelete"
              },
              {
                "account_id": "1511928242963727",
                "display_name": "tf-testAcc-rg439",
                "id": "rg-aekzbwrgsvupk6q",
                "name": "tf-testacceu-central-1vpcflowlog390452-rg-aekzbwrgsvupk6q-20240412",
                "region_statuses": [],
                "resource_group_name": "tf-testacceu-central-1vpcflowlog390452-rg-aekzbwrgsvupk6q-20240412",
                "status": "PendingDelete"
              },
              {
                "account_id": "1511928242963727",
                "display_name": "tf-testAcc-rg356",
                "id": "rg-aekzxawtve56wyi",
                "name": "tf-testacceu-central-1vpcflowlog39045-rg-aekzxawtve56wyi-20240412",
                "region_statuses": [],
                "resource_group_name": "tf-testacceu-central-1vpcflowlog39045-rg-aekzxawtve56wyi-20240412",
                "status": "PendingDelete"
              },
              {
                "account_id": "1511928242963727",
                "display_name": "tf-testacc-chenyi",
                "id": "rg-aekzik6i4xsrata",
                "name": "tf-testacceu-central-1VpcPrefixList12822-rg-aekzik6i4xsrata-20240412",
                "region_statuses": [],
                "resource_group_name": "tf-testacceu-central-1VpcPrefixList12822-rg-aekzik6i4xsrata-20240412",
                "status": "PendingDelete"
              },
              {
                "account_id": "1511928242963727",
                "display_name": "tf-testacc-chenyi-change",
                "id": "rg-aekz6je5pyeww5a",
                "name": "tf-testacceu-central-1VpcPrefixList128221-rg-aekz6je5pyeww5a-20240412",
                "region_statuses": [],
                "resource_group_name": "tf-testacceu-central-1VpcPrefixList128221-rg-aekz6je5pyeww5a-20240412",
                "status": "PendingDelete"
              },
              {
                "account_id": "1511928242963727",
                "display_name": "tf-testacc-chenyi-change",
                "id": "rg-aek2t2rfhmipgra",
                "name": "tf-testacceu-central-1VpcPrefixList875971-rg-aek2t2rfhmipgra-20240412",
                "region_statuses": [],
                "resource_group_name": "tf-testacceu-central-1VpcPrefixList875971-rg-aek2t2rfhmipgra-20240412",
                "status": "PendingDelete"
              },
              {
                "account_id": "1511928242963727",
                "display_name": "tf-testacc-chenyi",
                "id": "rg-aek2d2mj4fca3mi",
                "name": "tf-testacceu-central-1VpcPrefixList87597-rg-aek2d2mj4fca3mi-20240412",
                "region_statuses": [],
                "resource_group_name": "tf-testacceu-central-1VpcPrefixList87597-rg-aek2d2mj4fca3mi-20240412",
                "status": "PendingDelete"
              },
              {
                "account_id": "1511928242963727",
                "display_name": "tf-testacc-chenyi-change",
                "id": "rg-aeky676c22u5t5y",
                "name": "tf-testacceu-central-1VpcPrefixList279171-rg-aeky676c22u5t5y-20240412",
                "region_statuses": [],
                "resource_group_name": "tf-testacceu-central-1VpcPrefixList279171-rg-aeky676c22u5t5y-20240412",
                "status": "PendingDelete"
              },
              {
                "account_id": "1511928242963727",
                "display_name": "tf-testacc-chenyi",
                "id": "rg-aek2rsv5krtqe4y",
                "name": "tf-testacceu-central-1VpcPrefixList27917-rg-aek2rsv5krtqe4y-20240412",
                "region_statuses": [],
                "resource_group_name": "tf-testacceu-central-1VpcPrefixList27917-rg-aek2rsv5krtqe4y-20240412",
                "status": "PendingDelete"
              },
              {
                "account_id": "1511928242963727",
                "display_name": "tf-testAcc-rg254",
                "id": "rg-aek2irx6e4qvdga",
                "name": "tf-testacceu-central-1vpcipv4gateway44038-rg-aek2irx6e4qvdga-20240412",
                "region_statuses": [],
                "resource_group_name": "tf-testacceu-central-1vpcipv4gateway44038-rg-aek2irx6e4qvdga-20240412",
                "status": "PendingDelete"
              },
              {
                "account_id": "1511928242963727",
                "display_name": "tf-testAcc-rg426",
                "id": "rg-aekzyugfdm3oo6y",
                "name": "tf-testacceu-central-1vpcipv4gateway440381-rg-aekzyugfdm3oo6y-20240412",
                "region_statuses": [],
                "resource_group_name": "tf-testacceu-central-1vpcipv4gateway440381-rg-aekzyugfdm3oo6y-20240412",
                "status": "PendingDelete"
              },
              {
                "account_id": "1511928242963727",
                "display_name": "tf-testAcc-rg254",
                "id": "rg-aeky5vfwxlvagya",
                "name": "tf-testacceu-central-1vpcipv4gateway55412-rg-aeky5vfwxlvagya-20240412",
                "region_statuses": [],
                "resource_group_name": "tf-testacceu-central-1vpcipv4gateway55412-rg-aeky5vfwxlvagya-20240412",
                "status": "PendingDelete"
              },
              {
                "account_id": "1511928242963727",
                "display_name": "tf-testAcc-rg426",
                "id": "rg-aek2xbw4c6ugryy",
                "name": "tf-testacceu-central-1vpcipv4gateway554121-rg-aek2xbw4c6ugryy-20240412",
                "region_statuses": [],
                "resource_group_name": "tf-testacceu-central-1vpcipv4gateway554121-rg-aek2xbw4c6ugryy-20240412",
                "status": "PendingDelete"
              },
              {
                "account_id": "1511928242963727",
                "display_name": "tf-testAcc-rg426",
                "id": "rg-aek2s7t5u6ci6va",
                "name": "tf-testacceu-central-1vpcipv4gateway636991-rg-aek2s7t5u6ci6va-20240412",
                "region_statuses": [],
                "resource_group_name": "tf-testacceu-central-1vpcipv4gateway636991-rg-aek2s7t5u6ci6va-20240412",
                "status": "PendingDelete"
              },
              {
                "account_id": "1511928242963727",
                "display_name": "tf-testAcc-rg254",
                "id": "rg-aek3aau3bcfvc4q",
                "name": "tf-testacceu-central-1vpcipv4gateway63699-rg-aek3aau3bcfvc4q-20240412",
                "region_statuses": [],
                "resource_group_name": "tf-testacceu-central-1vpcipv4gateway63699-rg-aek3aau3bcfvc4q-20240412",
                "status": "PendingDelete"
              },
              {
                "account_id": "1511928242963727",
                "display_name": "testname04",
                "id": "rg-aekz52fcjohohoi",
                "name": "tf-testacceu-central-1vpctrafficmirrorfilter199401-rg-aekz52fcjohohoi-20240412",
                "region_statuses": [],
                "resource_group_name": "tf-testacceu-central-1vpctrafficmirrorfilter199401-rg-aekz52fcjohohoi-20240412",
                "status": "PendingDelete"
              },
              {
                "account_id": "1511928242963727",
                "display_name": "testname03",
                "id": "rg-aek26u3ytplzaci",
                "name": "tf-testacceu-central-1vpctrafficmirrorfilter19940-rg-aek26u3ytplzaci-20240412",
                "region_statuses": [],
                "resource_group_name": "tf-testacceu-central-1vpctrafficmirrorfilter19940-rg-aek26u3ytplzaci-20240412",
                "status": "PendingDelete"
              },
              {
                "account_id": "1511928242963727",
                "display_name": "testname04",
                "id": "rg-aekzmxc236icqui",
                "name": "tf-testacceu-central-1vpctrafficmirrorfilter498751-rg-aekzmxc236icqui-20240412",
                "region_statuses": [],
                "resource_group_name": "tf-testacceu-central-1vpctrafficmirrorfilter498751-rg-aekzmxc236icqui-20240412",
                "status": "PendingDelete"
              },
              {
                "account_id": "1511928242963727",
                "display_name": "testname03",
                "id": "rg-aekz65yldenj55q",
                "name": "tf-testacceu-central-1vpctrafficmirrorfilter49875-rg-aekz65yldenj55q-20240412",
                "region_statuses": [],
                "resource_group_name": "tf-testacceu-central-1vpctrafficmirrorfilter49875-rg-aekz65yldenj55q-20240412",
                "status": "PendingDelete"
              },
              {
                "account_id": "1511928242963727",
                "display_name": "testname04",
                "id": "rg-aek2scqfhonaira",
                "name": "tf-testacceu-central-1vpctrafficmirrorfilter779191-rg-aek2scqfhonaira-20240412",
                "region_statuses": [],
                "resource_group_name": "tf-testacceu-central-1vpctrafficmirrorfilter779191-rg-aek2scqfhonaira-20240412",
                "status": "PendingDelete"
              },
              {
                "account_id": "1511928242963727",
                "display_name": "testname03",
                "id": "rg-aek3c236a7s33oq",
                "name": "tf-testacceu-central-1vpctrafficmirrorfilter77919-rg-aek3c236a7s33oq-20240412",
                "region_statuses": [],
                "resource_group_name": "tf-testacceu-central-1vpctrafficmirrorfilter77919-rg-aek3c236a7s33oq-20240412",
                "status": "PendingDelete"
              },
              {
                "account_id": "1511928242963727",
                "display_name": "tf-testacc-ipv6gateway463",
                "id": "rg-aekzg326pikklea",
                "name": "tf-testacceu-central-1vpcipv6gateway198762-rg-aekzg326pikklea-20240412",
                "region_statuses": [],
                "resource_group_name": "tf-testacceu-central-1vpcipv6gateway198762-rg-aekzg326pikklea-20240412",
                "status": "PendingDelete"
              },
              {
                "account_id": "1511928242963727",
                "display_name": "tf-testacc-ipv6gateway258",
                "id": "rg-aek2krbs4r523di",
                "name": "tf-testacceu-central-1vpcipv6gateway198761-rg-aek2krbs4r523di-20240412",
                "region_statuses": [],
                "resource_group_name": "tf-testacceu-central-1vpcipv6gateway198761-rg-aek2krbs4r523di-20240412",
                "status": "PendingDelete"
              },
              {
                "account_id": "1511928242963727",
                "display_name": "tf-testacc-ipv6gateway463",
                "id": "rg-aekzntfre3vx6ha",
                "name": "tf-testacceu-central-1vpcipv6gateway850802-rg-aekzntfre3vx6ha-20240412",
                "region_statuses": [],
                "resource_group_name": "tf-testacceu-central-1vpcipv6gateway850802-rg-aekzntfre3vx6ha-20240412",
                "status": "PendingDelete"
              },
              {
                "account_id": "1511928242963727",
                "display_name": "tf-testacc-ipv6gateway258",
                "id": "rg-aekzvdcss4x3oji",
                "name": "tf-testacceu-central-1vpcipv6gateway850801-rg-aekzvdcss4x3oji-20240412",
                "region_statuses": [],
                "resource_group_name": "tf-testacceu-central-1vpcipv6gateway850801-rg-aekzvdcss4x3oji-20240412",
                "status": "PendingDelete"
              },
              {
                "account_id": "1511928242963727",
                "display_name": "tf-testacc-ipv6gateway258",
                "id": "rg-aekzz5wvldr6p6y",
                "name": "tf-testacceu-central-1vpcipv6gateway653941-rg-aekzz5wvldr6p6y-20240412",
                "region_statuses": [],
                "resource_group_name": "tf-testacceu-central-1vpcipv6gateway653941-rg-aekzz5wvldr6p6y-20240412",
                "status": "PendingDelete"
              },
              {
                "account_id": "1511928242963727",
                "display_name": "tf-testacc-ipv6gateway463",
                "id": "rg-aek24xsqsbsfaii",
                "name": "tf-testacceu-central-1vpcipv6gateway653942-rg-aek24xsqsbsfaii-20240412",
                "region_statuses": [],
                "resource_group_name": "tf-testacceu-central-1vpcipv6gateway653942-rg-aek24xsqsbsfaii-20240412",
                "status": "PendingDelete"
              },
              {
                "account_id": "1511928242963727",
                "display_name": "tfexample",
                "id": "rg-aek2yopurgpy6dq",
                "name": "tfexample-rg-aek2yopurgpy6dq-20240413",
                "region_statuses": [],
                "resource_group_name": "tfexample-rg-aek2yopurgpy6dq-20240413",
                "status": "PendingDelete"
              },
              {
                "account_id": "1511928242963727",
                "display_name": "testname03",
                "id": "rg-aek3ay5lalv5f5y",
                "name": "terraform-example-rg-aek3ay5lalv5f5y-20240413",
                "region_statuses": [],
                "resource_group_name": "terraform-example-rg-aek3ay5lalv5f5y-20240413",
                "status": "PendingDelete"
              },
              {
                "account_id": "1511928242963727",
                "display_name": "testname04",
                "id": "rg-aek2n4ykdpczdfi",
                "name": "terraform-example1-rg-aek2n4ykdpczdfi-20240413",
                "region_statuses": [],
                "resource_group_name": "terraform-example1-rg-aek2n4ykdpczdfi-20240413",
                "status": "PendingDelete"
              },
              {
                "account_id": "1511928242963727",
                "display_name": "tf-testAcc-rg665",
                "id": "rg-aekzsj5nayydoxa",
                "name": "tf-testacc-example-rg-aekzsj5nayydoxa-20240413",
                "region_statuses": [],
                "resource_group_name": "tf-testacc-example-rg-aekzsj5nayydoxa-20240413",
                "status": "PendingDelete"
              },
              {
                "account_id": "1511928242963727",
                "display_name": "tf-testAcc-rg298",
                "id": "rg-aek2yl3t7bfplqa",
                "name": "tf-testacc-example1-rg-aek2yl3t7bfplqa-20240413",
                "region_statuses": [],
                "resource_group_name": "tf-testacc-example1-rg-aek2yl3t7bfplqa-20240413",
                "status": "PendingDelete"
              },
              {
                "account_id": "1511928242963727",
                "display_name": "tf-testacc-ipv6gateway503",
                "id": "rg-aekztgb67ydkg6q",
                "name": "tf-testacc-example1-rg-aekztgb67ydkg6q-20240413",
                "region_statuses": [],
                "resource_group_name": "tf-testacc-example1-rg-aekztgb67ydkg6q-20240413",
                "status": "PendingDelete"
              },
              {
                "account_id": "1511928242963727",
                "display_name": "tf-testacc-ipv6gateway311",
                "id": "rg-aek2ki55ohejcwa",
                "name": "tf-testacc-example2-rg-aek2ki55ohejcwa-20240413",
                "region_statuses": [],
                "resource_group_name": "tf-testacc-example2-rg-aek2ki55ohejcwa-20240413",
                "status": "PendingDelete"
              },
              {
                "account_id": "1511928242963727",
                "display_name": "tf-testacc-rg819",
                "id": "rg-aekzta6qetvr3zy",
                "name": "tf-testacc-example2-rg-aekzta6qetvr3zy-20240413",
                "region_statuses": [],
                "resource_group_name": "tf-testacc-example2-rg-aekzta6qetvr3zy-20240413",
                "status": "PendingDelete"
              },
              {
                "account_id": "1511928242963727",
                "display_name": "tf-testacc-changerg670",
                "id": "rg-aek3bncxe3seauy",
                "name": "tf-testacc-example3-rg-aek3bncxe3seauy-20240413",
                "region_statuses": [],
                "resource_group_name": "tf-testacc-example3-rg-aek3bncxe3seauy-20240413",
                "status": "PendingDelete"
              },
              {
                "account_id": "1511928242963727",
                "display_name": "tf-testacc-chenyi",
                "id": "rg-aeky47ykbnrhi4a",
                "name": "tf-testacc-example-rg-aeky47ykbnrhi4a-20240413",
                "region_statuses": [],
                "resource_group_name": "tf-testacc-example-rg-aeky47ykbnrhi4a-20240413",
                "status": "PendingDelete"
              },
              {
                "account_id": "1511928242963727",
                "display_name": "tf-testacc-chenyi-change",
                "id": "rg-aek2vw2jkjliwoi",
                "name": "tf-testacc-example1-rg-aek2vw2jkjliwoi-20240413",
                "region_statuses": [],
                "resource_group_name": "tf-testacc-example1-rg-aek2vw2jkjliwoi-20240413",
                "status": "PendingDelete"
              },
              {
                "account_id": "1511928242963727",
                "display_name": "tf-testacceu-central-1ConfigRule9399-0",
                "id": "rg-aek2jzu27nh3kca",
                "name": "tf-testacceu-central-1ConfigRule9399-0-rg-aek2jzu27nh3kca-20240413",
                "region_statuses": [],
                "resource_group_name": "tf-testacceu-central-1ConfigRule9399-0-rg-aek2jzu27nh3kca-20240413",
                "status": "PendingDelete"
              },
              {
                "account_id": "1511928242963727",
                "display_name": "tf-testacceu-central-1ConfigRule9399-1",
                "id": "rg-aek2ybwffqqg3ga",
                "name": "tf-testacceu-central-1ConfigRule9399-1-rg-aek2ybwffqqg3ga-20240413",
                "region_statuses": [],
                "resource_group_name": "tf-testacceu-central-1ConfigRule9399-1-rg-aek2ybwffqqg3ga-20240413",
                "status": "PendingDelete"
              },
              {
                "account_id": "1511928242963727",
                "display_name": "tf-testacceu-central-1ConfigRule67786-1",
                "id": "rg-aeky446t6mbzr5y",
                "name": "tf-testacceu-central-1ConfigRule67786-1-rg-aeky446t6mbzr5y-20240413",
                "region_statuses": [],
                "resource_group_name": "tf-testacceu-central-1ConfigRule67786-1-rg-aeky446t6mbzr5y-20240413",
                "status": "PendingDelete"
              },
              {
                "account_id": "1511928242963727",
                "display_name": "tf-testacceu-central-1ConfigRule67786-0",
                "id": "rg-aek2hxaf7ifqqhi",
                "name": "tf-testacceu-central-1ConfigRule67786-0-rg-aek2hxaf7ifqqhi-20240413",
                "region_statuses": [],
                "resource_group_name": "tf-testacceu-central-1ConfigRule67786-0-rg-aek2hxaf7ifqqhi-20240413",
                "status": "PendingDelete"
              },
              {
                "account_id": "1511928242963727",
                "display_name": "tf-testacceu-central-1ConfigRule76185-0",
                "id": "rg-aekzvzs3fuv74lq",
                "name": "tf-testacceu-central-1ConfigRule76185-0-rg-aekzvzs3fuv74lq-20240413",
                "region_statuses": [],
                "resource_group_name": "tf-testacceu-central-1ConfigRule76185-0-rg-aekzvzs3fuv74lq-20240413",
                "status": "PendingDelete"
              },
              {
                "account_id": "1511928242963727",
                "display_name": "tf-testacceu-central-1ConfigRule76185-1",
                "id": "rg-aekzr6cttzy632q",
                "name": "tf-testacceu-central-1ConfigRule76185-1-rg-aekzr6cttzy632q-20240413",
                "region_statuses": [],
                "resource_group_name": "tf-testacceu-central-1ConfigRule76185-1-rg-aekzr6cttzy632q-20240413",
                "status": "PendingDelete"
              },
              {
                "account_id": "1511928242963727",
                "display_name": "test04",
                "id": "rg-aek2njghgosgukq",
                "name": "tf-testacceu-central-1cbwpcp320401-rg-aek2njghgosgukq-20240414",
                "region_statuses": [],
                "resource_group_name": "tf-testacceu-central-1cbwpcp320401-rg-aek2njghgosgukq-20240414",
                "status": "PendingDelete"
              },
              {
                "account_id": "1511928242963727",
                "display_name": "test03",
                "id": "rg-aekzxokvjtqhxsq",
                "name": "tf-testacceu-central-1cbwpcp32040-rg-aekzxokvjtqhxsq-20240414",
                "region_statuses": [],
                "resource_group_name": "tf-testacceu-central-1cbwpcp32040-rg-aekzxokvjtqhxsq-20240414",
                "status": "PendingDelete"
              },
              {
                "account_id": "1511928242963727",
                "display_name": "test03",
                "id": "rg-aekz2pbrzs22aiq",
                "name": "tf-testacceu-central-1cbwpcp14316-rg-aekz2pbrzs22aiq-20240414",
                "region_statuses": [],
                "resource_group_name": "tf-testacceu-central-1cbwpcp14316-rg-aekz2pbrzs22aiq-20240414",
                "status": "PendingDelete"
              },
              {
                "account_id": "1511928242963727",
                "display_name": "test04",
                "id": "rg-aek2dnkpwoe5hci",
                "name": "tf-testacceu-central-1cbwpcp143161-rg-aek2dnkpwoe5hci-20240414",
                "region_statuses": [],
                "resource_group_name": "tf-testacceu-central-1cbwpcp143161-rg-aek2dnkpwoe5hci-20240414",
                "status": "PendingDelete"
              },
              {
                "account_id": "1511928242963727",
                "display_name": "test04",
                "id": "rg-aekzpiu3lbrktdi",
                "name": "tf-testacceu-central-1cbwpcp213531-rg-aekzpiu3lbrktdi-20240414",
                "region_statuses": [],
                "resource_group_name": "tf-testacceu-central-1cbwpcp213531-rg-aekzpiu3lbrktdi-20240414",
                "status": "PendingDelete"
              },
              {
                "account_id": "1511928242963727",
                "display_name": "test03",
                "id": "rg-aek2ijbae5qtioq",
                "name": "tf-testacceu-central-1cbwpcp21353-rg-aek2ijbae5qtioq-20240414",
                "region_statuses": [],
                "resource_group_name": "tf-testacceu-central-1cbwpcp21353-rg-aek2ijbae5qtioq-20240414",
                "status": "PendingDelete"
              },
              {
                "account_id": "1511928242963727",
                "display_name": "tf-testAcceu-central-1AlicloudCmsMonitorGroup86005",
                "id": "rg-aek2erhleej3p5i",
                "name": "tf-testAcceu-central-1AlicloudCmsMonitorGroup86005-rg-aek2erhleej3p5i-20240414",
                "region_statuses": [],
                "resource_group_name": "tf-testAcceu-central-1AlicloudCmsMonitorGroup86005-rg-aek2erhleej3p5i-20240414",
                "status": "PendingDelete"
              },
              {
                "account_id": "1511928242963727",
                "display_name": "tf-testacc-rg7760356update",
                "id": "rg-aek2dqskuxedhci",
                "name": "tf-testacc-rg7760356-rg-aek2dqskuxedhci-20240414",
                "region_statuses": [],
                "resource_group_name": "tf-testacc-rg7760356-rg-aek2dqskuxedhci-20240414",
                "status": "PendingDelete"
              },
              {
                "account_id": "1511928242963727",
                "display_name": "tf-testacc-rg2089594",
                "id": "rg-aek2axx4x3cobiy",
                "name": "tf-testacc-rg2089594-rg-aek2axx4x3cobiy-20240414",
                "region_statuses": [],
                "resource_group_name": "tf-testacc-rg2089594-rg-aek2axx4x3cobiy-20240414",
                "status": "PendingDelete"
              },
              {
                "account_id": "1511928242963727",
                "display_name": "tf-testacc-rg840867",
                "id": "rg-aekzmpmpwb27n6y",
                "name": "tf-testacc-rg840867-rg-aekzmpmpwb27n6y-20240414",
                "region_statuses": [],
                "resource_group_name": "tf-testacc-rg840867-rg-aekzmpmpwb27n6y-20240414",
                "status": "PendingDelete"
              },
              {
                "account_id": "1511928242963727",
                "display_name": "tf-testacc-rg2506811update",
                "id": "rg-aekzsqod7xqb74y",
                "name": "tf-testacc-rg2506811-rg-aekzsqod7xqb74y-20240414",
                "region_statuses": [],
                "resource_group_name": "tf-testacc-rg2506811-rg-aekzsqod7xqb74y-20240414",
                "status": "PendingDelete"
              },
              {
                "account_id": "1511928242963727",
                "display_name": "tf-testacc-rg2533355",
                "id": "rg-aek2whcyzkuja6a",
                "name": "tf-testacc-rg2533355-rg-aek2whcyzkuja6a-20240414",
                "region_statuses": [],
                "resource_group_name": "tf-testacc-rg2533355-rg-aek2whcyzkuja6a-20240414",
                "status": "PendingDelete"
              },
              {
                "account_id": "1511928242963727",
                "display_name": "tf-testacc-rg8034089",
                "id": "rg-aek2kp7dc6q7ojq",
                "name": "tf-testacc-rg8034089-rg-aek2kp7dc6q7ojq-20240414",
                "region_statuses": [],
                "resource_group_name": "tf-testacc-rg8034089-rg-aek2kp7dc6q7ojq-20240414",
                "status": "PendingDelete"
              },
              {
                "account_id": "1511928242963727",
                "display_name": "tf-testacc-rg1743447",
                "id": "rg-aek2htjlyow5ryq",
                "name": "tf-testacc-rg1743447",
                "region_statuses": [],
                "resource_group_name": "tf-testacc-rg1743447",
                "status": "OK"
              },
              {
                "account_id": "1511928242963727",
                "display_name": "tf-testacc-rg4997699",
                "id": "rg-aekztoxc3hpsf6y",
                "name": "tf-testacc-rg4997699-rg-aekztoxc3hpsf6y-20240415",
                "region_statuses": [],
                "resource_group_name": "tf-testacc-rg4997699-rg-aekztoxc3hpsf6y-20240415",
                "status": "PendingDelete"
              },
              {
                "account_id": "1511928242963727",
                "display_name": "tf-testacc-rg7803665",
                "id": "rg-aek2mnjy64vhcja",
                "name": "tf-testacc-rg7803665-rg-aek2mnjy64vhcja-20240415",
                "region_statuses": [],
                "resource_group_name": "tf-testacc-rg7803665-rg-aek2mnjy64vhcja-20240415",
                "status": "PendingDelete"
              },
              {
                "account_id": "1511928242963727",
                "display_name": "tf-testacc-rg5738459",
                "id": "rg-aek3djv2wrvawsi",
                "name": "tf-testacc-rg5738459-rg-aek3djv2wrvawsi-20240415",
                "region_statuses": [],
                "resource_group_name": "tf-testacc-rg5738459-rg-aek3djv2wrvawsi-20240415",
                "status": "PendingDelete"
              },
              {
                "account_id": "1511928242963727",
                "display_name": "tf-testacc-rg2813109",
                "id": "rg-aekzb6gpspt32zy",
                "name": "tf-testacc-rg2813109-rg-aekzb6gpspt32zy-20240415",
                "region_statuses": [],
                "resource_group_name": "tf-testacc-rg2813109-rg-aekzb6gpspt32zy-20240415",
                "status": "PendingDelete"
              },
              {
                "account_id": "1511928242963727",
                "display_name": "tf-testacc-rg2140270",
                "id": "rg-aek2anevb77dera",
                "name": "tf-testacc-rg2140270",
                "region_statuses": [],
                "resource_group_name": "tf-testacc-rg2140270",
                "status": "Creating"
              }
            ],
            "id": "1261685766",
            "ids": [
              "rg-acfmzaq3ypaqkdy",
              "rg-aek2xl5qajpkquq",
              "rg-aek2d5wgu2mjhtq",
              "rg-aekzkmpwdh3bv2a",
              "rg-aekzl2h43jgejia",
              "rg-aek2ynni5x2gagq",
              "rg-aekzbwrgsvupk6q",
              "rg-aekzxawtve56wyi",
              "rg-aekzik6i4xsrata",
              "rg-aekz6je5pyeww5a",
              "rg-aek2t2rfhmipgra",
              "rg-aek2d2mj4fca3mi",
              "rg-aeky676c22u5t5y",
              "rg-aek2rsv5krtqe4y",
              "rg-aek2irx6e4qvdga",
              "rg-aekzyugfdm3oo6y",
              "rg-aeky5vfwxlvagya",
              "rg-aek2xbw4c6ugryy",
              "rg-aek2s7t5u6ci6va",
              "rg-aek3aau3bcfvc4q",
              "rg-aekz52fcjohohoi",
              "rg-aek26u3ytplzaci",
              "rg-aekzmxc236icqui",
              "rg-aekz65yldenj55q",
              "rg-aek2scqfhonaira",
              "rg-aek3c236a7s33oq",
              "rg-aekzg326pikklea",
              "rg-aek2krbs4r523di",
              "rg-aekzntfre3vx6ha",
              "rg-aekzvdcss4x3oji",
              "rg-aekzz5wvldr6p6y",
              "rg-aek24xsqsbsfaii",
              "rg-aek2yopurgpy6dq",
              "rg-aek3ay5lalv5f5y",
              "rg-aek2n4ykdpczdfi",
              "rg-aekzsj5nayydoxa",
              "rg-aek2yl3t7bfplqa",
              "rg-aekztgb67ydkg6q",
              "rg-aek2ki55ohejcwa",
              "rg-aekzta6qetvr3zy",
              "rg-aek3bncxe3seauy",
              "rg-aeky47ykbnrhi4a",
              "rg-aek2vw2jkjliwoi",
              "rg-aek2jzu27nh3kca",
              "rg-aek2ybwffqqg3ga",
              "rg-aeky446t6mbzr5y",
              "rg-aek2hxaf7ifqqhi",
              "rg-aekzvzs3fuv74lq",
              "rg-aekzr6cttzy632q",
              "rg-aek2njghgosgukq",
              "rg-aekzxokvjtqhxsq",
              "rg-aekz2pbrzs22aiq",
              "rg-aek2dnkpwoe5hci",
              "rg-aekzpiu3lbrktdi",
              "rg-aek2ijbae5qtioq",
              "rg-aek2erhleej3p5i",
              "rg-aek2dqskuxedhci",
              "rg-aek2axx4x3cobiy",
              "rg-aekzmpmpwb27n6y",
              "rg-aekzsqod7xqb74y",
              "rg-aek2whcyzkuja6a",
              "rg-aek2kp7dc6q7ojq",
              "rg-aek2htjlyow5ryq",
              "rg-aekztoxc3hpsf6y",
              "rg-aek2mnjy64vhcja",
              "rg-aek3djv2wrvawsi",
              "rg-aekzb6gpspt32zy",
              "rg-aek2anevb77dera"
            ],
            "name_regex": null,
            "names": [
              "default",
              "tf-test-sli",
              "tf-testacceu-central-1vpcflowlog762812-rg-aek2d5wgu2mjhtq-20240412",
              "tf-testacceu-central-1vpcflowlog76281-rg-aekzkmpwdh3bv2a-20240412",
              "tf-testacceu-central-1vpcflowlog47852-rg-aekzl2h43jgejia-20240412",
              "tf-testacceu-central-1vpcflowlog478522-rg-aek2ynni5x2gagq-20240412",
              "tf-testacceu-central-1vpcflowlog390452-rg-aekzbwrgsvupk6q-20240412",
              "tf-testacceu-central-1vpcflowlog39045-rg-aekzxawtve56wyi-20240412",
              "tf-testacceu-central-1VpcPrefixList12822-rg-aekzik6i4xsrata-20240412",
              "tf-testacceu-central-1VpcPrefixList128221-rg-aekz6je5pyeww5a-20240412",
              "tf-testacceu-central-1VpcPrefixList875971-rg-aek2t2rfhmipgra-20240412",
              "tf-testacceu-central-1VpcPrefixList87597-rg-aek2d2mj4fca3mi-20240412",
              "tf-testacceu-central-1VpcPrefixList279171-rg-aeky676c22u5t5y-20240412",
              "tf-testacceu-central-1VpcPrefixList27917-rg-aek2rsv5krtqe4y-20240412",
              "tf-testacceu-central-1vpcipv4gateway44038-rg-aek2irx6e4qvdga-20240412",
              "tf-testacceu-central-1vpcipv4gateway440381-rg-aekzyugfdm3oo6y-20240412",
              "tf-testacceu-central-1vpcipv4gateway55412-rg-aeky5vfwxlvagya-20240412",
              "tf-testacceu-central-1vpcipv4gateway554121-rg-aek2xbw4c6ugryy-20240412",
              "tf-testacceu-central-1vpcipv4gateway636991-rg-aek2s7t5u6ci6va-20240412",
              "tf-testacceu-central-1vpcipv4gateway63699-rg-aek3aau3bcfvc4q-20240412",
              "tf-testacceu-central-1vpctrafficmirrorfilter199401-rg-aekz52fcjohohoi-20240412",
              "tf-testacceu-central-1vpctrafficmirrorfilter19940-rg-aek26u3ytplzaci-20240412",
              "tf-testacceu-central-1vpctrafficmirrorfilter498751-rg-aekzmxc236icqui-20240412",
              "tf-testacceu-central-1vpctrafficmirrorfilter49875-rg-aekz65yldenj55q-20240412",
              "tf-testacceu-central-1vpctrafficmirrorfilter779191-rg-aek2scqfhonaira-20240412",
              "tf-testacceu-central-1vpctrafficmirrorfilter77919-rg-aek3c236a7s33oq-20240412",
              "tf-testacceu-central-1vpcipv6gateway198762-rg-aekzg326pikklea-20240412",
              "tf-testacceu-central-1vpcipv6gateway198761-rg-aek2krbs4r523di-20240412",
              "tf-testacceu-central-1vpcipv6gateway850802-rg-aekzntfre3vx6ha-20240412",
              "tf-testacceu-central-1vpcipv6gateway850801-rg-aekzvdcss4x3oji-20240412",
              "tf-testacceu-central-1vpcipv6gateway653941-rg-aekzz5wvldr6p6y-20240412",
              "tf-testacceu-central-1vpcipv6gateway653942-rg-aek24xsqsbsfaii-20240412",
              "tfexample-rg-aek2yopurgpy6dq-20240413",
              "terraform-example-rg-aek3ay5lalv5f5y-20240413",
              "terraform-example1-rg-aek2n4ykdpczdfi-20240413",
              "tf-testacc-example-rg-aekzsj5nayydoxa-20240413",
              "tf-testacc-example1-rg-aek2yl3t7bfplqa-20240413",
              "tf-testacc-example1-rg-aekztgb67ydkg6q-20240413",
              "tf-testacc-example2-rg-aek2ki55ohejcwa-20240413",
              "tf-testacc-example2-rg-aekzta6qetvr3zy-20240413",
              "tf-testacc-example3-rg-aek3bncxe3seauy-20240413",
              "tf-testacc-example-rg-aeky47ykbnrhi4a-20240413",
              "tf-testacc-example1-rg-aek2vw2jkjliwoi-20240413",
              "tf-testacceu-central-1ConfigRule9399-0-rg-aek2jzu27nh3kca-20240413",
              "tf-testacceu-central-1ConfigRule9399-1-rg-aek2ybwffqqg3ga-20240413",
              "tf-testacceu-central-1ConfigRule67786-1-rg-aeky446t6mbzr5y-20240413",
              "tf-testacceu-central-1ConfigRule67786-0-rg-aek2hxaf7ifqqhi-20240413",
              "tf-testacceu-central-1ConfigRule76185-0-rg-aekzvzs3fuv74lq-20240413",
              "tf-testacceu-central-1ConfigRule76185-1-rg-aekzr6cttzy632q-20240413",
              "tf-testacceu-central-1cbwpcp320401-rg-aek2njghgosgukq-20240414",
              "tf-testacceu-central-1cbwpcp32040-rg-aekzxokvjtqhxsq-20240414",
              "tf-testacceu-central-1cbwpcp14316-rg-aekz2pbrzs22aiq-20240414",
              "tf-testacceu-central-1cbwpcp143161-rg-aek2dnkpwoe5hci-20240414",
              "tf-testacceu-central-1cbwpcp213531-rg-aekzpiu3lbrktdi-20240414",
              "tf-testacceu-central-1cbwpcp21353-rg-aek2ijbae5qtioq-20240414",
              "tf-testAcceu-central-1AlicloudCmsMonitorGroup86005-rg-aek2erhleej3p5i-20240414",
              "tf-testacc-rg7760356-rg-aek2dqskuxedhci-20240414",
              "tf-testacc-rg2089594-rg-aek2axx4x3cobiy-20240414",
              "tf-testacc-rg840867-rg-aekzmpmpwb27n6y-20240414",
              "tf-testacc-rg2506811-rg-aekzsqod7xqb74y-20240414",
              "tf-testacc-rg2533355-rg-aek2whcyzkuja6a-20240414",
              "tf-testacc-rg8034089-rg-aek2kp7dc6q7ojq-20240414",
              "tf-testacc-rg1743447",
              "tf-testacc-rg4997699-rg-aekztoxc3hpsf6y-20240415",
              "tf-testacc-rg7803665-rg-aek2mnjy64vhcja-20240415",
              "tf-testacc-rg5738459-rg-aek3djv2wrvawsi-20240415",
              "tf-testacc-rg2813109-rg-aekzb6gpspt32zy-20240415",
              "tf-testacc-rg2140270"
            ],
            "output_file": null,
            "status": null
          },
          "sensitive_attributes": []
        }
      ]
    },
    {
      "mode": "managed",
      "type": "alicloud_ddosbgp_instance",
      "name": "instance",
      "provider": "provider[\"registry.terraform.io/aliyun/alicloud\"]",
      "instances": [
        {
          "schema_version": 0,
          "attributes": {
            "bandwidth": -1,
            "base_bandwidth": 20,
            "id": "ddosbgp-cn-36z3p5sj5003",
            "ip_count": 100,
            "ip_type": "IPv4",
            "name": "tf-example",
            "normal_bandwidth": 100,
            "period": 12,
            "type": "Enterprise"
          },
          "sensitive_attributes": [],
          "private": "bnVsbA=="
        }
      ]
    },
    {
      "mode": "managed",
      "type": "alicloud_eip_address",
      "name": "default",
      "provider": "provider[\"registry.terraform.io/aliyun/alicloud\"]",
      "instances": [
        {
          "schema_version": 0,
          "attributes": {
            "activity_id": null,
            "address_name": "tf-example",
            "auto_pay": null,
            "bandwidth": "5",
            "create_time": "2024-04-15T07:33:07Z",
            "deletion_protection": false,
            "description": "",
            "high_definition_monitor_log_status": "OFF",
            "id": "eip-2zeidhp1ol0cayi0rru17",
            "instance_charge_type": "PostPaid",
            "internet_charge_type": "PayByBandwidth",
            "ip_address": "60.205.95.101",
            "isp": "BGP",
            "log_project": null,
            "log_store": null,
            "name": "tf-example",
            "netmode": "public",
            "payment_type": "PayAsYouGo",
            "period": null,
            "pricing_cycle": null,
            "public_ip_address_pool_id": "",
            "resource_group_id": "rg-acfmzaq3ypaqkdy",
            "security_protection_types": null,
            "status": "Available",
            "tags": null,
            "timeouts": null,
            "zone": "cn-beijing-f"
          },
          "sensitive_attributes": [],
          "private": "eyJlMmJmYjczMC1lY2FhLTExZTYtOGY4OC0zNDM2M2JjN2M0YzAiOnsiY3JlYXRlIjo1NDAwMDAwMDAwMDAsImRlbGV0ZSI6NTQwMDAwMDAwMDAwLCJ1cGRhdGUiOjU0MDAwMDAwMDAwMH19"
        }
      ]
    }
  ],
  "check_results": null
}
