{
  "version": 4,
  "terraform_version": "1.7.5",
  "serial": 56,
  "lineage": "d82da72c-8555-d7ed-0312-cc327315158e",
  "outputs": {},
  "resources": [
    {
      "mode": "data",
      "type": "alicloud_alb_zones",
      "name": "default",
      "provider": "provider[\"registry.terraform.io/aliyun/alicloud\"]",
      "instances": [
        {
          "schema_version": 0,
          "attributes": {
            "id": "954762479",
            "ids": [
              "eu-central-1a",
              "eu-central-1b",
              "eu-central-1c"
            ],
            "output_file": null,
            "zones": [
              {
                "id": "eu-central-1a",
                "local_name": "法兰克福 可用区A",
                "zone_id": "eu-central-1a"
              },
              {
                "id": "eu-central-1b",
                "local_name": "法兰克福 可用区B",
                "zone_id": "eu-central-1b"
              },
              {
                "id": "eu-central-1c",
                "local_name": "法兰克福 可用区C",
                "zone_id": "eu-central-1c"
              }
            ]
          },
          "sensitive_attributes": []
        }
      ]
    },
    {
      "mode": "data",
      "type": "alicloud_resource_manager_resource_groups",
      "name": "default",
      "provider": "provider[\"registry.terraform.io/aliyun/alicloud\"]",
      "instances": [
        {
          "schema_version": 0,
          "attributes": {
            "enable_details": false,
            "groups": [
              {
                "account_id": "1511928242963727",
                "display_name": "default resource group",
                "id": "rg-acfmzaq3ypaqkdy",
                "name": "default",
                "region_statuses": [],
                "resource_group_name": "default",
                "status": "OK"
              },
              {
                "account_id": "1511928242963727",
                "display_name": "tf-test-sli",
                "id": "rg-aek2xl5qajpkquq",
                "name": "tf-test-sli",
                "region_statuses": [],
                "resource_group_name": "tf-test-sli",
                "status": "OK"
              },
              {
                "account_id": "1511928242963727",
                "display_name": "tf-testAcc-rg439",
                "id": "rg-aek2d5wgu2mjhtq",
                "name": "tf-testacceu-central-1vpcflowlog762812-rg-aek2d5wgu2mjhtq-20240412",
                "region_statuses": [],
                "resource_group_name": "tf-testacceu-central-1vpcflowlog762812-rg-aek2d5wgu2mjhtq-20240412",
                "status": "PendingDelete"
              },
              {
                "account_id": "1511928242963727",
                "display_name": "tf-testAcc-rg356",
                "id": "rg-aekzkmpwdh3bv2a",
                "name": "tf-testacceu-central-1vpcflowlog76281-rg-aekzkmpwdh3bv2a-20240412",
                "region_statuses": [],
                "resource_group_name": "tf-testacceu-central-1vpcflowlog76281-rg-aekzkmpwdh3bv2a-20240412",
                "status": "PendingDelete"
              },
              {
                "account_id": "1511928242963727",
                "display_name": "tf-testAcc-rg356",
                "id": "rg-aekzl2h43jgejia",
                "name": "tf-testacceu-central-1vpcflowlog47852-rg-aekzl2h43jgejia-20240412",
                "region_statuses": [],
                "resource_group_name": "tf-testacceu-central-1vpcflowlog47852-rg-aekzl2h43jgejia-20240412",
                "status": "PendingDelete"
              },
              {
                "account_id": "1511928242963727",
                "display_name": "tf-testAcc-rg439",
                "id": "rg-aek2ynni5x2gagq",
                "name": "tf-testacceu-central-1vpcflowlog478522-rg-aek2ynni5x2gagq-20240412",
                "region_statuses": [],
                "resource_group_name": "tf-testacceu-central-1vpcflowlog478522-rg-aek2ynni5x2gagq-20240412",
                "status": "PendingDelete"
              },
              {
                "account_id": "1511928242963727",
                "display_name": "tf-testAcc-rg439",
                "id": "rg-aekzbwrgsvupk6q",
                "name": "tf-testacceu-central-1vpcflowlog390452-rg-aekzbwrgsvupk6q-20240412",
                "region_statuses": [],
                "resource_group_name": "tf-testacceu-central-1vpcflowlog390452-rg-aekzbwrgsvupk6q-20240412",
                "status": "PendingDelete"
              },
              {
                "account_id": "1511928242963727",
                "display_name": "tf-testAcc-rg356",
                "id": "rg-aekzxawtve56wyi",
                "name": "tf-testacceu-central-1vpcflowlog39045-rg-aekzxawtve56wyi-20240412",
                "region_statuses": [],
                "resource_group_name": "tf-testacceu-central-1vpcflowlog39045-rg-aekzxawtve56wyi-20240412",
                "status": "PendingDelete"
              },
              {
                "account_id": "1511928242963727",
                "display_name": "tf-testacc-chenyi",
                "id": "rg-aekzik6i4xsrata",
                "name": "tf-testacceu-central-1VpcPrefixList12822-rg-aekzik6i4xsrata-20240412",
                "region_statuses": [],
                "resource_group_name": "tf-testacceu-central-1VpcPrefixList12822-rg-aekzik6i4xsrata-20240412",
                "status": "PendingDelete"
              },
              {
                "account_id": "1511928242963727",
                "display_name": "tf-testacc-chenyi-change",
                "id": "rg-aekz6je5pyeww5a",
                "name": "tf-testacceu-central-1VpcPrefixList128221-rg-aekz6je5pyeww5a-20240412",
                "region_statuses": [],
                "resource_group_name": "tf-testacceu-central-1VpcPrefixList128221-rg-aekz6je5pyeww5a-20240412",
                "status": "PendingDelete"
              },
              {
                "account_id": "1511928242963727",
                "display_name": "tf-testacc-chenyi-change",
                "id": "rg-aek2t2rfhmipgra",
                "name": "tf-testacceu-central-1VpcPrefixList875971-rg-aek2t2rfhmipgra-20240412",
                "region_statuses": [],
                "resource_group_name": "tf-testacceu-central-1VpcPrefixList875971-rg-aek2t2rfhmipgra-20240412",
                "status": "PendingDelete"
              },
              {
                "account_id": "1511928242963727",
                "display_name": "tf-testacc-chenyi",
                "id": "rg-aek2d2mj4fca3mi",
                "name": "tf-testacceu-central-1VpcPrefixList87597-rg-aek2d2mj4fca3mi-20240412",
                "region_statuses": [],
                "resource_group_name": "tf-testacceu-central-1VpcPrefixList87597-rg-aek2d2mj4fca3mi-20240412",
                "status": "PendingDelete"
              },
              {
                "account_id": "1511928242963727",
                "display_name": "tf-testacc-chenyi-change",
                "id": "rg-aeky676c22u5t5y",
                "name": "tf-testacceu-central-1VpcPrefixList279171-rg-aeky676c22u5t5y-20240412",
                "region_statuses": [],
                "resource_group_name": "tf-testacceu-central-1VpcPrefixList279171-rg-aeky676c22u5t5y-20240412",
                "status": "PendingDelete"
              },
              {
                "account_id": "1511928242963727",
                "display_name": "tf-testacc-chenyi",
                "id": "rg-aek2rsv5krtqe4y",
                "name": "tf-testacceu-central-1VpcPrefixList27917-rg-aek2rsv5krtqe4y-20240412",
                "region_statuses": [],
                "resource_group_name": "tf-testacceu-central-1VpcPrefixList27917-rg-aek2rsv5krtqe4y-20240412",
                "status": "PendingDelete"
              },
              {
                "account_id": "1511928242963727",
                "display_name": "tf-testAcc-rg254",
                "id": "rg-aek2irx6e4qvdga",
                "name": "tf-testacceu-central-1vpcipv4gateway44038-rg-aek2irx6e4qvdga-20240412",
                "region_statuses": [],
                "resource_group_name": "tf-testacceu-central-1vpcipv4gateway44038-rg-aek2irx6e4qvdga-20240412",
                "status": "PendingDelete"
              },
              {
                "account_id": "1511928242963727",
                "display_name": "tf-testAcc-rg426",
                "id": "rg-aekzyugfdm3oo6y",
                "name": "tf-testacceu-central-1vpcipv4gateway440381-rg-aekzyugfdm3oo6y-20240412",
                "region_statuses": [],
                "resource_group_name": "tf-testacceu-central-1vpcipv4gateway440381-rg-aekzyugfdm3oo6y-20240412",
                "status": "PendingDelete"
              },
              {
                "account_id": "1511928242963727",
                "display_name": "tf-testAcc-rg254",
                "id": "rg-aeky5vfwxlvagya",
                "name": "tf-testacceu-central-1vpcipv4gateway55412-rg-aeky5vfwxlvagya-20240412",
                "region_statuses": [],
                "resource_group_name": "tf-testacceu-central-1vpcipv4gateway55412-rg-aeky5vfwxlvagya-20240412",
                "status": "PendingDelete"
              },
              {
                "account_id": "1511928242963727",
                "display_name": "tf-testAcc-rg426",
                "id": "rg-aek2xbw4c6ugryy",
                "name": "tf-testacceu-central-1vpcipv4gateway554121-rg-aek2xbw4c6ugryy-20240412",
                "region_statuses": [],
                "resource_group_name": "tf-testacceu-central-1vpcipv4gateway554121-rg-aek2xbw4c6ugryy-20240412",
                "status": "PendingDelete"
              },
              {
                "account_id": "1511928242963727",
                "display_name": "tf-testAcc-rg426",
                "id": "rg-aek2s7t5u6ci6va",
                "name": "tf-testacceu-central-1vpcipv4gateway636991-rg-aek2s7t5u6ci6va-20240412",
                "region_statuses": [],
                "resource_group_name": "tf-testacceu-central-1vpcipv4gateway636991-rg-aek2s7t5u6ci6va-20240412",
                "status": "PendingDelete"
              },
              {
                "account_id": "1511928242963727",
                "display_name": "tf-testAcc-rg254",
                "id": "rg-aek3aau3bcfvc4q",
                "name": "tf-testacceu-central-1vpcipv4gateway63699-rg-aek3aau3bcfvc4q-20240412",
                "region_statuses": [],
                "resource_group_name": "tf-testacceu-central-1vpcipv4gateway63699-rg-aek3aau3bcfvc4q-20240412",
                "status": "PendingDelete"
              },
              {
                "account_id": "1511928242963727",
                "display_name": "testname04",
                "id": "rg-aekz52fcjohohoi",
                "name": "tf-testacceu-central-1vpctrafficmirrorfilter199401-rg-aekz52fcjohohoi-20240412",
                "region_statuses": [],
                "resource_group_name": "tf-testacceu-central-1vpctrafficmirrorfilter199401-rg-aekz52fcjohohoi-20240412",
                "status": "PendingDelete"
              },
              {
                "account_id": "1511928242963727",
                "display_name": "testname03",
                "id": "rg-aek26u3ytplzaci",
                "name": "tf-testacceu-central-1vpctrafficmirrorfilter19940-rg-aek26u3ytplzaci-20240412",
                "region_statuses": [],
                "resource_group_name": "tf-testacceu-central-1vpctrafficmirrorfilter19940-rg-aek26u3ytplzaci-20240412",
                "status": "PendingDelete"
              },
              {
                "account_id": "1511928242963727",
                "display_name": "testname04",
                "id": "rg-aekzmxc236icqui",
                "name": "tf-testacceu-central-1vpctrafficmirrorfilter498751-rg-aekzmxc236icqui-20240412",
                "region_statuses": [],
                "resource_group_name": "tf-testacceu-central-1vpctrafficmirrorfilter498751-rg-aekzmxc236icqui-20240412",
                "status": "PendingDelete"
              },
              {
                "account_id": "1511928242963727",
                "display_name": "testname03",
                "id": "rg-aekz65yldenj55q",
                "name": "tf-testacceu-central-1vpctrafficmirrorfilter49875-rg-aekz65yldenj55q-20240412",
                "region_statuses": [],
                "resource_group_name": "tf-testacceu-central-1vpctrafficmirrorfilter49875-rg-aekz65yldenj55q-20240412",
                "status": "PendingDelete"
              },
              {
                "account_id": "1511928242963727",
                "display_name": "testname04",
                "id": "rg-aek2scqfhonaira",
                "name": "tf-testacceu-central-1vpctrafficmirrorfilter779191-rg-aek2scqfhonaira-20240412",
                "region_statuses": [],
                "resource_group_name": "tf-testacceu-central-1vpctrafficmirrorfilter779191-rg-aek2scqfhonaira-20240412",
                "status": "PendingDelete"
              },
              {
                "account_id": "1511928242963727",
                "display_name": "testname03",
                "id": "rg-aek3c236a7s33oq",
                "name": "tf-testacceu-central-1vpctrafficmirrorfilter77919-rg-aek3c236a7s33oq-20240412",
                "region_statuses": [],
                "resource_group_name": "tf-testacceu-central-1vpctrafficmirrorfilter77919-rg-aek3c236a7s33oq-20240412",
                "status": "PendingDelete"
              },
              {
                "account_id": "1511928242963727",
                "display_name": "tf-testacc-ipv6gateway463",
                "id": "rg-aekzg326pikklea",
                "name": "tf-testacceu-central-1vpcipv6gateway198762-rg-aekzg326pikklea-20240412",
                "region_statuses": [],
                "resource_group_name": "tf-testacceu-central-1vpcipv6gateway198762-rg-aekzg326pikklea-20240412",
                "status": "PendingDelete"
              },
              {
                "account_id": "1511928242963727",
                "display_name": "tf-testacc-ipv6gateway258",
                "id": "rg-aek2krbs4r523di",
                "name": "tf-testacceu-central-1vpcipv6gateway198761-rg-aek2krbs4r523di-20240412",
                "region_statuses": [],
                "resource_group_name": "tf-testacceu-central-1vpcipv6gateway198761-rg-aek2krbs4r523di-20240412",
                "status": "PendingDelete"
              },
              {
                "account_id": "1511928242963727",
                "display_name": "tf-testacc-ipv6gateway463",
                "id": "rg-aekzntfre3vx6ha",
                "name": "tf-testacceu-central-1vpcipv6gateway850802-rg-aekzntfre3vx6ha-20240412",
                "region_statuses": [],
                "resource_group_name": "tf-testacceu-central-1vpcipv6gateway850802-rg-aekzntfre3vx6ha-20240412",
                "status": "PendingDelete"
              },
              {
                "account_id": "1511928242963727",
                "display_name": "tf-testacc-ipv6gateway258",
                "id": "rg-aekzvdcss4x3oji",
                "name": "tf-testacceu-central-1vpcipv6gateway850801-rg-aekzvdcss4x3oji-20240412",
                "region_statuses": [],
                "resource_group_name": "tf-testacceu-central-1vpcipv6gateway850801-rg-aekzvdcss4x3oji-20240412",
                "status": "PendingDelete"
              },
              {
                "account_id": "1511928242963727",
                "display_name": "tf-testacc-ipv6gateway258",
                "id": "rg-aekzz5wvldr6p6y",
                "name": "tf-testacceu-central-1vpcipv6gateway653941-rg-aekzz5wvldr6p6y-20240412",
                "region_statuses": [],
                "resource_group_name": "tf-testacceu-central-1vpcipv6gateway653941-rg-aekzz5wvldr6p6y-20240412",
                "status": "PendingDelete"
              },
              {
                "account_id": "1511928242963727",
                "display_name": "tf-testacc-ipv6gateway463",
                "id": "rg-aek24xsqsbsfaii",
                "name": "tf-testacceu-central-1vpcipv6gateway653942-rg-aek24xsqsbsfaii-20240412",
                "region_statuses": [],
                "resource_group_name": "tf-testacceu-central-1vpcipv6gateway653942-rg-aek24xsqsbsfaii-20240412",
                "status": "PendingDelete"
              },
              {
                "account_id": "1511928242963727",
                "display_name": "tfexample",
                "id": "rg-aek2yopurgpy6dq",
                "name": "tfexample-rg-aek2yopurgpy6dq-20240413",
                "region_statuses": [],
                "resource_group_name": "tfexample-rg-aek2yopurgpy6dq-20240413",
                "status": "PendingDelete"
              },
              {
                "account_id": "1511928242963727",
                "display_name": "testname03",
                "id": "rg-aek3ay5lalv5f5y",
                "name": "terraform-example-rg-aek3ay5lalv5f5y-20240413",
                "region_statuses": [],
                "resource_group_name": "terraform-example-rg-aek3ay5lalv5f5y-20240413",
                "status": "PendingDelete"
              },
              {
                "account_id": "1511928242963727",
                "display_name": "testname04",
                "id": "rg-aek2n4ykdpczdfi",
                "name": "terraform-example1-rg-aek2n4ykdpczdfi-20240413",
                "region_statuses": [],
                "resource_group_name": "terraform-example1-rg-aek2n4ykdpczdfi-20240413",
                "status": "PendingDelete"
              },
              {
                "account_id": "1511928242963727",
                "display_name": "tf-testAcc-rg665",
                "id": "rg-aekzsj5nayydoxa",
                "name": "tf-testacc-example-rg-aekzsj5nayydoxa-20240413",
                "region_statuses": [],
                "resource_group_name": "tf-testacc-example-rg-aekzsj5nayydoxa-20240413",
                "status": "PendingDelete"
              },
              {
                "account_id": "1511928242963727",
                "display_name": "tf-testAcc-rg298",
                "id": "rg-aek2yl3t7bfplqa",
                "name": "tf-testacc-example1-rg-aek2yl3t7bfplqa-20240413",
                "region_statuses": [],
                "resource_group_name": "tf-testacc-example1-rg-aek2yl3t7bfplqa-20240413",
                "status": "PendingDelete"
              },
              {
                "account_id": "1511928242963727",
                "display_name": "tf-testacc-ipv6gateway503",
                "id": "rg-aekztgb67ydkg6q",
                "name": "tf-testacc-example1-rg-aekztgb67ydkg6q-20240413",
                "region_statuses": [],
                "resource_group_name": "tf-testacc-example1-rg-aekztgb67ydkg6q-20240413",
                "status": "PendingDelete"
              },
              {
                "account_id": "1511928242963727",
                "display_name": "tf-testacc-ipv6gateway311",
                "id": "rg-aek2ki55ohejcwa",
                "name": "tf-testacc-example2-rg-aek2ki55ohejcwa-20240413",
                "region_statuses": [],
                "resource_group_name": "tf-testacc-example2-rg-aek2ki55ohejcwa-20240413",
                "status": "PendingDelete"
              },
              {
                "account_id": "1511928242963727",
                "display_name": "tf-testacc-rg819",
                "id": "rg-aekzta6qetvr3zy",
                "name": "tf-testacc-example2-rg-aekzta6qetvr3zy-20240413",
                "region_statuses": [],
                "resource_group_name": "tf-testacc-example2-rg-aekzta6qetvr3zy-20240413",
                "status": "PendingDelete"
              },
              {
                "account_id": "1511928242963727",
                "display_name": "tf-testacc-changerg670",
                "id": "rg-aek3bncxe3seauy",
                "name": "tf-testacc-example3-rg-aek3bncxe3seauy-20240413",
                "region_statuses": [],
                "resource_group_name": "tf-testacc-example3-rg-aek3bncxe3seauy-20240413",
                "status": "PendingDelete"
              },
              {
                "account_id": "1511928242963727",
                "display_name": "tf-testacc-chenyi",
                "id": "rg-aeky47ykbnrhi4a",
                "name": "tf-testacc-example-rg-aeky47ykbnrhi4a-20240413",
                "region_statuses": [],
                "resource_group_name": "tf-testacc-example-rg-aeky47ykbnrhi4a-20240413",
                "status": "PendingDelete"
              },
              {
                "account_id": "1511928242963727",
                "display_name": "tf-testacc-chenyi-change",
                "id": "rg-aek2vw2jkjliwoi",
                "name": "tf-testacc-example1-rg-aek2vw2jkjliwoi-20240413",
                "region_statuses": [],
                "resource_group_name": "tf-testacc-example1-rg-aek2vw2jkjliwoi-20240413",
                "status": "PendingDelete"
              },
              {
                "account_id": "1511928242963727",
                "display_name": "tf-testacceu-central-1ConfigRule9399-0",
                "id": "rg-aek2jzu27nh3kca",
                "name": "tf-testacceu-central-1ConfigRule9399-0-rg-aek2jzu27nh3kca-20240413",
                "region_statuses": [],
                "resource_group_name": "tf-testacceu-central-1ConfigRule9399-0-rg-aek2jzu27nh3kca-20240413",
                "status": "PendingDelete"
              },
              {
                "account_id": "1511928242963727",
                "display_name": "tf-testacceu-central-1ConfigRule9399-1",
                "id": "rg-aek2ybwffqqg3ga",
                "name": "tf-testacceu-central-1ConfigRule9399-1-rg-aek2ybwffqqg3ga-20240413",
                "region_statuses": [],
                "resource_group_name": "tf-testacceu-central-1ConfigRule9399-1-rg-aek2ybwffqqg3ga-20240413",
                "status": "PendingDelete"
              },
              {
                "account_id": "1511928242963727",
                "display_name": "tf-testacceu-central-1ConfigRule67786-1",
                "id": "rg-aeky446t6mbzr5y",
                "name": "tf-testacceu-central-1ConfigRule67786-1-rg-aeky446t6mbzr5y-20240413",
                "region_statuses": [],
                "resource_group_name": "tf-testacceu-central-1ConfigRule67786-1-rg-aeky446t6mbzr5y-20240413",
                "status": "PendingDelete"
              },
              {
                "account_id": "1511928242963727",
                "display_name": "tf-testacceu-central-1ConfigRule67786-0",
                "id": "rg-aek2hxaf7ifqqhi",
                "name": "tf-testacceu-central-1ConfigRule67786-0-rg-aek2hxaf7ifqqhi-20240413",
                "region_statuses": [],
                "resource_group_name": "tf-testacceu-central-1ConfigRule67786-0-rg-aek2hxaf7ifqqhi-20240413",
                "status": "PendingDelete"
              },
              {
                "account_id": "1511928242963727",
                "display_name": "tf-testacceu-central-1ConfigRule76185-0",
                "id": "rg-aekzvzs3fuv74lq",
                "name": "tf-testacceu-central-1ConfigRule76185-0-rg-aekzvzs3fuv74lq-20240413",
                "region_statuses": [],
                "resource_group_name": "tf-testacceu-central-1ConfigRule76185-0-rg-aekzvzs3fuv74lq-20240413",
                "status": "PendingDelete"
              },
              {
                "account_id": "1511928242963727",
                "display_name": "tf-testacceu-central-1ConfigRule76185-1",
                "id": "rg-aekzr6cttzy632q",
                "name": "tf-testacceu-central-1ConfigRule76185-1-rg-aekzr6cttzy632q-20240413",
                "region_statuses": [],
                "resource_group_name": "tf-testacceu-central-1ConfigRule76185-1-rg-aekzr6cttzy632q-20240413",
                "status": "PendingDelete"
              },
              {
                "account_id": "1511928242963727",
                "display_name": "test04",
                "id": "rg-aek2njghgosgukq",
                "name": "tf-testacceu-central-1cbwpcp320401-rg-aek2njghgosgukq-20240414",
                "region_statuses": [],
                "resource_group_name": "tf-testacceu-central-1cbwpcp320401-rg-aek2njghgosgukq-20240414",
                "status": "PendingDelete"
              },
              {
                "account_id": "1511928242963727",
                "display_name": "test03",
                "id": "rg-aekzxokvjtqhxsq",
                "name": "tf-testacceu-central-1cbwpcp32040-rg-aekzxokvjtqhxsq-20240414",
                "region_statuses": [],
                "resource_group_name": "tf-testacceu-central-1cbwpcp32040-rg-aekzxokvjtqhxsq-20240414",
                "status": "PendingDelete"
              },
              {
                "account_id": "1511928242963727",
                "display_name": "test03",
                "id": "rg-aekz2pbrzs22aiq",
                "name": "tf-testacceu-central-1cbwpcp14316-rg-aekz2pbrzs22aiq-20240414",
                "region_statuses": [],
                "resource_group_name": "tf-testacceu-central-1cbwpcp14316-rg-aekz2pbrzs22aiq-20240414",
                "status": "PendingDelete"
              },
              {
                "account_id": "1511928242963727",
                "display_name": "test04",
                "id": "rg-aek2dnkpwoe5hci",
                "name": "tf-testacceu-central-1cbwpcp143161-rg-aek2dnkpwoe5hci-20240414",
                "region_statuses": [],
                "resource_group_name": "tf-testacceu-central-1cbwpcp143161-rg-aek2dnkpwoe5hci-20240414",
                "status": "PendingDelete"
              },
              {
                "account_id": "1511928242963727",
                "display_name": "test04",
                "id": "rg-aekzpiu3lbrktdi",
                "name": "tf-testacceu-central-1cbwpcp213531-rg-aekzpiu3lbrktdi-20240414",
                "region_statuses": [],
                "resource_group_name": "tf-testacceu-central-1cbwpcp213531-rg-aekzpiu3lbrktdi-20240414",
                "status": "PendingDelete"
              },
              {
                "account_id": "1511928242963727",
                "display_name": "test03",
                "id": "rg-aek2ijbae5qtioq",
                "name": "tf-testacceu-central-1cbwpcp21353-rg-aek2ijbae5qtioq-20240414",
                "region_statuses": [],
                "resource_group_name": "tf-testacceu-central-1cbwpcp21353-rg-aek2ijbae5qtioq-20240414",
                "status": "PendingDelete"
              },
              {
                "account_id": "1511928242963727",
                "display_name": "tf-testAcceu-central-1AlicloudCmsMonitorGroup86005",
                "id": "rg-aek2erhleej3p5i",
                "name": "tf-testAcceu-central-1AlicloudCmsMonitorGroup86005-rg-aek2erhleej3p5i-20240414",
                "region_statuses": [],
                "resource_group_name": "tf-testAcceu-central-1AlicloudCmsMonitorGroup86005-rg-aek2erhleej3p5i-20240414",
                "status": "PendingDelete"
              },
              {
                "account_id": "1511928242963727",
                "display_name": "tf-testacc-rg7760356update",
                "id": "rg-aek2dqskuxedhci",
                "name": "tf-testacc-rg7760356-rg-aek2dqskuxedhci-20240414",
                "region_statuses": [],
                "resource_group_name": "tf-testacc-rg7760356-rg-aek2dqskuxedhci-20240414",
                "status": "PendingDelete"
              },
              {
                "account_id": "1511928242963727",
                "display_name": "tf-testacc-rg2089594",
                "id": "rg-aek2axx4x3cobiy",
                "name": "tf-testacc-rg2089594-rg-aek2axx4x3cobiy-20240414",
                "region_statuses": [],
                "resource_group_name": "tf-testacc-rg2089594-rg-aek2axx4x3cobiy-20240414",
                "status": "PendingDelete"
              },
              {
                "account_id": "1511928242963727",
                "display_name": "tf-testacc-rg840867",
                "id": "rg-aekzmpmpwb27n6y",
                "name": "tf-testacc-rg840867-rg-aekzmpmpwb27n6y-20240414",
                "region_statuses": [],
                "resource_group_name": "tf-testacc-rg840867-rg-aekzmpmpwb27n6y-20240414",
                "status": "PendingDelete"
              },
              {
                "account_id": "1511928242963727",
                "display_name": "tf-testacc-rg2506811update",
                "id": "rg-aekzsqod7xqb74y",
                "name": "tf-testacc-rg2506811-rg-aekzsqod7xqb74y-20240414",
                "region_statuses": [],
                "resource_group_name": "tf-testacc-rg2506811-rg-aekzsqod7xqb74y-20240414",
                "status": "PendingDelete"
              },
              {
                "account_id": "1511928242963727",
                "display_name": "tf-testacc-rg2533355",
                "id": "rg-aek2whcyzkuja6a",
                "name": "tf-testacc-rg2533355-rg-aek2whcyzkuja6a-20240414",
                "region_statuses": [],
                "resource_group_name": "tf-testacc-rg2533355-rg-aek2whcyzkuja6a-20240414",
                "status": "PendingDelete"
              },
              {
                "account_id": "1511928242963727",
                "display_name": "tf-testacc-rg8034089",
                "id": "rg-aek2kp7dc6q7ojq",
                "name": "tf-testacc-rg8034089-rg-aek2kp7dc6q7ojq-20240414",
                "region_statuses": [],
                "resource_group_name": "tf-testacc-rg8034089-rg-aek2kp7dc6q7ojq-20240414",
                "status": "PendingDelete"
              },
              {
                "account_id": "1511928242963727",
                "display_name": "tf-testacc-rg1743447",
                "id": "rg-aek2htjlyow5ryq",
                "name": "tf-testacc-rg1743447",
                "region_statuses": [],
                "resource_group_name": "tf-testacc-rg1743447",
                "status": "OK"
              },
              {
                "account_id": "1511928242963727",
                "display_name": "tf-testacc-rg4997699",
                "id": "rg-aekztoxc3hpsf6y",
                "name": "tf-testacc-rg4997699-rg-aekztoxc3hpsf6y-20240415",
                "region_statuses": [],
                "resource_group_name": "tf-testacc-rg4997699-rg-aekztoxc3hpsf6y-20240415",
                "status": "PendingDelete"
              },
              {
                "account_id": "1511928242963727",
                "display_name": "tf-testacc-rg7803665",
                "id": "rg-aek2mnjy64vhcja",
                "name": "tf-testacc-rg7803665-rg-aek2mnjy64vhcja-20240415",
                "region_statuses": [],
                "resource_group_name": "tf-testacc-rg7803665-rg-aek2mnjy64vhcja-20240415",
                "status": "PendingDelete"
              },
              {
                "account_id": "1511928242963727",
                "display_name": "tf-testacc-rg5738459",
                "id": "rg-aek3djv2wrvawsi",
                "name": "tf-testacc-rg5738459-rg-aek3djv2wrvawsi-20240415",
                "region_statuses": [],
                "resource_group_name": "tf-testacc-rg5738459-rg-aek3djv2wrvawsi-20240415",
                "status": "PendingDelete"
              },
              {
                "account_id": "1511928242963727",
                "display_name": "tf-testacc-rg2813109",
                "id": "rg-aekzb6gpspt32zy",
                "name": "tf-testacc-rg2813109-rg-aekzb6gpspt32zy-20240415",
                "region_statuses": [],
                "resource_group_name": "tf-testacc-rg2813109-rg-aekzb6gpspt32zy-20240415",
                "status": "PendingDelete"
              }
            ],
            "id": "2828591820",
            "ids": [
              "rg-acfmzaq3ypaqkdy",
              "rg-aek2xl5qajpkquq",
              "rg-aek2d5wgu2mjhtq",
              "rg-aekzkmpwdh3bv2a",
              "rg-aekzl2h43jgejia",
              "rg-aek2ynni5x2gagq",
              "rg-aekzbwrgsvupk6q",
              "rg-aekzxawtve56wyi",
              "rg-aekzik6i4xsrata",
              "rg-aekz6je5pyeww5a",
              "rg-aek2t2rfhmipgra",
              "rg-aek2d2mj4fca3mi",
              "rg-aeky676c22u5t5y",
              "rg-aek2rsv5krtqe4y",
              "rg-aek2irx6e4qvdga",
              "rg-aekzyugfdm3oo6y",
              "rg-aeky5vfwxlvagya",
              "rg-aek2xbw4c6ugryy",
              "rg-aek2s7t5u6ci6va",
              "rg-aek3aau3bcfvc4q",
              "rg-aekz52fcjohohoi",
              "rg-aek26u3ytplzaci",
              "rg-aekzmxc236icqui",
              "rg-aekz65yldenj55q",
              "rg-aek2scqfhonaira",
              "rg-aek3c236a7s33oq",
              "rg-aekzg326pikklea",
              "rg-aek2krbs4r523di",
              "rg-aekzntfre3vx6ha",
              "rg-aekzvdcss4x3oji",
              "rg-aekzz5wvldr6p6y",
              "rg-aek24xsqsbsfaii",
              "rg-aek2yopurgpy6dq",
              "rg-aek3ay5lalv5f5y",
              "rg-aek2n4ykdpczdfi",
              "rg-aekzsj5nayydoxa",
              "rg-aek2yl3t7bfplqa",
              "rg-aekztgb67ydkg6q",
              "rg-aek2ki55ohejcwa",
              "rg-aekzta6qetvr3zy",
              "rg-aek3bncxe3seauy",
              "rg-aeky47ykbnrhi4a",
              "rg-aek2vw2jkjliwoi",
              "rg-aek2jzu27nh3kca",
              "rg-aek2ybwffqqg3ga",
              "rg-aeky446t6mbzr5y",
              "rg-aek2hxaf7ifqqhi",
              "rg-aekzvzs3fuv74lq",
              "rg-aekzr6cttzy632q",
              "rg-aek2njghgosgukq",
              "rg-aekzxokvjtqhxsq",
              "rg-aekz2pbrzs22aiq",
              "rg-aek2dnkpwoe5hci",
              "rg-aekzpiu3lbrktdi",
              "rg-aek2ijbae5qtioq",
              "rg-aek2erhleej3p5i",
              "rg-aek2dqskuxedhci",
              "rg-aek2axx4x3cobiy",
              "rg-aekzmpmpwb27n6y",
              "rg-aekzsqod7xqb74y",
              "rg-aek2whcyzkuja6a",
              "rg-aek2kp7dc6q7ojq",
              "rg-aek2htjlyow5ryq",
              "rg-aekztoxc3hpsf6y",
              "rg-aek2mnjy64vhcja",
              "rg-aek3djv2wrvawsi",
              "rg-aekzb6gpspt32zy"
            ],
            "name_regex": null,
            "names": [
              "default",
              "tf-test-sli",
              "tf-testacceu-central-1vpcflowlog762812-rg-aek2d5wgu2mjhtq-20240412",
              "tf-testacceu-central-1vpcflowlog76281-rg-aekzkmpwdh3bv2a-20240412",
              "tf-testacceu-central-1vpcflowlog47852-rg-aekzl2h43jgejia-20240412",
              "tf-testacceu-central-1vpcflowlog478522-rg-aek2ynni5x2gagq-20240412",
              "tf-testacceu-central-1vpcflowlog390452-rg-aekzbwrgsvupk6q-20240412",
              "tf-testacceu-central-1vpcflowlog39045-rg-aekzxawtve56wyi-20240412",
              "tf-testacceu-central-1VpcPrefixList12822-rg-aekzik6i4xsrata-20240412",
              "tf-testacceu-central-1VpcPrefixList128221-rg-aekz6je5pyeww5a-20240412",
              "tf-testacceu-central-1VpcPrefixList875971-rg-aek2t2rfhmipgra-20240412",
              "tf-testacceu-central-1VpcPrefixList87597-rg-aek2d2mj4fca3mi-20240412",
              "tf-testacceu-central-1VpcPrefixList279171-rg-aeky676c22u5t5y-20240412",
              "tf-testacceu-central-1VpcPrefixList27917-rg-aek2rsv5krtqe4y-20240412",
              "tf-testacceu-central-1vpcipv4gateway44038-rg-aek2irx6e4qvdga-20240412",
              "tf-testacceu-central-1vpcipv4gateway440381-rg-aekzyugfdm3oo6y-20240412",
              "tf-testacceu-central-1vpcipv4gateway55412-rg-aeky5vfwxlvagya-20240412",
              "tf-testacceu-central-1vpcipv4gateway554121-rg-aek2xbw4c6ugryy-20240412",
              "tf-testacceu-central-1vpcipv4gateway636991-rg-aek2s7t5u6ci6va-20240412",
              "tf-testacceu-central-1vpcipv4gateway63699-rg-aek3aau3bcfvc4q-20240412",
              "tf-testacceu-central-1vpctrafficmirrorfilter199401-rg-aekz52fcjohohoi-20240412",
              "tf-testacceu-central-1vpctrafficmirrorfilter19940-rg-aek26u3ytplzaci-20240412",
              "tf-testacceu-central-1vpctrafficmirrorfilter498751-rg-aekzmxc236icqui-20240412",
              "tf-testacceu-central-1vpctrafficmirrorfilter49875-rg-aekz65yldenj55q-20240412",
              "tf-testacceu-central-1vpctrafficmirrorfilter779191-rg-aek2scqfhonaira-20240412",
              "tf-testacceu-central-1vpctrafficmirrorfilter77919-rg-aek3c236a7s33oq-20240412",
              "tf-testacceu-central-1vpcipv6gateway198762-rg-aekzg326pikklea-20240412",
              "tf-testacceu-central-1vpcipv6gateway198761-rg-aek2krbs4r523di-20240412",
              "tf-testacceu-central-1vpcipv6gateway850802-rg-aekzntfre3vx6ha-20240412",
              "tf-testacceu-central-1vpcipv6gateway850801-rg-aekzvdcss4x3oji-20240412",
              "tf-testacceu-central-1vpcipv6gateway653941-rg-aekzz5wvldr6p6y-20240412",
              "tf-testacceu-central-1vpcipv6gateway653942-rg-aek24xsqsbsfaii-20240412",
              "tfexample-rg-aek2yopurgpy6dq-20240413",
              "terraform-example-rg-aek3ay5lalv5f5y-20240413",
              "terraform-example1-rg-aek2n4ykdpczdfi-20240413",
              "tf-testacc-example-rg-aekzsj5nayydoxa-20240413",
              "tf-testacc-example1-rg-aek2yl3t7bfplqa-20240413",
              "tf-testacc-example1-rg-aekztgb67ydkg6q-20240413",
              "tf-testacc-example2-rg-aek2ki55ohejcwa-20240413",
              "tf-testacc-example2-rg-aekzta6qetvr3zy-20240413",
              "tf-testacc-example3-rg-aek3bncxe3seauy-20240413",
              "tf-testacc-example-rg-aeky47ykbnrhi4a-20240413",
              "tf-testacc-example1-rg-aek2vw2jkjliwoi-20240413",
              "tf-testacceu-central-1ConfigRule9399-0-rg-aek2jzu27nh3kca-20240413",
              "tf-testacceu-central-1ConfigRule9399-1-rg-aek2ybwffqqg3ga-20240413",
              "tf-testacceu-central-1ConfigRule67786-1-rg-aeky446t6mbzr5y-20240413",
              "tf-testacceu-central-1ConfigRule67786-0-rg-aek2hxaf7ifqqhi-20240413",
              "tf-testacceu-central-1ConfigRule76185-0-rg-aekzvzs3fuv74lq-20240413",
              "tf-testacceu-central-1ConfigRule76185-1-rg-aekzr6cttzy632q-20240413",
              "tf-testacceu-central-1cbwpcp320401-rg-aek2njghgosgukq-20240414",
              "tf-testacceu-central-1cbwpcp32040-rg-aekzxokvjtqhxsq-20240414",
              "tf-testacceu-central-1cbwpcp14316-rg-aekz2pbrzs22aiq-20240414",
              "tf-testacceu-central-1cbwpcp143161-rg-aek2dnkpwoe5hci-20240414",
              "tf-testacceu-central-1cbwpcp213531-rg-aekzpiu3lbrktdi-20240414",
              "tf-testacceu-central-1cbwpcp21353-rg-aek2ijbae5qtioq-20240414",
              "tf-testAcceu-central-1AlicloudCmsMonitorGroup86005-rg-aek2erhleej3p5i-20240414",
              "tf-testacc-rg7760356-rg-aek2dqskuxedhci-20240414",
              "tf-testacc-rg2089594-rg-aek2axx4x3cobiy-20240414",
              "tf-testacc-rg840867-rg-aekzmpmpwb27n6y-20240414",
              "tf-testacc-rg2506811-rg-aekzsqod7xqb74y-20240414",
              "tf-testacc-rg2533355-rg-aek2whcyzkuja6a-20240414",
              "tf-testacc-rg8034089-rg-aek2kp7dc6q7ojq-20240414",
              "tf-testacc-rg1743447",
              "tf-testacc-rg4997699-rg-aekztoxc3hpsf6y-20240415",
              "tf-testacc-rg7803665-rg-aek2mnjy64vhcja-20240415",
              "tf-testacc-rg5738459-rg-aek3djv2wrvawsi-20240415",
              "tf-testacc-rg2813109-rg-aekzb6gpspt32zy-20240415"
            ],
            "output_file": null,
            "status": null
          },
          "sensitive_attributes": []
        }
      ]
    },
    {
      "mode": "managed",
      "type": "alicloud_alb_acl",
      "name": "default",
      "provider": "provider[\"registry.terraform.io/aliyun/alicloud\"]",
      "instances": [
        {
          "schema_version": 0,
          "attributes": {
            "acl_entries": [],
            "acl_name": "tf_example",
            "dry_run": null,
            "id": "acl-kmav6y51mdhc21mhot",
            "resource_group_id": "rg-acfmzaq3ypaqkdy",
            "status": "Available",
            "tags": null,
            "timeouts": null
          },
          "sensitive_attributes": [],
          "private": "eyJlMmJmYjczMC1lY2FhLTExZTYtOGY4OC0zNDM2M2JjN2M0YzAiOnsiY3JlYXRlIjo5NjAwMDAwMDAwMDAsImRlbGV0ZSI6OTYwMDAwMDAwMDAwLCJ1cGRhdGUiOjk2MDAwMDAwMDAwMH19",
          "dependencies": [
            "data.alicloud_resource_manager_resource_groups.default"
          ]
        }
      ]
    },
    {
      "mode": "managed",
      "type": "alicloud_alb_acl_entry_attachment",
      "name": "default",
      "provider": "provider[\"registry.terraform.io/aliyun/alicloud\"]",
      "instances": [
        {
          "schema_version": 0,
          "attributes": {
            "acl_id": "acl-kmav6y51mdhc21mhot",
            "description": "tf_example",
            "entry": "10.0.0.0/24",
            "id": "acl-kmav6y51mdhc21mhot:10.0.0.0/24",
            "status": "Available",
            "timeouts": null
          },
          "sensitive_attributes": [],
          "private": "eyJlMmJmYjczMC1lY2FhLTExZTYtOGY4OC0zNDM2M2JjN2M0YzAiOnsiY3JlYXRlIjozMDAwMDAwMDAwMDAsImRlbGV0ZSI6MzAwMDAwMDAwMDAwfX0=",
          "dependencies": [
            "alicloud_alb_acl.default",
            "data.alicloud_resource_manager_resource_groups.default"
          ]
        }
      ]
    },
    {
      "mode": "managed",
      "type": "alicloud_alb_listener",
      "name": "default",
      "provider": "provider[\"registry.terraform.io/aliyun/alicloud\"]",
      "instances": [
        {
          "schema_version": 0,
          "attributes": {
            "access_log_record_customized_headers_enabled": false,
            "access_log_tracing_config": [],
            "acl_config": [],
            "certificates": [],
            "default_actions": [
              {
                "forward_group_config": [
                  {
                    "server_group_tuples": [
                      {
                        "server_group_id": "sgp-t4j77os61jcq23jria"
                      }
                    ]
                  }
                ],
                "type": "ForwardGroup"
              }
            ],
            "dry_run": null,
            "gzip_enabled": false,
            "http2_enabled": false,
            "id": "lsn-3psd10ru23oix970ni",
            "idle_timeout": 15,
            "listener_description": "tf_example",
            "listener_port": 80,
            "listener_protocol": "HTTP",
            "load_balancer_id": "alb-aeuqpsagl3tw9a4zyb",
            "quic_config": [],
            "request_timeout": 60,
            "security_policy_id": "",
            "status": "Running",
            "tags": null,
            "timeouts": null,
            "x_forwarded_for_config": [],
            "xforwarded_for_config": []
          },
          "sensitive_attributes": [],
          "private": "eyJlMmJmYjczMC1lY2FhLTExZTYtOGY4OC0zNDM2M2JjN2M0YzAiOnsiY3JlYXRlIjoxMjAwMDAwMDAwMDAsImRlbGV0ZSI6MTIwMDAwMDAwMDAwLCJ1cGRhdGUiOjEyMDAwMDAwMDAwMH19",
          "dependencies": [
            "alicloud_alb_load_balancer.default",
            "alicloud_alb_server_group.default",
            "alicloud_vpc.default",
            "alicloud_vswitch.default",
            "data.alicloud_alb_zones.default",
            "data.alicloud_resource_manager_resource_groups.default"
          ]
        }
      ]
    },
    {
      "mode": "managed",
      "type": "alicloud_alb_listener_acl_attachment",
      "name": "default",
      "provider": "provider[\"registry.terraform.io/aliyun/alicloud\"]",
      "instances": [
        {
          "schema_version": 0,
          "attributes": {
            "acl_id": "acl-kmav6y51mdhc21mhot",
            "acl_type": "White",
            "id": "lsn-3psd10ru23oix970ni:acl-kmav6y51mdhc21mhot",
            "listener_id": "lsn-3psd10ru23oix970ni",
            "status": "Associated",
            "timeouts": {
              "create": null,
              "delete": "20m"
            }
          },
          "sensitive_attributes": [],
          "private": "eyJlMmJmYjczMC1lY2FhLTExZTYtOGY4OC0zNDM2M2JjN2M0YzAiOnsiY3JlYXRlIjozMDAwMDAwMDAwMDAsImRlbGV0ZSI6MTIwMDAwMDAwMDAwMH19",
          "dependencies": [
            "alicloud_alb_acl.default",
            "alicloud_alb_listener.default",
            "alicloud_alb_load_balancer.default",
            "alicloud_alb_server_group.default",
            "alicloud_vpc.default",
            "alicloud_vswitch.default",
            "data.alicloud_alb_zones.default",
            "data.alicloud_resource_manager_resource_groups.default"
          ]
        }
      ]
    },
    {
      "mode": "managed",
      "type": "alicloud_alb_load_balancer",
      "name": "default",
      "provider": "provider[\"registry.terraform.io/aliyun/alicloud\"]",
      "instances": [
        {
          "schema_version": 0,
          "attributes": {
            "access_log_config": [],
            "address_allocated_mode": "Fixed",
            "address_ip_version": "Ipv4",
            "address_type": "Internet",
            "bandwidth_package_id": "",
            "create_time": "2024-04-15T07:33:16Z",
            "deletion_protection_enabled": null,
            "dns_name": "alb-aeuqpsagl3tw9a4zyb.eu-central-1.alb.aliyuncs.com",
            "dry_run": null,
            "id": "alb-aeuqpsagl3tw9a4zyb",
            "ipv6_address_type": "",
            "load_balancer_billing_config": [
              {
                "pay_type": "PayAsYouGo"
              }
            ],
            "load_balancer_edition": "Standard",
            "load_balancer_name": "tf_example",
            "modification_protection_config": [
              {
                "reason": "",
                "status": "NonProtection"
              }
            ],
            "resource_group_id": "rg-acfmzaq3ypaqkdy",
            "status": "Active",
            "tags": {
              "Created": "TF"
            },
            "timeouts": null,
            "vpc_id": "vpc-gw87fwy28c7mdia0kyvvk",
            "zone_mappings": [
              {
                "load_balancer_addresses": [
                  {
                    "address": "8.209.97.157",
                    "allocation_id": "eip-gw8ragert7e97j0ntm7s5",
                    "eip_type": "Common",
                    "ipv6_address": ""
                  }
                ],
                "vswitch_id": "vsw-gw8x86hcyn5h044kk9otf",
                "zone_id": "eu-central-1b"
              },
              {
                "load_balancer_addresses": [
                  {
                    "address": "8.211.41.153",
                    "allocation_id": "eip-gw8mlp0wlewn0kepppfse",
                    "eip_type": "Common",
                    "ipv6_address": ""
                  }
                ],
                "vswitch_id": "vsw-gw8lkh87cac91fisxd7wh",
                "zone_id": "eu-central-1a"
              }
            ]
          },
          "sensitive_attributes": [],
          "private": "eyJlMmJmYjczMC1lY2FhLTExZTYtOGY4OC0zNDM2M2JjN2M0YzAiOnsiY3JlYXRlIjozMDAwMDAwMDAwMDAsImRlbGV0ZSI6MzAwMDAwMDAwMDAwLCJ1cGRhdGUiOjMwMDAwMDAwMDAwMH19",
          "dependencies": [
            "alicloud_vpc.default",
            "alicloud_vswitch.default",
            "data.alicloud_alb_zones.default",
            "data.alicloud_resource_manager_resource_groups.default"
          ]
        }
      ]
    },
    {
      "mode": "managed",
      "type": "alicloud_alb_server_group",
      "name": "default",
      "provider": "provider[\"registry.terraform.io/aliyun/alicloud\"]",
      "instances": [
        {
          "schema_version": 0,
          "attributes": {
            "dry_run": null,
            "health_check_config": [
              {
                "health_check_codes": [
                  "http_2xx"
                ],
                "health_check_connect_port": 0,
                "health_check_enabled": false,
                "health_check_host": "$SERVER_IP",
                "health_check_http_version": "HTTP1.1",
                "health_check_interval": 2,
                "health_check_method": "HEAD",
                "health_check_path": "/",
                "health_check_protocol": "HTTP",
                "health_check_timeout": 5,
                "healthy_threshold": 3,
                "unhealthy_threshold": 3
              }
            ],
            "id": "sgp-t4j77os61jcq23jria",
            "protocol": "HTTP",
            "resource_group_id": "rg-acfmzaq3ypaqkdy",
            "scheduler": "Wrr",
            "server_group_name": "tf_example",
            "server_group_type": "Instance",
            "servers": [],
            "status": "Available",
            "sticky_session_config": [
              {
                "cookie": "",
                "cookie_timeout": 1000,
                "sticky_session_enabled": false,
                "sticky_session_type": "Insert"
              }
            ],
            "tags": {
              "Created": "TF"
            },
            "timeouts": null,
            "vpc_id": "vpc-gw87fwy28c7mdia0kyvvk"
          },
          "sensitive_attributes": [],
          "private": "eyJlMmJmYjczMC1lY2FhLTExZTYtOGY4OC0zNDM2M2JjN2M0YzAiOnsiY3JlYXRlIjozNjAwMDAwMDAwMDAsImRlbGV0ZSI6MzYwMDAwMDAwMDAwLCJ1cGRhdGUiOjM2MDAwMDAwMDAwMH19",
          "dependencies": [
            "alicloud_vpc.default",
            "data.alicloud_resource_manager_resource_groups.default"
          ]
        }
      ]
    },
    {
      "mode": "managed",
      "type": "alicloud_vpc",
      "name": "default",
      "provider": "provider[\"registry.terraform.io/aliyun/alicloud\"]",
      "instances": [
        {
          "schema_version": 0,
          "attributes": {
            "cidr_block": "10.4.0.0/16",
            "classic_link_enabled": false,
            "create_time": "2024-04-15T07:32:58Z",
            "description": "",
            "dry_run": null,
            "enable_ipv6": null,
            "id": "vpc-gw87fwy28c7mdia0kyvvk",
            "ipv6_cidr_block": "",
            "ipv6_cidr_blocks": [],
            "ipv6_isp": null,
            "name": "tf_example",
            "resource_group_id": "rg-acfmzaq3ypaqkdy",
            "route_table_id": "vtb-gw8am57819ls89kv08ogy",
            "router_id": "vrt-gw8rqk29yizvo7qe9espt",
            "router_table_id": "vtb-gw8am57819ls89kv08ogy",
            "secondary_cidr_blocks": [],
            "status": "Available",
            "tags": null,
            "timeouts": null,
            "user_cidrs": [],
            "vpc_name": "tf_example"
          },
          "sensitive_attributes": [],
          "private": "eyJlMmJmYjczMC1lY2FhLTExZTYtOGY4OC0zNDM2M2JjN2M0YzAiOnsiY3JlYXRlIjozMDAwMDAwMDAwMDAsImRlbGV0ZSI6MzAwMDAwMDAwMDAwLCJ1cGRhdGUiOjMwMDAwMDAwMDAwMH19"
        }
      ]
    },
    {
      "mode": "managed",
      "type": "alicloud_vswitch",
      "name": "default",
      "provider": "provider[\"registry.terraform.io/aliyun/alicloud\"]",
      "instances": [
        {
          "index_key": 0,
          "schema_version": 0,
          "attributes": {
            "availability_zone": "eu-central-1a",
            "cidr_block": "10.4.1.0/24",
            "create_time": "2024-04-15T07:33:03Z",
            "description": "",
            "enable_ipv6": null,
            "id": "vsw-gw8lkh87cac91fisxd7wh",
            "ipv6_cidr_block": "",
            "ipv6_cidr_block_mask": null,
            "name": "tf_example_1",
            "status": "Available",
            "tags": null,
            "timeouts": null,
            "vpc_id": "vpc-gw87fwy28c7mdia0kyvvk",
            "vswitch_name": "tf_example_1",
            "zone_id": "eu-central-1a"
          },
          "sensitive_attributes": [],
          "private": "eyJlMmJmYjczMC1lY2FhLTExZTYtOGY4OC0zNDM2M2JjN2M0YzAiOnsiY3JlYXRlIjozMDAwMDAwMDAwMDAsImRlbGV0ZSI6NjAwMDAwMDAwMDAwLCJ1cGRhdGUiOjMwMDAwMDAwMDAwMH19",
          "dependencies": [
            "alicloud_vpc.default",
            "data.alicloud_alb_zones.default"
          ]
        },
        {
          "index_key": 1,
          "schema_version": 0,
          "attributes": {
            "availability_zone": "eu-central-1b",
            "cidr_block": "10.4.2.0/24",
            "create_time": "2024-04-15T07:33:07Z",
            "description": "",
            "enable_ipv6": null,
            "id": "vsw-gw8x86hcyn5h044kk9otf",
            "ipv6_cidr_block": "",
            "ipv6_cidr_block_mask": null,
            "name": "tf_example_2",
            "status": "Available",
            "tags": null,
            "timeouts": null,
            "vpc_id": "vpc-gw87fwy28c7mdia0kyvvk",
            "vswitch_name": "tf_example_2",
            "zone_id": "eu-central-1b"
          },
          "sensitive_attributes": [],
          "private": "eyJlMmJmYjczMC1lY2FhLTExZTYtOGY4OC0zNDM2M2JjN2M0YzAiOnsiY3JlYXRlIjozMDAwMDAwMDAwMDAsImRlbGV0ZSI6NjAwMDAwMDAwMDAwLCJ1cGRhdGUiOjMwMDAwMDAwMDAwMH19",
          "dependencies": [
            "alicloud_vpc.default",
            "data.alicloud_alb_zones.default"
          ]
        }
      ]
    }
  ],
  "check_results": null
}
